// !$*UTF8*$!
{
	archiveVersion = 1;
	classes = {
	};
	objectVersion = 46;
	objects = {

/* Begin PBXBuildFile section */
		F04455971BDFBA7A00BFDA6E /* Images.xcassets in Resources */ = {isa = PBXBuildFile; fileRef = F04455961BDFBA7A00BFDA6E /* Images.xcassets */; };
		F04455A61BDFBA7A00BFDA6E /* __HDTests.m in Sources */ = {isa = PBXBuildFile; fileRef = F04455A51BDFBA7A00BFDA6E /* __HDTests.m */; };
		F05240C11BE0B0A80002CC18 /* categories.plist in Resources */ = {isa = PBXBuildFile; fileRef = F05240BD1BE0B0A80002CC18 /* categories.plist */; };
		F05240C21BE0B0A80002CC18 /* cities.plist in Resources */ = {isa = PBXBuildFile; fileRef = F05240BE1BE0B0A80002CC18 /* cities.plist */; };
		F05240C31BE0B0A80002CC18 /* cityGroups.plist in Resources */ = {isa = PBXBuildFile; fileRef = F05240BF1BE0B0A80002CC18 /* cityGroups.plist */; };
		F05240C41BE0B0A80002CC18 /* sorts.plist in Resources */ = {isa = PBXBuildFile; fileRef = F05240C01BE0B0A80002CC18 /* sorts.plist */; };
		F0D29A3F1BE3224400EB4A67 /* CJCategoryViewController.m in Sources */ = {isa = PBXBuildFile; fileRef = F0D299E91BE3224400EB4A67 /* CJCategoryViewController.m */; };
		F0D29A401BE3224400EB4A67 /* CJCitySearchResultViewController.m in Sources */ = {isa = PBXBuildFile; fileRef = F0D299EB1BE3224400EB4A67 /* CJCitySearchResultViewController.m */; };
		F0D29A411BE3224400EB4A67 /* CJCityViewController.m in Sources */ = {isa = PBXBuildFile; fileRef = F0D299ED1BE3224400EB4A67 /* CJCityViewController.m */; };
		F0D29A421BE3224400EB4A67 /* CJCityViewController.xib in Resources */ = {isa = PBXBuildFile; fileRef = F0D299EE1BE3224400EB4A67 /* CJCityViewController.xib */; };
		F0D29A431BE3224400EB4A67 /* CJHomeViewController.m in Sources */ = {isa = PBXBuildFile; fileRef = F0D299F01BE3224400EB4A67 /* CJHomeViewController.m */; };
		F0D29A441BE3224400EB4A67 /* CJRegionController.m in Sources */ = {isa = PBXBuildFile; fileRef = F0D299F21BE3224400EB4A67 /* CJRegionController.m */; };
		F0D29A451BE3224400EB4A67 /* CJRegionController.xib in Resources */ = {isa = PBXBuildFile; fileRef = F0D299F31BE3224400EB4A67 /* CJRegionController.xib */; };
		F0D29A461BE3224400EB4A67 /* CJSortViewController.m in Sources */ = {isa = PBXBuildFile; fileRef = F0D299F51BE3224400EB4A67 /* CJSortViewController.m */; };
		F0D29A471BE3224400EB4A67 /* CJCategory.m in Sources */ = {isa = PBXBuildFile; fileRef = F0D299F81BE3224400EB4A67 /* CJCategory.m */; };
		F0D29A481BE3224400EB4A67 /* CJCity.m in Sources */ = {isa = PBXBuildFile; fileRef = F0D299FA1BE3224400EB4A67 /* CJCity.m */; };
		F0D29A491BE3224400EB4A67 /* CJCityGroup.m in Sources */ = {isa = PBXBuildFile; fileRef = F0D299FC1BE3224400EB4A67 /* CJCityGroup.m */; };
		F0D29A4A1BE3224400EB4A67 /* CJRegion.m in Sources */ = {isa = PBXBuildFile; fileRef = F0D299FE1BE3224400EB4A67 /* CJRegion.m */; };
		F0D29A4B1BE3224400EB4A67 /* CJSort.m in Sources */ = {isa = PBXBuildFile; fileRef = F0D29A001BE3224400EB4A67 /* CJSort.m */; };
		F0D29A4C1BE3224400EB4A67 /* CJMetaTool.m in Sources */ = {isa = PBXBuildFile; fileRef = F0D29A031BE3224400EB4A67 /* CJMetaTool.m */; };
		F0D29A4D1BE3224400EB4A67 /* CJHomeDropDown.m in Sources */ = {isa = PBXBuildFile; fileRef = F0D29A061BE3224400EB4A67 /* CJHomeDropDown.m */; };
		F0D29A4E1BE3224400EB4A67 /* CJHomeDropDown.xib in Resources */ = {isa = PBXBuildFile; fileRef = F0D29A071BE3224400EB4A67 /* CJHomeDropDown.xib */; };
		F0D29A4F1BE3224400EB4A67 /* CJHomeDropDownMainCell.m in Sources */ = {isa = PBXBuildFile; fileRef = F0D29A091BE3224400EB4A67 /* CJHomeDropDownMainCell.m */; };
		F0D29A501BE3224400EB4A67 /* CJHomeDropDownSubCell.m in Sources */ = {isa = PBXBuildFile; fileRef = F0D29A0B1BE3224400EB4A67 /* CJHomeDropDownSubCell.m */; };
		F0D29A511BE3224400EB4A67 /* CJHomeNavItem.m in Sources */ = {isa = PBXBuildFile; fileRef = F0D29A0D1BE3224400EB4A67 /* CJHomeNavItem.m */; };
		F0D29A521BE3224400EB4A67 /* CJHomeNavItem.xib in Resources */ = {isa = PBXBuildFile; fileRef = F0D29A0E1BE3224400EB4A67 /* CJHomeNavItem.xib */; };
		F0D29A531BE3224400EB4A67 /* UIBarButtonItem+Extension.m in Sources */ = {isa = PBXBuildFile; fileRef = F0D29A121BE3224400EB4A67 /* UIBarButtonItem+Extension.m */; };
		F0D29A541BE3224400EB4A67 /* UIView+AutoLayout.m in Sources */ = {isa = PBXBuildFile; fileRef = F0D29A141BE3224400EB4A67 /* UIView+AutoLayout.m */; };
		F0D29A551BE3224400EB4A67 /* UIView+Extension.m in Sources */ = {isa = PBXBuildFile; fileRef = F0D29A161BE3224400EB4A67 /* UIView+Extension.m */; };
		F0D29A561BE3224400EB4A67 /* CJConst.m in Sources */ = {isa = PBXBuildFile; fileRef = F0D29A181BE3224400EB4A67 /* CJConst.m */; };
		F0D29A571BE3224400EB4A67 /* CJNavigtionController.m in Sources */ = {isa = PBXBuildFile; fileRef = F0D29A1B1BE3224400EB4A67 /* CJNavigtionController.m */; };
		F0D29A581BE3224400EB4A67 /* AppDelegate.m in Sources */ = {isa = PBXBuildFile; fileRef = F0D29A1E1BE3224400EB4A67 /* AppDelegate.m */; };
		F0D29A591BE3224400EB4A67 /* DPAPI.m in Sources */ = {isa = PBXBuildFile; fileRef = F0D29A221BE3224400EB4A67 /* DPAPI.m */; };
		F0D29A5A1BE3224400EB4A67 /* DPRequest.m in Sources */ = {isa = PBXBuildFile; fileRef = F0D29A251BE3224400EB4A67 /* DPRequest.m */; };
		F0D29A5B1BE3224400EB4A67 /* MJDictionaryCache.m in Sources */ = {isa = PBXBuildFile; fileRef = F0D29A281BE3224400EB4A67 /* MJDictionaryCache.m */; };
		F0D29A5C1BE3224400EB4A67 /* MJExtensionConst.m in Sources */ = {isa = PBXBuildFile; fileRef = F0D29A2B1BE3224400EB4A67 /* MJExtensionConst.m */; };
		F0D29A5D1BE3224400EB4A67 /* MJFoundation.m in Sources */ = {isa = PBXBuildFile; fileRef = F0D29A2D1BE3224400EB4A67 /* MJFoundation.m */; };
		F0D29A5E1BE3224400EB4A67 /* MJProperty.m in Sources */ = {isa = PBXBuildFile; fileRef = F0D29A2F1BE3224400EB4A67 /* MJProperty.m */; };
		F0D29A5F1BE3224400EB4A67 /* MJPropertyKey.m in Sources */ = {isa = PBXBuildFile; fileRef = F0D29A311BE3224400EB4A67 /* MJPropertyKey.m */; };
		F0D29A601BE3224400EB4A67 /* MJPropertyType.m in Sources */ = {isa = PBXBuildFile; fileRef = F0D29A331BE3224400EB4A67 /* MJPropertyType.m */; };
		F0D29A611BE3224400EB4A67 /* NSObject+MJClass.m in Sources */ = {isa = PBXBuildFile; fileRef = F0D29A351BE3224400EB4A67 /* NSObject+MJClass.m */; };
		F0D29A621BE3224400EB4A67 /* NSObject+MJCoding.m in Sources */ = {isa = PBXBuildFile; fileRef = F0D29A371BE3224400EB4A67 /* NSObject+MJCoding.m */; };
		F0D29A631BE3224400EB4A67 /* NSObject+MJKeyValue.m in Sources */ = {isa = PBXBuildFile; fileRef = F0D29A391BE3224400EB4A67 /* NSObject+MJKeyValue.m */; };
		F0D29A641BE3224400EB4A67 /* NSObject+MJProperty.m in Sources */ = {isa = PBXBuildFile; fileRef = F0D29A3B1BE3224400EB4A67 /* NSObject+MJProperty.m */; };
		F0D29A651BE3224400EB4A67 /* NSString+MJExtension.m in Sources */ = {isa = PBXBuildFile; fileRef = F0D29A3D1BE3224400EB4A67 /* NSString+MJExtension.m */; };
		F0D29A661BE3224400EB4A67 /* main.m in Sources */ = {isa = PBXBuildFile; fileRef = F0D29A3E1BE3224400EB4A67 /* main.m */; };
/* End PBXBuildFile section */

/* Begin PBXContainerItemProxy section */
		F04455A01BDFBA7A00BFDA6E /* PBXContainerItemProxy */ = {
			isa = PBXContainerItemProxy;
			containerPortal = F044557E1BDFBA7900BFDA6E /* Project object */;
			proxyType = 1;
			remoteGlobalIDString = F04455851BDFBA7900BFDA6E;
			remoteInfo = "美团HD";
		};
/* End PBXContainerItemProxy section */

/* Begin PBXFileReference section */
		F04455861BDFBA7900BFDA6E /* 美团HD.app */ = {isa = PBXFileReference; explicitFileType = wrapper.application; includeInIndex = 0; path = "美团HD.app"; sourceTree = BUILT_PRODUCTS_DIR; };
		F044558A1BDFBA7900BFDA6E /* Info.plist */ = {isa = PBXFileReference; lastKnownFileType = text.plist.xml; path = Info.plist; sourceTree = "<group>"; };
		F04455961BDFBA7A00BFDA6E /* Images.xcassets */ = {isa = PBXFileReference; lastKnownFileType = folder.assetcatalog; path = Images.xcassets; sourceTree = "<group>"; };
		F044559F1BDFBA7A00BFDA6E /* 美团HDTests.xctest */ = {isa = PBXFileReference; explicitFileType = wrapper.cfbundle; includeInIndex = 0; path = "美团HDTests.xctest"; sourceTree = BUILT_PRODUCTS_DIR; };
		F04455A41BDFBA7A00BFDA6E /* Info.plist */ = {isa = PBXFileReference; lastKnownFileType = text.plist.xml; path = Info.plist; sourceTree = "<group>"; };
		F04455A51BDFBA7A00BFDA6E /* __HDTests.m */ = {isa = PBXFileReference; lastKnownFileType = sourcecode.c.objc; path = __HDTests.m; sourceTree = "<group>"; };
		F05240BD1BE0B0A80002CC18 /* categories.plist */ = {isa = PBXFileReference; fileEncoding = 4; lastKnownFileType = text.plist.xml; path = categories.plist; sourceTree = "<group>"; };
		F05240BE1BE0B0A80002CC18 /* cities.plist */ = {isa = PBXFileReference; fileEncoding = 4; lastKnownFileType = text.plist.xml; path = cities.plist; sourceTree = "<group>"; };
		F05240BF1BE0B0A80002CC18 /* cityGroups.plist */ = {isa = PBXFileReference; fileEncoding = 4; lastKnownFileType = text.plist.xml; path = cityGroups.plist; sourceTree = "<group>"; };
		F05240C01BE0B0A80002CC18 /* sorts.plist */ = {isa = PBXFileReference; fileEncoding = 4; lastKnownFileType = text.plist.xml; path = sorts.plist; sourceTree = "<group>"; };
		F0D299E81BE3224400EB4A67 /* CJCategoryViewController.h */ = {isa = PBXFileReference; fileEncoding = 4; lastKnownFileType = sourcecode.c.h; path = CJCategoryViewController.h; sourceTree = "<group>"; };
		F0D299E91BE3224400EB4A67 /* CJCategoryViewController.m */ = {isa = PBXFileReference; fileEncoding = 4; lastKnownFileType = sourcecode.c.objc; path = CJCategoryViewController.m; sourceTree = "<group>"; };
		F0D299EA1BE3224400EB4A67 /* CJCitySearchResultViewController.h */ = {isa = PBXFileReference; fileEncoding = 4; lastKnownFileType = sourcecode.c.h; path = CJCitySearchResultViewController.h; sourceTree = "<group>"; };
		F0D299EB1BE3224400EB4A67 /* CJCitySearchResultViewController.m */ = {isa = PBXFileReference; fileEncoding = 4; lastKnownFileType = sourcecode.c.objc; path = CJCitySearchResultViewController.m; sourceTree = "<group>"; };
		F0D299EC1BE3224400EB4A67 /* CJCityViewController.h */ = {isa = PBXFileReference; fileEncoding = 4; lastKnownFileType = sourcecode.c.h; path = CJCityViewController.h; sourceTree = "<group>"; };
		F0D299ED1BE3224400EB4A67 /* CJCityViewController.m */ = {isa = PBXFileReference; fileEncoding = 4; lastKnownFileType = sourcecode.c.objc; path = CJCityViewController.m; sourceTree = "<group>"; };
		F0D299EE1BE3224400EB4A67 /* CJCityViewController.xib */ = {isa = PBXFileReference; fileEncoding = 4; lastKnownFileType = file.xib; path = CJCityViewController.xib; sourceTree = "<group>"; };
		F0D299EF1BE3224400EB4A67 /* CJHomeViewController.h */ = {isa = PBXFileReference; fileEncoding = 4; lastKnownFileType = sourcecode.c.h; path = CJHomeViewController.h; sourceTree = "<group>"; };
		F0D299F01BE3224400EB4A67 /* CJHomeViewController.m */ = {isa = PBXFileReference; fileEncoding = 4; lastKnownFileType = sourcecode.c.objc; path = CJHomeViewController.m; sourceTree = "<group>"; };
		F0D299F11BE3224400EB4A67 /* CJRegionController.h */ = {isa = PBXFileReference; fileEncoding = 4; lastKnownFileType = sourcecode.c.h; path = CJRegionController.h; sourceTree = "<group>"; };
		F0D299F21BE3224400EB4A67 /* CJRegionController.m */ = {isa = PBXFileReference; fileEncoding = 4; lastKnownFileType = sourcecode.c.objc; path = CJRegionController.m; sourceTree = "<group>"; };
		F0D299F31BE3224400EB4A67 /* CJRegionController.xib */ = {isa = PBXFileReference; fileEncoding = 4; lastKnownFileType = file.xib; path = CJRegionController.xib; sourceTree = "<group>"; };
		F0D299F41BE3224400EB4A67 /* CJSortViewController.h */ = {isa = PBXFileReference; fileEncoding = 4; lastKnownFileType = sourcecode.c.h; path = CJSortViewController.h; sourceTree = "<group>"; };
		F0D299F51BE3224400EB4A67 /* CJSortViewController.m */ = {isa = PBXFileReference; fileEncoding = 4; lastKnownFileType = sourcecode.c.objc; path = CJSortViewController.m; sourceTree = "<group>"; };
		F0D299F71BE3224400EB4A67 /* CJCategory.h */ = {isa = PBXFileReference; fileEncoding = 4; lastKnownFileType = sourcecode.c.h; path = CJCategory.h; sourceTree = "<group>"; };
		F0D299F81BE3224400EB4A67 /* CJCategory.m */ = {isa = PBXFileReference; fileEncoding = 4; lastKnownFileType = sourcecode.c.objc; path = CJCategory.m; sourceTree = "<group>"; };
		F0D299F91BE3224400EB4A67 /* CJCity.h */ = {isa = PBXFileReference; fileEncoding = 4; lastKnownFileType = sourcecode.c.h; path = CJCity.h; sourceTree = "<group>"; };
		F0D299FA1BE3224400EB4A67 /* CJCity.m */ = {isa = PBXFileReference; fileEncoding = 4; lastKnownFileType = sourcecode.c.objc; path = CJCity.m; sourceTree = "<group>"; };
		F0D299FB1BE3224400EB4A67 /* CJCityGroup.h */ = {isa = PBXFileReference; fileEncoding = 4; lastKnownFileType = sourcecode.c.h; path = CJCityGroup.h; sourceTree = "<group>"; };
		F0D299FC1BE3224400EB4A67 /* CJCityGroup.m */ = {isa = PBXFileReference; fileEncoding = 4; lastKnownFileType = sourcecode.c.objc; path = CJCityGroup.m; sourceTree = "<group>"; };
		F0D299FD1BE3224400EB4A67 /* CJRegion.h */ = {isa = PBXFileReference; fileEncoding = 4; lastKnownFileType = sourcecode.c.h; path = CJRegion.h; sourceTree = "<group>"; };
		F0D299FE1BE3224400EB4A67 /* CJRegion.m */ = {isa = PBXFileReference; fileEncoding = 4; lastKnownFileType = sourcecode.c.objc; path = CJRegion.m; sourceTree = "<group>"; };
		F0D299FF1BE3224400EB4A67 /* CJSort.h */ = {isa = PBXFileReference; fileEncoding = 4; lastKnownFileType = sourcecode.c.h; path = CJSort.h; sourceTree = "<group>"; };
		F0D29A001BE3224400EB4A67 /* CJSort.m */ = {isa = PBXFileReference; fileEncoding = 4; lastKnownFileType = sourcecode.c.objc; path = CJSort.m; sourceTree = "<group>"; };
		F0D29A021BE3224400EB4A67 /* CJMetaTool.h */ = {isa = PBXFileReference; fileEncoding = 4; lastKnownFileType = sourcecode.c.h; path = CJMetaTool.h; sourceTree = "<group>"; };
		F0D29A031BE3224400EB4A67 /* CJMetaTool.m */ = {isa = PBXFileReference; fileEncoding = 4; lastKnownFileType = sourcecode.c.objc; path = CJMetaTool.m; sourceTree = "<group>"; };
		F0D29A051BE3224400EB4A67 /* CJHomeDropDown.h */ = {isa = PBXFileReference; fileEncoding = 4; lastKnownFileType = sourcecode.c.h; path = CJHomeDropDown.h; sourceTree = "<group>"; };
		F0D29A061BE3224400EB4A67 /* CJHomeDropDown.m */ = {isa = PBXFileReference; fileEncoding = 4; lastKnownFileType = sourcecode.c.objc; path = CJHomeDropDown.m; sourceTree = "<group>"; };
		F0D29A071BE3224400EB4A67 /* CJHomeDropDown.xib */ = {isa = PBXFileReference; fileEncoding = 4; lastKnownFileType = file.xib; path = CJHomeDropDown.xib; sourceTree = "<group>"; };
		F0D29A081BE3224400EB4A67 /* CJHomeDropDownMainCell.h */ = {isa = PBXFileReference; fileEncoding = 4; lastKnownFileType = sourcecode.c.h; path = CJHomeDropDownMainCell.h; sourceTree = "<group>"; };
		F0D29A091BE3224400EB4A67 /* CJHomeDropDownMainCell.m */ = {isa = PBXFileReference; fileEncoding = 4; lastKnownFileType = sourcecode.c.objc; path = CJHomeDropDownMainCell.m; sourceTree = "<group>"; };
		F0D29A0A1BE3224400EB4A67 /* CJHomeDropDownSubCell.h */ = {isa = PBXFileReference; fileEncoding = 4; lastKnownFileType = sourcecode.c.h; path = CJHomeDropDownSubCell.h; sourceTree = "<group>"; };
		F0D29A0B1BE3224400EB4A67 /* CJHomeDropDownSubCell.m */ = {isa = PBXFileReference; fileEncoding = 4; lastKnownFileType = sourcecode.c.objc; path = CJHomeDropDownSubCell.m; sourceTree = "<group>"; };
		F0D29A0C1BE3224400EB4A67 /* CJHomeNavItem.h */ = {isa = PBXFileReference; fileEncoding = 4; lastKnownFileType = sourcecode.c.h; path = CJHomeNavItem.h; sourceTree = "<group>"; };
		F0D29A0D1BE3224400EB4A67 /* CJHomeNavItem.m */ = {isa = PBXFileReference; fileEncoding = 4; lastKnownFileType = sourcecode.c.objc; path = CJHomeNavItem.m; sourceTree = "<group>"; };
		F0D29A0E1BE3224400EB4A67 /* CJHomeNavItem.xib */ = {isa = PBXFileReference; fileEncoding = 4; lastKnownFileType = file.xib; path = CJHomeNavItem.xib; sourceTree = "<group>"; };
		F0D29A111BE3224400EB4A67 /* UIBarButtonItem+Extension.h */ = {isa = PBXFileReference; fileEncoding = 4; lastKnownFileType = sourcecode.c.h; path = "UIBarButtonItem+Extension.h"; sourceTree = "<group>"; };
		F0D29A121BE3224400EB4A67 /* UIBarButtonItem+Extension.m */ = {isa = PBXFileReference; fileEncoding = 4; lastKnownFileType = sourcecode.c.objc; path = "UIBarButtonItem+Extension.m"; sourceTree = "<group>"; };
		F0D29A131BE3224400EB4A67 /* UIView+AutoLayout.h */ = {isa = PBXFileReference; fileEncoding = 4; lastKnownFileType = sourcecode.c.h; path = "UIView+AutoLayout.h"; sourceTree = "<group>"; };
		F0D29A141BE3224400EB4A67 /* UIView+AutoLayout.m */ = {isa = PBXFileReference; fileEncoding = 4; lastKnownFileType = sourcecode.c.objc; path = "UIView+AutoLayout.m"; sourceTree = "<group>"; };
		F0D29A151BE3224400EB4A67 /* UIView+Extension.h */ = {isa = PBXFileReference; fileEncoding = 4; lastKnownFileType = sourcecode.c.h; path = "UIView+Extension.h"; sourceTree = "<group>"; };
		F0D29A161BE3224400EB4A67 /* UIView+Extension.m */ = {isa = PBXFileReference; fileEncoding = 4; lastKnownFileType = sourcecode.c.objc; path = "UIView+Extension.m"; sourceTree = "<group>"; };
		F0D29A171BE3224400EB4A67 /* CJConst.h */ = {isa = PBXFileReference; fileEncoding = 4; lastKnownFileType = sourcecode.c.h; path = CJConst.h; sourceTree = "<group>"; };
		F0D29A181BE3224400EB4A67 /* CJConst.m */ = {isa = PBXFileReference; fileEncoding = 4; lastKnownFileType = sourcecode.c.objc; path = CJConst.m; sourceTree = "<group>"; };
		F0D29A1A1BE3224400EB4A67 /* CJNavigtionController.h */ = {isa = PBXFileReference; fileEncoding = 4; lastKnownFileType = sourcecode.c.h; path = CJNavigtionController.h; sourceTree = "<group>"; };
		F0D29A1B1BE3224400EB4A67 /* CJNavigtionController.m */ = {isa = PBXFileReference; fileEncoding = 4; lastKnownFileType = sourcecode.c.objc; path = CJNavigtionController.m; sourceTree = "<group>"; };
		F0D29A1D1BE3224400EB4A67 /* AppDelegate.h */ = {isa = PBXFileReference; fileEncoding = 4; lastKnownFileType = sourcecode.c.h; path = AppDelegate.h; sourceTree = "<group>"; };
		F0D29A1E1BE3224400EB4A67 /* AppDelegate.m */ = {isa = PBXFileReference; fileEncoding = 4; lastKnownFileType = sourcecode.c.objc; path = AppDelegate.m; sourceTree = "<group>"; };
		F0D29A211BE3224400EB4A67 /* DPAPI.h */ = {isa = PBXFileReference; fileEncoding = 4; lastKnownFileType = sourcecode.c.h; path = DPAPI.h; sourceTree = "<group>"; };
		F0D29A221BE3224400EB4A67 /* DPAPI.m */ = {isa = PBXFileReference; fileEncoding = 4; lastKnownFileType = sourcecode.c.objc; path = DPAPI.m; sourceTree = "<group>"; };
		F0D29A231BE3224400EB4A67 /* DPConstants.h */ = {isa = PBXFileReference; fileEncoding = 4; lastKnownFileType = sourcecode.c.h; path = DPConstants.h; sourceTree = "<group>"; };
		F0D29A241BE3224400EB4A67 /* DPRequest.h */ = {isa = PBXFileReference; fileEncoding = 4; lastKnownFileType = sourcecode.c.h; path = DPRequest.h; sourceTree = "<group>"; };
		F0D29A251BE3224400EB4A67 /* DPRequest.m */ = {isa = PBXFileReference; fileEncoding = 4; lastKnownFileType = sourcecode.c.objc; path = DPRequest.m; sourceTree = "<group>"; };
		F0D29A271BE3224400EB4A67 /* MJDictionaryCache.h */ = {isa = PBXFileReference; fileEncoding = 4; lastKnownFileType = sourcecode.c.h; path = MJDictionaryCache.h; sourceTree = "<group>"; };
		F0D29A281BE3224400EB4A67 /* MJDictionaryCache.m */ = {isa = PBXFileReference; fileEncoding = 4; lastKnownFileType = sourcecode.c.objc; path = MJDictionaryCache.m; sourceTree = "<group>"; };
		F0D29A291BE3224400EB4A67 /* MJExtension.h */ = {isa = PBXFileReference; fileEncoding = 4; lastKnownFileType = sourcecode.c.h; path = MJExtension.h; sourceTree = "<group>"; };
		F0D29A2A1BE3224400EB4A67 /* MJExtensionConst.h */ = {isa = PBXFileReference; fileEncoding = 4; lastKnownFileType = sourcecode.c.h; path = MJExtensionConst.h; sourceTree = "<group>"; };
		F0D29A2B1BE3224400EB4A67 /* MJExtensionConst.m */ = {isa = PBXFileReference; fileEncoding = 4; lastKnownFileType = sourcecode.c.objc; path = MJExtensionConst.m; sourceTree = "<group>"; };
		F0D29A2C1BE3224400EB4A67 /* MJFoundation.h */ = {isa = PBXFileReference; fileEncoding = 4; lastKnownFileType = sourcecode.c.h; path = MJFoundation.h; sourceTree = "<group>"; };
		F0D29A2D1BE3224400EB4A67 /* MJFoundation.m */ = {isa = PBXFileReference; fileEncoding = 4; lastKnownFileType = sourcecode.c.objc; path = MJFoundation.m; sourceTree = "<group>"; };
		F0D29A2E1BE3224400EB4A67 /* MJProperty.h */ = {isa = PBXFileReference; fileEncoding = 4; lastKnownFileType = sourcecode.c.h; path = MJProperty.h; sourceTree = "<group>"; };
		F0D29A2F1BE3224400EB4A67 /* MJProperty.m */ = {isa = PBXFileReference; fileEncoding = 4; lastKnownFileType = sourcecode.c.objc; path = MJProperty.m; sourceTree = "<group>"; };
		F0D29A301BE3224400EB4A67 /* MJPropertyKey.h */ = {isa = PBXFileReference; fileEncoding = 4; lastKnownFileType = sourcecode.c.h; path = MJPropertyKey.h; sourceTree = "<group>"; };
		F0D29A311BE3224400EB4A67 /* MJPropertyKey.m */ = {isa = PBXFileReference; fileEncoding = 4; lastKnownFileType = sourcecode.c.objc; path = MJPropertyKey.m; sourceTree = "<group>"; };
		F0D29A321BE3224400EB4A67 /* MJPropertyType.h */ = {isa = PBXFileReference; fileEncoding = 4; lastKnownFileType = sourcecode.c.h; path = MJPropertyType.h; sourceTree = "<group>"; };
		F0D29A331BE3224400EB4A67 /* MJPropertyType.m */ = {isa = PBXFileReference; fileEncoding = 4; lastKnownFileType = sourcecode.c.objc; path = MJPropertyType.m; sourceTree = "<group>"; };
		F0D29A341BE3224400EB4A67 /* NSObject+MJClass.h */ = {isa = PBXFileReference; fileEncoding = 4; lastKnownFileType = sourcecode.c.h; path = "NSObject+MJClass.h"; sourceTree = "<group>"; };
		F0D29A351BE3224400EB4A67 /* NSObject+MJClass.m */ = {isa = PBXFileReference; fileEncoding = 4; lastKnownFileType = sourcecode.c.objc; path = "NSObject+MJClass.m"; sourceTree = "<group>"; };
		F0D29A361BE3224400EB4A67 /* NSObject+MJCoding.h */ = {isa = PBXFileReference; fileEncoding = 4; lastKnownFileType = sourcecode.c.h; path = "NSObject+MJCoding.h"; sourceTree = "<group>"; };
		F0D29A371BE3224400EB4A67 /* NSObject+MJCoding.m */ = {isa = PBXFileReference; fileEncoding = 4; lastKnownFileType = sourcecode.c.objc; path = "NSObject+MJCoding.m"; sourceTree = "<group>"; };
		F0D29A381BE3224400EB4A67 /* NSObject+MJKeyValue.h */ = {isa = PBXFileReference; fileEncoding = 4; lastKnownFileType = sourcecode.c.h; path = "NSObject+MJKeyValue.h"; sourceTree = "<group>"; };
		F0D29A391BE3224400EB4A67 /* NSObject+MJKeyValue.m */ = {isa = PBXFileReference; fileEncoding = 4; lastKnownFileType = sourcecode.c.objc; path = "NSObject+MJKeyValue.m"; sourceTree = "<group>"; };
		F0D29A3A1BE3224400EB4A67 /* NSObject+MJProperty.h */ = {isa = PBXFileReference; fileEncoding = 4; lastKnownFileType = sourcecode.c.h; path = "NSObject+MJProperty.h"; sourceTree = "<group>"; };
		F0D29A3B1BE3224400EB4A67 /* NSObject+MJProperty.m */ = {isa = PBXFileReference; fileEncoding = 4; lastKnownFileType = sourcecode.c.objc; path = "NSObject+MJProperty.m"; sourceTree = "<group>"; };
		F0D29A3C1BE3224400EB4A67 /* NSString+MJExtension.h */ = {isa = PBXFileReference; fileEncoding = 4; lastKnownFileType = sourcecode.c.h; path = "NSString+MJExtension.h"; sourceTree = "<group>"; };
		F0D29A3D1BE3224400EB4A67 /* NSString+MJExtension.m */ = {isa = PBXFileReference; fileEncoding = 4; lastKnownFileType = sourcecode.c.objc; path = "NSString+MJExtension.m"; sourceTree = "<group>"; };
		F0D29A3E1BE3224400EB4A67 /* main.m */ = {isa = PBXFileReference; fileEncoding = 4; lastKnownFileType = sourcecode.c.objc; path = main.m; sourceTree = "<group>"; };
/* End PBXFileReference section */

/* Begin PBXFrameworksBuildPhase section */
		F04455831BDFBA7900BFDA6E /* Frameworks */ = {
			isa = PBXFrameworksBuildPhase;
			buildActionMask = 2147483647;
			files = (
			);
			runOnlyForDeploymentPostprocessing = 0;
		};
		F044559C1BDFBA7A00BFDA6E /* Frameworks */ = {
			isa = PBXFrameworksBuildPhase;
			buildActionMask = 2147483647;
			files = (
			);
			runOnlyForDeploymentPostprocessing = 0;
		};
/* End PBXFrameworksBuildPhase section */

/* Begin PBXGroup section */
		F044557D1BDFBA7900BFDA6E = {
			isa = PBXGroup;
			children = (
				F04455881BDFBA7900BFDA6E /* 美团HD */,
				F04455A21BDFBA7A00BFDA6E /* 美团HDTests */,
				F04455871BDFBA7900BFDA6E /* Products */,
			);
			sourceTree = "<group>";
		};
		F04455871BDFBA7900BFDA6E /* Products */ = {
			isa = PBXGroup;
			children = (
				F04455861BDFBA7900BFDA6E /* 美团HD.app */,
				F044559F1BDFBA7A00BFDA6E /* 美团HDTests.xctest */,
			);
			name = Products;
			sourceTree = "<group>";
		};
		F04455881BDFBA7900BFDA6E /* 美团HD */ = {
			isa = PBXGroup;
			children = (
				F0D299E51BE3224400EB4A67 /* Classes */,
				F04455891BDFBA7900BFDA6E /* Supporting Files */,
			);
			path = "美团HD";
			sourceTree = "<group>";
		};
		F04455891BDFBA7900BFDA6E /* Supporting Files */ = {
			isa = PBXGroup;
			children = (
				F05240BC1BE0B0A80002CC18 /* Plist */,
				F04455961BDFBA7A00BFDA6E /* Images.xcassets */,
				F044558A1BDFBA7900BFDA6E /* Info.plist */,
			);
			name = "Supporting Files";
			sourceTree = "<group>";
		};
		F04455A21BDFBA7A00BFDA6E /* 美团HDTests */ = {
			isa = PBXGroup;
			children = (
				F04455A51BDFBA7A00BFDA6E /* __HDTests.m */,
				F04455A31BDFBA7A00BFDA6E /* Supporting Files */,
			);
			path = "美团HDTests";
			sourceTree = "<group>";
		};
		F04455A31BDFBA7A00BFDA6E /* Supporting Files */ = {
			isa = PBXGroup;
			children = (
				F04455A41BDFBA7A00BFDA6E /* Info.plist */,
			);
			name = "Supporting Files";
			sourceTree = "<group>";
		};
		F05240BC1BE0B0A80002CC18 /* Plist */ = {
			isa = PBXGroup;
			children = (
				F05240BD1BE0B0A80002CC18 /* categories.plist */,
				F05240BE1BE0B0A80002CC18 /* cities.plist */,
				F05240BF1BE0B0A80002CC18 /* cityGroups.plist */,
				F05240C01BE0B0A80002CC18 /* sorts.plist */,
			);
			path = Plist;
			sourceTree = "<group>";
		};
		F0D299E51BE3224400EB4A67 /* Classes */ = {
			isa = PBXGroup;
			children = (
				F0D299E61BE3224400EB4A67 /* Home */,
				F0D29A0F1BE3224400EB4A67 /* Main */,
			);
			path = Classes;
			sourceTree = "<group>";
		};
		F0D299E61BE3224400EB4A67 /* Home */ = {
			isa = PBXGroup;
			children = (
				F0D299E71BE3224400EB4A67 /* Controller */,
				F0D299F61BE3224400EB4A67 /* Model */,
				F0D29A011BE3224400EB4A67 /* Tool */,
				F0D29A041BE3224400EB4A67 /* View */,
			);
			path = Home;
			sourceTree = "<group>";
		};
		F0D299E71BE3224400EB4A67 /* Controller */ = {
			isa = PBXGroup;
			children = (
				F0D299E81BE3224400EB4A67 /* CJCategoryViewController.h */,
				F0D299E91BE3224400EB4A67 /* CJCategoryViewController.m */,
				F0D299EA1BE3224400EB4A67 /* CJCitySearchResultViewController.h */,
				F0D299EB1BE3224400EB4A67 /* CJCitySearchResultViewController.m */,
				F0D299EC1BE3224400EB4A67 /* CJCityViewController.h */,
				F0D299ED1BE3224400EB4A67 /* CJCityViewController.m */,
				F0D299EE1BE3224400EB4A67 /* CJCityViewController.xib */,
				F0D299EF1BE3224400EB4A67 /* CJHomeViewController.h */,
				F0D299F01BE3224400EB4A67 /* CJHomeViewController.m */,
				F0D299F11BE3224400EB4A67 /* CJRegionController.h */,
				F0D299F21BE3224400EB4A67 /* CJRegionController.m */,
				F0D299F31BE3224400EB4A67 /* CJRegionController.xib */,
				F0D299F41BE3224400EB4A67 /* CJSortViewController.h */,
				F0D299F51BE3224400EB4A67 /* CJSortViewController.m */,
			);
			path = Controller;
			sourceTree = "<group>";
		};
		F0D299F61BE3224400EB4A67 /* Model */ = {
			isa = PBXGroup;
			children = (
				F0D299F71BE3224400EB4A67 /* CJCategory.h */,
				F0D299F81BE3224400EB4A67 /* CJCategory.m */,
				F0D299F91BE3224400EB4A67 /* CJCity.h */,
				F0D299FA1BE3224400EB4A67 /* CJCity.m */,
				F0D299FB1BE3224400EB4A67 /* CJCityGroup.h */,
				F0D299FC1BE3224400EB4A67 /* CJCityGroup.m */,
				F0D299FD1BE3224400EB4A67 /* CJRegion.h */,
				F0D299FE1BE3224400EB4A67 /* CJRegion.m */,
				F0D299FF1BE3224400EB4A67 /* CJSort.h */,
				F0D29A001BE3224400EB4A67 /* CJSort.m */,
			);
			path = Model;
			sourceTree = "<group>";
		};
		F0D29A011BE3224400EB4A67 /* Tool */ = {
			isa = PBXGroup;
			children = (
				F0D29A021BE3224400EB4A67 /* CJMetaTool.h */,
				F0D29A031BE3224400EB4A67 /* CJMetaTool.m */,
			);
			path = Tool;
			sourceTree = "<group>";
		};
		F0D29A041BE3224400EB4A67 /* View */ = {
			isa = PBXGroup;
			children = (
				F0D29A051BE3224400EB4A67 /* CJHomeDropDown.h */,
				F0D29A061BE3224400EB4A67 /* CJHomeDropDown.m */,
				F0D29A071BE3224400EB4A67 /* CJHomeDropDown.xib */,
				F0D29A081BE3224400EB4A67 /* CJHomeDropDownMainCell.h */,
				F0D29A091BE3224400EB4A67 /* CJHomeDropDownMainCell.m */,
				F0D29A0A1BE3224400EB4A67 /* CJHomeDropDownSubCell.h */,
				F0D29A0B1BE3224400EB4A67 /* CJHomeDropDownSubCell.m */,
				F0D29A0C1BE3224400EB4A67 /* CJHomeNavItem.h */,
				F0D29A0D1BE3224400EB4A67 /* CJHomeNavItem.m */,
				F0D29A0E1BE3224400EB4A67 /* CJHomeNavItem.xib */,
			);
			path = View;
			sourceTree = "<group>";
		};
		F0D29A0F1BE3224400EB4A67 /* Main */ = {
			isa = PBXGroup;
			children = (
				F0D29A101BE3224400EB4A67 /* Category */,
				F0D29A171BE3224400EB4A67 /* CJConst.h */,
				F0D29A181BE3224400EB4A67 /* CJConst.m */,
				F0D29A191BE3224400EB4A67 /* Controller */,
				F0D29A1C1BE3224400EB4A67 /* Other */,
			);
			path = Main;
			sourceTree = "<group>";
		};
		F0D29A101BE3224400EB4A67 /* Category */ = {
			isa = PBXGroup;
			children = (
				F0D29A111BE3224400EB4A67 /* UIBarButtonItem+Extension.h */,
				F0D29A121BE3224400EB4A67 /* UIBarButtonItem+Extension.m */,
				F0D29A131BE3224400EB4A67 /* UIView+AutoLayout.h */,
				F0D29A141BE3224400EB4A67 /* UIView+AutoLayout.m */,
				F0D29A151BE3224400EB4A67 /* UIView+Extension.h */,
				F0D29A161BE3224400EB4A67 /* UIView+Extension.m */,
			);
			path = Category;
			sourceTree = "<group>";
		};
		F0D29A191BE3224400EB4A67 /* Controller */ = {
			isa = PBXGroup;
			children = (
				F0D29A1A1BE3224400EB4A67 /* CJNavigtionController.h */,
				F0D29A1B1BE3224400EB4A67 /* CJNavigtionController.m */,
			);
			path = Controller;
			sourceTree = "<group>";
		};
		F0D29A1C1BE3224400EB4A67 /* Other */ = {
			isa = PBXGroup;
			children = (
				F0D29A1D1BE3224400EB4A67 /* AppDelegate.h */,
				F0D29A1E1BE3224400EB4A67 /* AppDelegate.m */,
				F0D29A1F1BE3224400EB4A67 /* Lib */,
				F0D29A3E1BE3224400EB4A67 /* main.m */,
			);
			path = Other;
			sourceTree = "<group>";
		};
		F0D29A1F1BE3224400EB4A67 /* Lib */ = {
			isa = PBXGroup;
			children = (
				F0D29A201BE3224400EB4A67 /* dianpingapi */,
				F0D29A261BE3224400EB4A67 /* MJExtension */,
			);
			path = Lib;
			sourceTree = "<group>";
		};
		F0D29A201BE3224400EB4A67 /* dianpingapi */ = {
			isa = PBXGroup;
			children = (
				F0D29A211BE3224400EB4A67 /* DPAPI.h */,
				F0D29A221BE3224400EB4A67 /* DPAPI.m */,
				F0D29A231BE3224400EB4A67 /* DPConstants.h */,
				F0D29A241BE3224400EB4A67 /* DPRequest.h */,
				F0D29A251BE3224400EB4A67 /* DPRequest.m */,
			);
			path = dianpingapi;
			sourceTree = "<group>";
		};
		F0D29A261BE3224400EB4A67 /* MJExtension */ = {
			isa = PBXGroup;
			children = (
				F0D29A271BE3224400EB4A67 /* MJDictionaryCache.h */,
				F0D29A281BE3224400EB4A67 /* MJDictionaryCache.m */,
				F0D29A291BE3224400EB4A67 /* MJExtension.h */,
				F0D29A2A1BE3224400EB4A67 /* MJExtensionConst.h */,
				F0D29A2B1BE3224400EB4A67 /* MJExtensionConst.m */,
				F0D29A2C1BE3224400EB4A67 /* MJFoundation.h */,
				F0D29A2D1BE3224400EB4A67 /* MJFoundation.m */,
				F0D29A2E1BE3224400EB4A67 /* MJProperty.h */,
				F0D29A2F1BE3224400EB4A67 /* MJProperty.m */,
				F0D29A301BE3224400EB4A67 /* MJPropertyKey.h */,
				F0D29A311BE3224400EB4A67 /* MJPropertyKey.m */,
				F0D29A321BE3224400EB4A67 /* MJPropertyType.h */,
				F0D29A331BE3224400EB4A67 /* MJPropertyType.m */,
				F0D29A341BE3224400EB4A67 /* NSObject+MJClass.h */,
				F0D29A351BE3224400EB4A67 /* NSObject+MJClass.m */,
				F0D29A361BE3224400EB4A67 /* NSObject+MJCoding.h */,
				F0D29A371BE3224400EB4A67 /* NSObject+MJCoding.m */,
				F0D29A381BE3224400EB4A67 /* NSObject+MJKeyValue.h */,
				F0D29A391BE3224400EB4A67 /* NSObject+MJKeyValue.m */,
				F0D29A3A1BE3224400EB4A67 /* NSObject+MJProperty.h */,
				F0D29A3B1BE3224400EB4A67 /* NSObject+MJProperty.m */,
				F0D29A3C1BE3224400EB4A67 /* NSString+MJExtension.h */,
				F0D29A3D1BE3224400EB4A67 /* NSString+MJExtension.m */,
			);
			path = MJExtension;
			sourceTree = "<group>";
		};
/* End PBXGroup section */

/* Begin PBXNativeTarget section */
		F04455851BDFBA7900BFDA6E /* 美团HD */ = {
			isa = PBXNativeTarget;
			buildConfigurationList = F04455A91BDFBA7A00BFDA6E /* Build configuration list for PBXNativeTarget "美团HD" */;
			buildPhases = (
				F04455821BDFBA7900BFDA6E /* Sources */,
				F04455831BDFBA7900BFDA6E /* Frameworks */,
				F04455841BDFBA7900BFDA6E /* Resources */,
			);
			buildRules = (
			);
			dependencies = (
			);
			name = "美团HD";
			productName = "美团HD";
			productReference = F04455861BDFBA7900BFDA6E /* 美团HD.app */;
			productType = "com.apple.product-type.application";
		};
		F044559E1BDFBA7A00BFDA6E /* 美团HDTests */ = {
			isa = PBXNativeTarget;
			buildConfigurationList = F04455AC1BDFBA7A00BFDA6E /* Build configuration list for PBXNativeTarget "美团HDTests" */;
			buildPhases = (
				F044559B1BDFBA7A00BFDA6E /* Sources */,
				F044559C1BDFBA7A00BFDA6E /* Frameworks */,
				F044559D1BDFBA7A00BFDA6E /* Resources */,
			);
			buildRules = (
			);
			dependencies = (
				F04455A11BDFBA7A00BFDA6E /* PBXTargetDependency */,
			);
			name = "美团HDTests";
			productName = "美团HDTests";
			productReference = F044559F1BDFBA7A00BFDA6E /* 美团HDTests.xctest */;
			productType = "com.apple.product-type.bundle.unit-test";
		};
/* End PBXNativeTarget section */

/* Begin PBXProject section */
		F044557E1BDFBA7900BFDA6E /* Project object */ = {
			isa = PBXProject;
			attributes = {
				CLASSPREFIX = CJ;
				LastUpgradeCheck = 0640;
				ORGANIZATIONNAME = mac527;
				TargetAttributes = {
					F04455851BDFBA7900BFDA6E = {
						CreatedOnToolsVersion = 6.4;
					};
					F044559E1BDFBA7A00BFDA6E = {
						CreatedOnToolsVersion = 6.4;
						TestTargetID = F04455851BDFBA7900BFDA6E;
					};
				};
			};
			buildConfigurationList = F04455811BDFBA7900BFDA6E /* Build configuration list for PBXProject "美团HD" */;
			compatibilityVersion = "Xcode 3.2";
			developmentRegion = English;
			hasScannedForEncodings = 0;
			knownRegions = (
				en,
				Base,
			);
			mainGroup = F044557D1BDFBA7900BFDA6E;
			productRefGroup = F04455871BDFBA7900BFDA6E /* Products */;
			projectDirPath = "";
			projectRoot = "";
			targets = (
				F04455851BDFBA7900BFDA6E /* 美团HD */,
				F044559E1BDFBA7A00BFDA6E /* 美团HDTests */,
			);
		};
/* End PBXProject section */

/* Begin PBXResourcesBuildPhase section */
		F04455841BDFBA7900BFDA6E /* Resources */ = {
			isa = PBXResourcesBuildPhase;
			buildActionMask = 2147483647;
			files = (
				F05240C11BE0B0A80002CC18 /* categories.plist in Resources */,
				F0D29A521BE3224400EB4A67 /* CJHomeNavItem.xib in Resources */,
				F05240C41BE0B0A80002CC18 /* sorts.plist in Resources */,
				F0D29A421BE3224400EB4A67 /* CJCityViewController.xib in Resources */,
				F05240C21BE0B0A80002CC18 /* cities.plist in Resources */,
				F0D29A451BE3224400EB4A67 /* CJRegionController.xib in Resources */,
				F04455971BDFBA7A00BFDA6E /* Images.xcassets in Resources */,
				F0D29A4E1BE3224400EB4A67 /* CJHomeDropDown.xib in Resources */,
				F05240C31BE0B0A80002CC18 /* cityGroups.plist in Resources */,
			);
			runOnlyForDeploymentPostprocessing = 0;
		};
		F044559D1BDFBA7A00BFDA6E /* Resources */ = {
			isa = PBXResourcesBuildPhase;
			buildActionMask = 2147483647;
			files = (
			);
			runOnlyForDeploymentPostprocessing = 0;
		};
/* End PBXResourcesBuildPhase section */

/* Begin PBXSourcesBuildPhase section */
		F04455821BDFBA7900BFDA6E /* Sources */ = {
			isa = PBXSourcesBuildPhase;
			buildActionMask = 2147483647;
			files = (
				F0D29A581BE3224400EB4A67 /* AppDelegate.m in Sources */,
				F0D29A4A1BE3224400EB4A67 /* CJRegion.m in Sources */,
				F0D29A501BE3224400EB4A67 /* CJHomeDropDownSubCell.m in Sources */,
				F0D29A651BE3224400EB4A67 /* NSString+MJExtension.m in Sources */,
				F0D29A611BE3224400EB4A67 /* NSObject+MJClass.m in Sources */,
				F0D29A631BE3224400EB4A67 /* NSObject+MJKeyValue.m in Sources */,
				F0D29A5D1BE3224400EB4A67 /* MJFoundation.m in Sources */,
				F0D29A4F1BE3224400EB4A67 /* CJHomeDropDownMainCell.m in Sources */,
				F0D29A4B1BE3224400EB4A67 /* CJSort.m in Sources */,
				F0D29A511BE3224400EB4A67 /* CJHomeNavItem.m in Sources */,
				F0D29A571BE3224400EB4A67 /* CJNavigtionController.m in Sources */,
				F0D29A491BE3224400EB4A67 /* CJCityGroup.m in Sources */,
				F0D29A551BE3224400EB4A67 /* UIView+Extension.m in Sources */,
				F0D29A591BE3224400EB4A67 /* DPAPI.m in Sources */,
				F0D29A641BE3224400EB4A67 /* NSObject+MJProperty.m in Sources */,
				F0D29A4D1BE3224400EB4A67 /* CJHomeDropDown.m in Sources */,
				F0D29A3F1BE3224400EB4A67 /* CJCategoryViewController.m in Sources */,
				F0D29A5F1BE3224400EB4A67 /* MJPropertyKey.m in Sources */,
				F0D29A481BE3224400EB4A67 /* CJCity.m in Sources */,
				F0D29A601BE3224400EB4A67 /* MJPropertyType.m in Sources */,
				F0D29A4C1BE3224400EB4A67 /* CJMetaTool.m in Sources */,
				F0D29A5C1BE3224400EB4A67 /* MJExtensionConst.m in Sources */,
				F0D29A461BE3224400EB4A67 /* CJSortViewController.m in Sources */,
				F0D29A531BE3224400EB4A67 /* UIBarButtonItem+Extension.m in Sources */,
				F0D29A441BE3224400EB4A67 /* CJRegionController.m in Sources */,
				F0D29A541BE3224400EB4A67 /* UIView+AutoLayout.m in Sources */,
				F0D29A5B1BE3224400EB4A67 /* MJDictionaryCache.m in Sources */,
				F0D29A471BE3224400EB4A67 /* CJCategory.m in Sources */,
				F0D29A5A1BE3224400EB4A67 /* DPRequest.m in Sources */,
				F0D29A5E1BE3224400EB4A67 /* MJProperty.m in Sources */,
				F0D29A561BE3224400EB4A67 /* CJConst.m in Sources */,
				F0D29A621BE3224400EB4A67 /* NSObject+MJCoding.m in Sources */,
				F0D29A411BE3224400EB4A67 /* CJCityViewController.m in Sources */,
				F0D29A431BE3224400EB4A67 /* CJHomeViewController.m in Sources */,
				F0D29A661BE3224400EB4A67 /* main.m in Sources */,
				F0D29A401BE3224400EB4A67 /* CJCitySearchResultViewController.m in Sources */,
			);
			runOnlyForDeploymentPostprocessing = 0;
		};
		F044559B1BDFBA7A00BFDA6E /* Sources */ = {
			isa = PBXSourcesBuildPhase;
			buildActionMask = 2147483647;
			files = (
				F04455A61BDFBA7A00BFDA6E /* __HDTests.m in Sources */,
			);
			runOnlyForDeploymentPostprocessing = 0;
		};
/* End PBXSourcesBuildPhase section */

/* Begin PBXTargetDependency section */
		F04455A11BDFBA7A00BFDA6E /* PBXTargetDependency */ = {
			isa = PBXTargetDependency;
			target = F04455851BDFBA7900BFDA6E /* 美团HD */;
			targetProxy = F04455A01BDFBA7A00BFDA6E /* PBXContainerItemProxy */;
		};
/* End PBXTargetDependency section */

/* Begin XCBuildConfiguration section */
		F04455A71BDFBA7A00BFDA6E /* Debug */ = {
			isa = XCBuildConfiguration;
			buildSettings = {
				ALWAYS_SEARCH_USER_PATHS = NO;
				CLANG_CXX_LANGUAGE_STANDARD = "gnu++0x";
				CLANG_CXX_LIBRARY = "libc++";
				CLANG_ENABLE_MODULES = YES;
				CLANG_ENABLE_OBJC_ARC = YES;
				CLANG_WARN_BOOL_CONVERSION = YES;
				CLANG_WARN_CONSTANT_CONVERSION = YES;
				CLANG_WARN_DIRECT_OBJC_ISA_USAGE = YES_ERROR;
				CLANG_WARN_EMPTY_BODY = YES;
				CLANG_WARN_ENUM_CONVERSION = YES;
				CLANG_WARN_INT_CONVERSION = YES;
				CLANG_WARN_OBJC_ROOT_CLASS = YES_ERROR;
				CLANG_WARN_UNREACHABLE_CODE = YES;
				CLANG_WARN__DUPLICATE_METHOD_MATCH = YES;
				"CODE_SIGN_IDENTITY[sdk=iphoneos*]" = "iPhone Developer";
				COPY_PHASE_STRIP = NO;
				DEBUG_INFORMATION_FORMAT = "dwarf-with-dsym";
				ENABLE_STRICT_OBJC_MSGSEND = YES;
				GCC_C_LANGUAGE_STANDARD = gnu99;
				GCC_DYNAMIC_NO_PIC = NO;
				GCC_NO_COMMON_BLOCKS = YES;
				GCC_OPTIMIZATION_LEVEL = 0;
				GCC_PREPROCESSOR_DEFINITIONS = (
					"DEBUG=1",
					"$(inherited)",
				);
				GCC_SYMBOLS_PRIVATE_EXTERN = NO;
				GCC_WARN_64_TO_32_BIT_CONVERSION = YES;
				GCC_WARN_ABOUT_RETURN_TYPE = YES_ERROR;
				GCC_WARN_UNDECLARED_SELECTOR = YES;
				GCC_WARN_UNINITIALIZED_AUTOS = YES_AGGRESSIVE;
				GCC_WARN_UNUSED_FUNCTION = YES;
				GCC_WARN_UNUSED_VARIABLE = YES;
				IPHONEOS_DEPLOYMENT_TARGET = 8.4;
				MTL_ENABLE_DEBUG_INFO = YES;
				ONLY_ACTIVE_ARCH = YES;
				SDKROOT = iphoneos;
			};
			name = Debug;
		};
		F04455A81BDFBA7A00BFDA6E /* Release */ = {
			isa = XCBuildConfiguration;
			buildSettings = {
				ALWAYS_SEARCH_USER_PATHS = NO;
				CLANG_CXX_LANGUAGE_STANDARD = "gnu++0x";
				CLANG_CXX_LIBRARY = "libc++";
				CLANG_ENABLE_MODULES = YES;
				CLANG_ENABLE_OBJC_ARC = YES;
				CLANG_WARN_BOOL_CONVERSION = YES;
				CLANG_WARN_CONSTANT_CONVERSION = YES;
				CLANG_WARN_DIRECT_OBJC_ISA_USAGE = YES_ERROR;
				CLANG_WARN_EMPTY_BODY = YES;
				CLANG_WARN_ENUM_CONVERSION = YES;
				CLANG_WARN_INT_CONVERSION = YES;
				CLANG_WARN_OBJC_ROOT_CLASS = YES_ERROR;
				CLANG_WARN_UNREACHABLE_CODE = YES;
				CLANG_WARN__DUPLICATE_METHOD_MATCH = YES;
				"CODE_SIGN_IDENTITY[sdk=iphoneos*]" = "iPhone Developer";
				COPY_PHASE_STRIP = NO;
				DEBUG_INFORMATION_FORMAT = "dwarf-with-dsym";
				ENABLE_NS_ASSERTIONS = NO;
				ENABLE_STRICT_OBJC_MSGSEND = YES;
				GCC_C_LANGUAGE_STANDARD = gnu99;
				GCC_NO_COMMON_BLOCKS = YES;
				GCC_WARN_64_TO_32_BIT_CONVERSION = YES;
				GCC_WARN_ABOUT_RETURN_TYPE = YES_ERROR;
				GCC_WARN_UNDECLARED_SELECTOR = YES;
				GCC_WARN_UNINITIALIZED_AUTOS = YES_AGGRESSIVE;
				GCC_WARN_UNUSED_FUNCTION = YES;
				GCC_WARN_UNUSED_VARIABLE = YES;
				IPHONEOS_DEPLOYMENT_TARGET = 8.4;
				MTL_ENABLE_DEBUG_INFO = NO;
				SDKROOT = iphoneos;
				VALIDATE_PRODUCT = YES;
			};
			name = Release;
		};
		F04455AA1BDFBA7A00BFDA6E /* Debug */ = {
			isa = XCBuildConfiguration;
			buildSettings = {
				ASSETCATALOG_COMPILER_APPICON_NAME = AppIcon;
				ASSETCATALOG_COMPILER_LAUNCHIMAGE_NAME = LaunchImage;
				GCC_VERSION = "";
				INFOPLIST_FILE = "美团HD/Info.plist";
				IPHONEOS_DEPLOYMENT_TARGET = 8.4;
				LD_RUNPATH_SEARCH_PATHS = "$(inherited) @executable_path/Frameworks";
				PRODUCT_NAME = "$(TARGET_NAME)";
				TARGETED_DEVICE_FAMILY = 2;
			};
			name = Debug;
		};
		F04455AB1BDFBA7A00BFDA6E /* Release */ = {
			isa = XCBuildConfiguration;
			buildSettings = {
				ASSETCATALOG_COMPILER_APPICON_NAME = AppIcon;
				ASSETCATALOG_COMPILER_LAUNCHIMAGE_NAME = LaunchImage;
				GCC_VERSION = "";
				INFOPLIST_FILE = "美团HD/Info.plist";
				IPHONEOS_DEPLOYMENT_TARGET = 8.4;
				LD_RUNPATH_SEARCH_PATHS = "$(inherited) @executable_path/Frameworks";
				PRODUCT_NAME = "$(TARGET_NAME)";
				TARGETED_DEVICE_FAMILY = 2;
			};
			name = Release;
		};
		F04455AD1BDFBA7A00BFDA6E /* Debug */ = {
			isa = XCBuildConfiguration;
			buildSettings = {
				BUNDLE_LOADER = "$(TEST_HOST)";
				FRAMEWORK_SEARCH_PATHS = (
					"$(SDKROOT)/Developer/Library/Frameworks",
					"$(inherited)",
				);
				GCC_PREPROCESSOR_DEFINITIONS = (
					"DEBUG=1",
					"$(inherited)",
				);
				INFOPLIST_FILE = "美团HDTests/Info.plist";
				LD_RUNPATH_SEARCH_PATHS = "$(inherited) @executable_path/Frameworks @loader_path/Frameworks";
				PRODUCT_NAME = "$(TARGET_NAME)";
				TEST_HOST = "$(BUILT_PRODUCTS_DIR)/美团HD.app/美团HD";
			};
			name = Debug;
		};
		F04455AE1BDFBA7A00BFDA6E /* Release */ = {
			isa = XCBuildConfiguration;
			buildSettings = {
				BUNDLE_LOADER = "$(TEST_HOST)";
				FRAMEWORK_SEARCH_PATHS = (
					"$(SDKROOT)/Developer/Library/Frameworks",
					"$(inherited)",
				);
				INFOPLIST_FILE = "美团HDTests/Info.plist";
				LD_RUNPATH_SEARCH_PATHS = "$(inherited) @executable_path/Frameworks @loader_path/Frameworks";
				PRODUCT_NAME = "$(TARGET_NAME)";
				TEST_HOST = "$(BUILT_PRODUCTS_DIR)/美团HD.app/美团HD";
			};
			name = Release;
		};
/* End XCBuildConfiguration section */

/* Begin XCConfigurationList section */
		F04455811BDFBA7900BFDA6E /* Build configuration list for PBXProject "美团HD" */ = {
			isa = XCConfigurationList;
			buildConfigurations = (
				F04455A71BDFBA7A00BFDA6E /* Debug */,
				F04455A81BDFBA7A00BFDA6E /* Release */,
			);
			defaultConfigurationIsVisible = 0;
			defaultConfigurationName = Release;
		};
		F04455A91BDFBA7A00BFDA6E /* Build configuration list for PBXNativeTarget "美团HD" */ = {
			isa = XCConfigurationList;
			buildConfigurations = (
				F04455AA1BDFBA7A00BFDA6E /* Debug */,
				F04455AB1BDFBA7A00BFDA6E /* Release */,
			);
			defaultConfigurationIsVisible = 0;
			defaultConfigurationName = Release;
		};
		F04455AC1BDFBA7A00BFDA6E /* Build configuration list for PBXNativeTarget "美团HDTests" */ = {
			isa = XCConfigurationList;
			buildConfigurations = (
				F04455AD1BDFBA7A00BFDA6E /* Debug */,
				F04455AE1BDFBA7A00BFDA6E /* Release */,
			);
			defaultConfigurationIsVisible = 0;
			defaultConfigurationName = Release;
		};
/* End XCConfigurationList section */
	};
	rootObject = F044557E1BDFBA7900BFDA6E /* Project object */;
}
