// !$*UTF8*$!
{
	archiveVersion = 1;
	classes = {
	};
	objectVersion = 46;
	objects = {

/* Begin PBXBuildFile section */
		F04455971BDFBA7A00BFDA6E /* Images.xcassets in Resources */ = {isa = PBXBuildFile; fileRef = F04455961BDFBA7A00BFDA6E /* Images.xcassets */; };
		F04455A61BDFBA7A00BFDA6E /* __HDTests.m in Sources */ = {isa = PBXBuildFile; fileRef = F04455A51BDFBA7A00BFDA6E /* __HDTests.m */; };
		F05240C11BE0B0A80002CC18 /* categories.plist in Resources */ = {isa = PBXBuildFile; fileRef = F05240BD1BE0B0A80002CC18 /* categories.plist */; };
		F05240C21BE0B0A80002CC18 /* cities.plist in Resources */ = {isa = PBXBuildFile; fileRef = F05240BE1BE0B0A80002CC18 /* cities.plist */; };
		F05240C31BE0B0A80002CC18 /* cityGroups.plist in Resources */ = {isa = PBXBuildFile; fileRef = F05240BF1BE0B0A80002CC18 /* cityGroups.plist */; };
		F05240C41BE0B0A80002CC18 /* sorts.plist in Resources */ = {isa = PBXBuildFile; fileRef = F05240C01BE0B0A80002CC18 /* sorts.plist */; };
		F0D29A3F1BE3224400EB4A67 /* CJCategoryViewController.m in Sources */ = {isa = PBXBuildFile; fileRef = F0D299E91BE3224400EB4A67 /* CJCategoryViewController.m */; };
		F0D29A401BE3224400EB4A67 /* CJCitySearchResultViewController.m in Sources */ = {isa = PBXBuildFile; fileRef = F0D299EB1BE3224400EB4A67 /* CJCitySearchResultViewController.m */; };
		F0D29A411BE3224400EB4A67 /* CJCityViewController.m in Sources */ = {isa = PBXBuildFile; fileRef = F0D299ED1BE3224400EB4A67 /* CJCityViewController.m */; };
		F0D29A421BE3224400EB4A67 /* CJCityViewController.xib in Resources */ = {isa = PBXBuildFile; fileRef = F0D299EE1BE3224400EB4A67 /* CJCityViewController.xib */; };
		F0D29A431BE3224400EB4A67 /* CJHomeViewController.m in Sources */ = {isa = PBXBuildFile; fileRef = F0D299F01BE3224400EB4A67 /* CJHomeViewController.m */; };
		F0D29A441BE3224400EB4A67 /* CJRegionController.m in Sources */ = {isa = PBXBuildFile; fileRef = F0D299F21BE3224400EB4A67 /* CJRegionController.m */; };
		F0D29A451BE3224400EB4A67 /* CJRegionController.xib in Resources */ = {isa = PBXBuildFile; fileRef = F0D299F31BE3224400EB4A67 /* CJRegionController.xib */; };
		F0D29A461BE3224400EB4A67 /* CJSortViewController.m in Sources */ = {isa = PBXBuildFile; fileRef = F0D299F51BE3224400EB4A67 /* CJSortViewController.m */; };
		F0D29A471BE3224400EB4A67 /* CJCategory.m in Sources */ = {isa = PBXBuildFile; fileRef = F0D299F81BE3224400EB4A67 /* CJCategory.m */; };
		F0D29A481BE3224400EB4A67 /* CJCity.m in Sources */ = {isa = PBXBuildFile; fileRef = F0D299FA1BE3224400EB4A67 /* CJCity.m */; };
		F0D29A491BE3224400EB4A67 /* CJCityGroup.m in Sources */ = {isa = PBXBuildFile; fileRef = F0D299FC1BE3224400EB4A67 /* CJCityGroup.m */; };
		F0D29A4A1BE3224400EB4A67 /* CJRegion.m in Sources */ = {isa = PBXBuildFile; fileRef = F0D299FE1BE3224400EB4A67 /* CJRegion.m */; };
		F0D29A4B1BE3224400EB4A67 /* CJSort.m in Sources */ = {isa = PBXBuildFile; fileRef = F0D29A001BE3224400EB4A67 /* CJSort.m */; };
		F0D29A4C1BE3224400EB4A67 /* CJMetaTool.m in Sources */ = {isa = PBXBuildFile; fileRef = F0D29A031BE3224400EB4A67 /* CJMetaTool.m */; };
		F0D29A4D1BE3224400EB4A67 /* CJHomeDropDown.m in Sources */ = {isa = PBXBuildFile; fileRef = F0D29A061BE3224400EB4A67 /* CJHomeDropDown.m */; };
		F0D29A4E1BE3224400EB4A67 /* CJHomeDropDown.xib in Resources */ = {isa = PBXBuildFile; fileRef = F0D29A071BE3224400EB4A67 /* CJHomeDropDown.xib */; };
		F0D29A4F1BE3224400EB4A67 /* CJHomeDropDownMainCell.m in Sources */ = {isa = PBXBuildFile; fileRef = F0D29A091BE3224400EB4A67 /* CJHomeDropDownMainCell.m */; };
		F0D29A501BE3224400EB4A67 /* CJHomeDropDownSubCell.m in Sources */ = {isa = PBXBuildFile; fileRef = F0D29A0B1BE3224400EB4A67 /* CJHomeDropDownSubCell.m */; };
		F0D29A511BE3224400EB4A67 /* CJHomeNavItem.m in Sources */ = {isa = PBXBuildFile; fileRef = F0D29A0D1BE3224400EB4A67 /* CJHomeNavItem.m */; };
		F0D29A521BE3224400EB4A67 /* CJHomeNavItem.xib in Resources */ = {isa = PBXBuildFile; fileRef = F0D29A0E1BE3224400EB4A67 /* CJHomeNavItem.xib */; };
		F0D29A531BE3224400EB4A67 /* UIBarButtonItem+Extension.m in Sources */ = {isa = PBXBuildFile; fileRef = F0D29A121BE3224400EB4A67 /* UIBarButtonItem+Extension.m */; };
		F0D29A541BE3224400EB4A67 /* UIView+AutoLayout.m in Sources */ = {isa = PBXBuildFile; fileRef = F0D29A141BE3224400EB4A67 /* UIView+AutoLayout.m */; };
		F0D29A551BE3224400EB4A67 /* UIView+Extension.m in Sources */ = {isa = PBXBuildFile; fileRef = F0D29A161BE3224400EB4A67 /* UIView+Extension.m */; };
		F0D29A561BE3224400EB4A67 /* CJConst.m in Sources */ = {isa = PBXBuildFile; fileRef = F0D29A181BE3224400EB4A67 /* CJConst.m */; };
		F0D29A571BE3224400EB4A67 /* CJNavigtionController.m in Sources */ = {isa = PBXBuildFile; fileRef = F0D29A1B1BE3224400EB4A67 /* CJNavigtionController.m */; };
		F0D29A581BE3224400EB4A67 /* AppDelegate.m in Sources */ = {isa = PBXBuildFile; fileRef = F0D29A1E1BE3224400EB4A67 /* AppDelegate.m */; };
		F0D29A591BE3224400EB4A67 /* DPAPI.m in Sources */ = {isa = PBXBuildFile; fileRef = F0D29A221BE3224400EB4A67 /* DPAPI.m */; };
		F0D29A5A1BE3224400EB4A67 /* DPRequest.m in Sources */ = {isa = PBXBuildFile; fileRef = F0D29A251BE3224400EB4A67 /* DPRequest.m */; };
		F0D29A5B1BE3224400EB4A67 /* MJDictionaryCache.m in Sources */ = {isa = PBXBuildFile; fileRef = F0D29A281BE3224400EB4A67 /* MJDictionaryCache.m */; };
		F0D29A5C1BE3224400EB4A67 /* MJExtensionConst.m in Sources */ = {isa = PBXBuildFile; fileRef = F0D29A2B1BE3224400EB4A67 /* MJExtensionConst.m */; };
		F0D29A5D1BE3224400EB4A67 /* MJFoundation.m in Sources */ = {isa = PBXBuildFile; fileRef = F0D29A2D1BE3224400EB4A67 /* MJFoundation.m */; };
		F0D29A5E1BE3224400EB4A67 /* MJProperty.m in Sources */ = {isa = PBXBuildFile; fileRef = F0D29A2F1BE3224400EB4A67 /* MJProperty.m */; };
		F0D29A5F1BE3224400EB4A67 /* MJPropertyKey.m in Sources */ = {isa = PBXBuildFile; fileRef = F0D29A311BE3224400EB4A67 /* MJPropertyKey.m */; };
		F0D29A601BE3224400EB4A67 /* MJPropertyType.m in Sources */ = {isa = PBXBuildFile; fileRef = F0D29A331BE3224400EB4A67 /* MJPropertyType.m */; };
		F0D29A611BE3224400EB4A67 /* NSObject+MJClass.m in Sources */ = {isa = PBXBuildFile; fileRef = F0D29A351BE3224400EB4A67 /* NSObject+MJClass.m */; };
		F0D29A621BE3224400EB4A67 /* NSObject+MJCoding.m in Sources */ = {isa = PBXBuildFile; fileRef = F0D29A371BE3224400EB4A67 /* NSObject+MJCoding.m */; };
		F0D29A631BE3224400EB4A67 /* NSObject+MJKeyValue.m in Sources */ = {isa = PBXBuildFile; fileRef = F0D29A391BE3224400EB4A67 /* NSObject+MJKeyValue.m */; };
		F0D29A641BE3224400EB4A67 /* NSObject+MJProperty.m in Sources */ = {isa = PBXBuildFile; fileRef = F0D29A3B1BE3224400EB4A67 /* NSObject+MJProperty.m */; };
		F0D29A651BE3224400EB4A67 /* NSString+MJExtension.m in Sources */ = {isa = PBXBuildFile; fileRef = F0D29A3D1BE3224400EB4A67 /* NSString+MJExtension.m */; };
		F0D29A661BE3224400EB4A67 /* main.m in Sources */ = {isa = PBXBuildFile; fileRef = F0D29A3E1BE3224400EB4A67 /* main.m */; };
		F0D29A681BE3313700EB4A67 /* Foundation+Log.m in Sources */ = {isa = PBXBuildFile; fileRef = F0D29A671BE3313700EB4A67 /* Foundation+Log.m */; };
		F0D29A6C1BE3889600EB4A67 /* CJDealCell.m in Sources */ = {isa = PBXBuildFile; fileRef = F0D29A6A1BE3889600EB4A67 /* CJDealCell.m */; };
		F0D29A6D1BE3889600EB4A67 /* CJDealCell.xib in Resources */ = {isa = PBXBuildFile; fileRef = F0D29A6B1BE3889600EB4A67 /* CJDealCell.xib */; };
		F0D29A701BE3892700EB4A67 /* CJDeal.m in Sources */ = {isa = PBXBuildFile; fileRef = F0D29A6F1BE3892700EB4A67 /* CJDeal.m */; };
		F0D29A931BE389F100EB4A67 /* MKAnnotationView+WebCache.m in Sources */ = {isa = PBXBuildFile; fileRef = F0D29A731BE389F100EB4A67 /* MKAnnotationView+WebCache.m */; };
		F0D29A941BE389F100EB4A67 /* NSData+ImageContentType.m in Sources */ = {isa = PBXBuildFile; fileRef = F0D29A751BE389F100EB4A67 /* NSData+ImageContentType.m */; };
		F0D29A951BE389F100EB4A67 /* SDImageCache.m in Sources */ = {isa = PBXBuildFile; fileRef = F0D29A771BE389F100EB4A67 /* SDImageCache.m */; };
		F0D29A961BE389F100EB4A67 /* SDWebImageCompat.m in Sources */ = {isa = PBXBuildFile; fileRef = F0D29A791BE389F100EB4A67 /* SDWebImageCompat.m */; };
		F0D29A971BE389F100EB4A67 /* SDWebImageDecoder.m in Sources */ = {isa = PBXBuildFile; fileRef = F0D29A7B1BE389F100EB4A67 /* SDWebImageDecoder.m */; };
		F0D29A981BE389F100EB4A67 /* SDWebImageDownloader.m in Sources */ = {isa = PBXBuildFile; fileRef = F0D29A7D1BE389F100EB4A67 /* SDWebImageDownloader.m */; };
		F0D29A991BE389F100EB4A67 /* SDWebImageDownloaderOperation.m in Sources */ = {isa = PBXBuildFile; fileRef = F0D29A7F1BE389F100EB4A67 /* SDWebImageDownloaderOperation.m */; };
		F0D29A9A1BE389F100EB4A67 /* SDWebImageManager.m in Sources */ = {isa = PBXBuildFile; fileRef = F0D29A811BE389F100EB4A67 /* SDWebImageManager.m */; };
		F0D29A9B1BE389F100EB4A67 /* SDWebImagePrefetcher.m in Sources */ = {isa = PBXBuildFile; fileRef = F0D29A841BE389F100EB4A67 /* SDWebImagePrefetcher.m */; };
		F0D29A9C1BE389F100EB4A67 /* UIButton+WebCache.m in Sources */ = {isa = PBXBuildFile; fileRef = F0D29A861BE389F100EB4A67 /* UIButton+WebCache.m */; };
		F0D29A9D1BE389F100EB4A67 /* UIImage+GIF.m in Sources */ = {isa = PBXBuildFile; fileRef = F0D29A881BE389F100EB4A67 /* UIImage+GIF.m */; };
		F0D29A9E1BE389F100EB4A67 /* UIImage+MultiFormat.m in Sources */ = {isa = PBXBuildFile; fileRef = F0D29A8A1BE389F100EB4A67 /* UIImage+MultiFormat.m */; };
		F0D29A9F1BE389F100EB4A67 /* UIImage+WebP.m in Sources */ = {isa = PBXBuildFile; fileRef = F0D29A8C1BE389F100EB4A67 /* UIImage+WebP.m */; };
		F0D29AA01BE389F100EB4A67 /* UIImageView+HighlightedWebCache.m in Sources */ = {isa = PBXBuildFile; fileRef = F0D29A8E1BE389F100EB4A67 /* UIImageView+HighlightedWebCache.m */; };
		F0D29AA11BE389F100EB4A67 /* UIImageView+WebCache.m in Sources */ = {isa = PBXBuildFile; fileRef = F0D29A901BE389F100EB4A67 /* UIImageView+WebCache.m */; };
		F0D29AA21BE389F100EB4A67 /* UIView+WebCacheOperation.m in Sources */ = {isa = PBXBuildFile; fileRef = F0D29A921BE389F100EB4A67 /* UIView+WebCacheOperation.m */; };
		F0D29AA51BE3940200EB4A67 /* CJCenterLineLabel.m in Sources */ = {isa = PBXBuildFile; fileRef = F0D29AA41BE3940200EB4A67 /* CJCenterLineLabel.m */; };
		F0D29AFB1BE39ECD00EB4A67 /* MJRefreshAutoFooter.m in Sources */ = {isa = PBXBuildFile; fileRef = F0D29AD11BE39ECD00EB4A67 /* MJRefreshAutoFooter.m */; };
		F0D29AFC1BE39ECD00EB4A67 /* MJRefreshBackFooter.m in Sources */ = {isa = PBXBuildFile; fileRef = F0D29AD31BE39ECD00EB4A67 /* MJRefreshBackFooter.m */; };
		F0D29AFD1BE39ECD00EB4A67 /* MJRefreshComponent.m in Sources */ = {isa = PBXBuildFile; fileRef = F0D29AD51BE39ECD00EB4A67 /* MJRefreshComponent.m */; };
		F0D29AFE1BE39ECD00EB4A67 /* MJRefreshFooter.m in Sources */ = {isa = PBXBuildFile; fileRef = F0D29AD71BE39ECD00EB4A67 /* MJRefreshFooter.m */; };
		F0D29AFF1BE39ECD00EB4A67 /* MJRefreshHeader.m in Sources */ = {isa = PBXBuildFile; fileRef = F0D29AD91BE39ECD00EB4A67 /* MJRefreshHeader.m */; };
		F0D29B001BE39ECD00EB4A67 /* MJRefreshAutoGifFooter.m in Sources */ = {isa = PBXBuildFile; fileRef = F0D29ADE1BE39ECD00EB4A67 /* MJRefreshAutoGifFooter.m */; };
		F0D29B011BE39ECD00EB4A67 /* MJRefreshAutoNormalFooter.m in Sources */ = {isa = PBXBuildFile; fileRef = F0D29AE01BE39ECD00EB4A67 /* MJRefreshAutoNormalFooter.m */; };
		F0D29B021BE39ECD00EB4A67 /* MJRefreshAutoStateFooter.m in Sources */ = {isa = PBXBuildFile; fileRef = F0D29AE21BE39ECD00EB4A67 /* MJRefreshAutoStateFooter.m */; };
		F0D29B031BE39ECD00EB4A67 /* MJRefreshBackGifFooter.m in Sources */ = {isa = PBXBuildFile; fileRef = F0D29AE51BE39ECD00EB4A67 /* MJRefreshBackGifFooter.m */; };
		F0D29B041BE39ECD00EB4A67 /* MJRefreshBackNormalFooter.m in Sources */ = {isa = PBXBuildFile; fileRef = F0D29AE71BE39ECD00EB4A67 /* MJRefreshBackNormalFooter.m */; };
		F0D29B051BE39ECD00EB4A67 /* MJRefreshBackStateFooter.m in Sources */ = {isa = PBXBuildFile; fileRef = F0D29AE91BE39ECD00EB4A67 /* MJRefreshBackStateFooter.m */; };
		F0D29B061BE39ECD00EB4A67 /* MJRefreshGifHeader.m in Sources */ = {isa = PBXBuildFile; fileRef = F0D29AEC1BE39ECD00EB4A67 /* MJRefreshGifHeader.m */; };
		F0D29B071BE39ECD00EB4A67 /* MJRefreshNormalHeader.m in Sources */ = {isa = PBXBuildFile; fileRef = F0D29AEE1BE39ECD00EB4A67 /* MJRefreshNormalHeader.m */; };
		F0D29B081BE39ECD00EB4A67 /* MJRefreshStateHeader.m in Sources */ = {isa = PBXBuildFile; fileRef = F0D29AF01BE39ECD00EB4A67 /* MJRefreshStateHeader.m */; };
		F0D29B091BE39ECD00EB4A67 /* MJRefresh.bundle in Resources */ = {isa = PBXBuildFile; fileRef = F0D29AF11BE39ECD00EB4A67 /* MJRefresh.bundle */; };
		F0D29B0A1BE39ECD00EB4A67 /* MJRefreshConst.m in Sources */ = {isa = PBXBuildFile; fileRef = F0D29AF41BE39ECD00EB4A67 /* MJRefreshConst.m */; };
		F0D29B0B1BE39ECD00EB4A67 /* UIScrollView+MJExtension.m in Sources */ = {isa = PBXBuildFile; fileRef = F0D29AF61BE39ECD00EB4A67 /* UIScrollView+MJExtension.m */; };
		F0D29B0C1BE39ECD00EB4A67 /* UIScrollView+MJRefresh.m in Sources */ = {isa = PBXBuildFile; fileRef = F0D29AF81BE39ECD00EB4A67 /* UIScrollView+MJRefresh.m */; };
		F0D29B0D1BE39ECD00EB4A67 /* UIView+MJExtension.m in Sources */ = {isa = PBXBuildFile; fileRef = F0D29AFA1BE39ECD00EB4A67 /* UIView+MJExtension.m */; };
		F0D29B121BE3AA1300EB4A67 /* CJSearchViewController.m in Sources */ = {isa = PBXBuildFile; fileRef = F0D29B111BE3AA1300EB4A67 /* CJSearchViewController.m */; };
		F0D29B151BE3ADD000EB4A67 /* CJDealsViewController.m in Sources */ = {isa = PBXBuildFile; fileRef = F0D29B141BE3ADD000EB4A67 /* CJDealsViewController.m */; };
		F0EF86641BE4ADF50022FA7A /* CJDetailViewController.m in Sources */ = {isa = PBXBuildFile; fileRef = F0EF86621BE4ADF50022FA7A /* CJDetailViewController.m */; };
		F0EF86651BE4ADF50022FA7A /* CJDetailViewController.xib in Resources */ = {isa = PBXBuildFile; fileRef = F0EF86631BE4ADF50022FA7A /* CJDetailViewController.xib */; };
		F0EF866C1BE4D8E40022FA7A /* MBProgressHUD+MJ.m in Sources */ = {isa = PBXBuildFile; fileRef = F0EF86681BE4D8E40022FA7A /* MBProgressHUD+MJ.m */; };
		F0EF866D1BE4D8E40022FA7A /* MBProgressHUD.bundle in Resources */ = {isa = PBXBuildFile; fileRef = F0EF86691BE4D8E40022FA7A /* MBProgressHUD.bundle */; };
		F0EF866E1BE4D8E40022FA7A /* MBProgressHUD.m in Sources */ = {isa = PBXBuildFile; fileRef = F0EF866B1BE4D8E40022FA7A /* MBProgressHUD.m */; };
		F0EF86711BE4D96F0022FA7A /* CJRestrictions.m in Sources */ = {isa = PBXBuildFile; fileRef = F0EF86701BE4D96F0022FA7A /* CJRestrictions.m */; };
		F0EF867E1BE4DDA50022FA7A /* FMDatabase.m in Sources */ = {isa = PBXBuildFile; fileRef = F0EF86741BE4DDA50022FA7A /* FMDatabase.m */; };
		F0EF867F1BE4DDA50022FA7A /* FMDatabaseAdditions.m in Sources */ = {isa = PBXBuildFile; fileRef = F0EF86761BE4DDA50022FA7A /* FMDatabaseAdditions.m */; };
		F0EF86801BE4DDA50022FA7A /* FMDatabasePool.m in Sources */ = {isa = PBXBuildFile; fileRef = F0EF86781BE4DDA50022FA7A /* FMDatabasePool.m */; };
		F0EF86811BE4DDA50022FA7A /* FMDatabaseQueue.m in Sources */ = {isa = PBXBuildFile; fileRef = F0EF867A1BE4DDA50022FA7A /* FMDatabaseQueue.m */; };
		F0EF86821BE4DDA50022FA7A /* FMResultSet.m in Sources */ = {isa = PBXBuildFile; fileRef = F0EF867D1BE4DDA50022FA7A /* FMResultSet.m */; };
		F0EF86861BE4DF190022FA7A /* CJDealTool.m in Sources */ = {isa = PBXBuildFile; fileRef = F0EF86851BE4DF190022FA7A /* CJDealTool.m */; };
		F0EF86881BE4EC640022FA7A /* libsqlite3.dylib in Frameworks */ = {isa = PBXBuildFile; fileRef = F0EF86871BE4EC640022FA7A /* libsqlite3.dylib */; };
/* End PBXBuildFile section */

/* Begin PBXContainerItemProxy section */
		F04455A01BDFBA7A00BFDA6E /* PBXContainerItemProxy */ = {
			isa = PBXContainerItemProxy;
			containerPortal = F044557E1BDFBA7900BFDA6E /* Project object */;
			proxyType = 1;
			remoteGlobalIDString = F04455851BDFBA7900BFDA6E;
			remoteInfo = "美团HD";
		};
/* End PBXContainerItemProxy section */

/* Begin PBXFileReference section */
		F04455861BDFBA7900BFDA6E /* 美团HD.app */ = {isa = PBXFileReference; explicitFileType = wrapper.application; includeInIndex = 0; path = "美团HD.app"; sourceTree = BUILT_PRODUCTS_DIR; };
		F044558A1BDFBA7900BFDA6E /* Info.plist */ = {isa = PBXFileReference; lastKnownFileType = text.plist.xml; path = Info.plist; sourceTree = "<group>"; };
		F04455961BDFBA7A00BFDA6E /* Images.xcassets */ = {isa = PBXFileReference; lastKnownFileType = folder.assetcatalog; path = Images.xcassets; sourceTree = "<group>"; };
		F044559F1BDFBA7A00BFDA6E /* 美团HDTests.xctest */ = {isa = PBXFileReference; explicitFileType = wrapper.cfbundle; includeInIndex = 0; path = "美团HDTests.xctest"; sourceTree = BUILT_PRODUCTS_DIR; };
		F04455A41BDFBA7A00BFDA6E /* Info.plist */ = {isa = PBXFileReference; lastKnownFileType = text.plist.xml; path = Info.plist; sourceTree = "<group>"; };
		F04455A51BDFBA7A00BFDA6E /* __HDTests.m */ = {isa = PBXFileReference; lastKnownFileType = sourcecode.c.objc; path = __HDTests.m; sourceTree = "<group>"; };
		F05240BD1BE0B0A80002CC18 /* categories.plist */ = {isa = PBXFileReference; fileEncoding = 4; lastKnownFileType = text.plist.xml; path = categories.plist; sourceTree = "<group>"; };
		F05240BE1BE0B0A80002CC18 /* cities.plist */ = {isa = PBXFileReference; fileEncoding = 4; lastKnownFileType = text.plist.xml; path = cities.plist; sourceTree = "<group>"; };
		F05240BF1BE0B0A80002CC18 /* cityGroups.plist */ = {isa = PBXFileReference; fileEncoding = 4; lastKnownFileType = text.plist.xml; path = cityGroups.plist; sourceTree = "<group>"; };
		F05240C01BE0B0A80002CC18 /* sorts.plist */ = {isa = PBXFileReference; fileEncoding = 4; lastKnownFileType = text.plist.xml; path = sorts.plist; sourceTree = "<group>"; };
		F0D299E81BE3224400EB4A67 /* CJCategoryViewController.h */ = {isa = PBXFileReference; fileEncoding = 4; lastKnownFileType = sourcecode.c.h; path = CJCategoryViewController.h; sourceTree = "<group>"; };
		F0D299E91BE3224400EB4A67 /* CJCategoryViewController.m */ = {isa = PBXFileReference; fileEncoding = 4; lastKnownFileType = sourcecode.c.objc; path = CJCategoryViewController.m; sourceTree = "<group>"; };
		F0D299EA1BE3224400EB4A67 /* CJCitySearchResultViewController.h */ = {isa = PBXFileReference; fileEncoding = 4; lastKnownFileType = sourcecode.c.h; path = CJCitySearchResultViewController.h; sourceTree = "<group>"; };
		F0D299EB1BE3224400EB4A67 /* CJCitySearchResultViewController.m */ = {isa = PBXFileReference; fileEncoding = 4; lastKnownFileType = sourcecode.c.objc; path = CJCitySearchResultViewController.m; sourceTree = "<group>"; };
		F0D299EC1BE3224400EB4A67 /* CJCityViewController.h */ = {isa = PBXFileReference; fileEncoding = 4; lastKnownFileType = sourcecode.c.h; path = CJCityViewController.h; sourceTree = "<group>"; };
		F0D299ED1BE3224400EB4A67 /* CJCityViewController.m */ = {isa = PBXFileReference; fileEncoding = 4; lastKnownFileType = sourcecode.c.objc; path = CJCityViewController.m; sourceTree = "<group>"; };
		F0D299EE1BE3224400EB4A67 /* CJCityViewController.xib */ = {isa = PBXFileReference; fileEncoding = 4; lastKnownFileType = file.xib; path = CJCityViewController.xib; sourceTree = "<group>"; };
		F0D299EF1BE3224400EB4A67 /* CJHomeViewController.h */ = {isa = PBXFileReference; fileEncoding = 4; lastKnownFileType = sourcecode.c.h; path = CJHomeViewController.h; sourceTree = "<group>"; };
		F0D299F01BE3224400EB4A67 /* CJHomeViewController.m */ = {isa = PBXFileReference; fileEncoding = 4; lastKnownFileType = sourcecode.c.objc; path = CJHomeViewController.m; sourceTree = "<group>"; };
		F0D299F11BE3224400EB4A67 /* CJRegionController.h */ = {isa = PBXFileReference; fileEncoding = 4; lastKnownFileType = sourcecode.c.h; path = CJRegionController.h; sourceTree = "<group>"; };
		F0D299F21BE3224400EB4A67 /* CJRegionController.m */ = {isa = PBXFileReference; fileEncoding = 4; lastKnownFileType = sourcecode.c.objc; path = CJRegionController.m; sourceTree = "<group>"; };
		F0D299F31BE3224400EB4A67 /* CJRegionController.xib */ = {isa = PBXFileReference; fileEncoding = 4; lastKnownFileType = file.xib; path = CJRegionController.xib; sourceTree = "<group>"; };
		F0D299F41BE3224400EB4A67 /* CJSortViewController.h */ = {isa = PBXFileReference; fileEncoding = 4; lastKnownFileType = sourcecode.c.h; path = CJSortViewController.h; sourceTree = "<group>"; };
		F0D299F51BE3224400EB4A67 /* CJSortViewController.m */ = {isa = PBXFileReference; fileEncoding = 4; lastKnownFileType = sourcecode.c.objc; path = CJSortViewController.m; sourceTree = "<group>"; };
		F0D299F71BE3224400EB4A67 /* CJCategory.h */ = {isa = PBXFileReference; fileEncoding = 4; lastKnownFileType = sourcecode.c.h; path = CJCategory.h; sourceTree = "<group>"; };
		F0D299F81BE3224400EB4A67 /* CJCategory.m */ = {isa = PBXFileReference; fileEncoding = 4; lastKnownFileType = sourcecode.c.objc; path = CJCategory.m; sourceTree = "<group>"; };
		F0D299F91BE3224400EB4A67 /* CJCity.h */ = {isa = PBXFileReference; fileEncoding = 4; lastKnownFileType = sourcecode.c.h; path = CJCity.h; sourceTree = "<group>"; };
		F0D299FA1BE3224400EB4A67 /* CJCity.m */ = {isa = PBXFileReference; fileEncoding = 4; lastKnownFileType = sourcecode.c.objc; path = CJCity.m; sourceTree = "<group>"; };
		F0D299FB1BE3224400EB4A67 /* CJCityGroup.h */ = {isa = PBXFileReference; fileEncoding = 4; lastKnownFileType = sourcecode.c.h; path = CJCityGroup.h; sourceTree = "<group>"; };
		F0D299FC1BE3224400EB4A67 /* CJCityGroup.m */ = {isa = PBXFileReference; fileEncoding = 4; lastKnownFileType = sourcecode.c.objc; path = CJCityGroup.m; sourceTree = "<group>"; };
		F0D299FD1BE3224400EB4A67 /* CJRegion.h */ = {isa = PBXFileReference; fileEncoding = 4; lastKnownFileType = sourcecode.c.h; path = CJRegion.h; sourceTree = "<group>"; };
		F0D299FE1BE3224400EB4A67 /* CJRegion.m */ = {isa = PBXFileReference; fileEncoding = 4; lastKnownFileType = sourcecode.c.objc; path = CJRegion.m; sourceTree = "<group>"; };
		F0D299FF1BE3224400EB4A67 /* CJSort.h */ = {isa = PBXFileReference; fileEncoding = 4; lastKnownFileType = sourcecode.c.h; path = CJSort.h; sourceTree = "<group>"; };
		F0D29A001BE3224400EB4A67 /* CJSort.m */ = {isa = PBXFileReference; fileEncoding = 4; lastKnownFileType = sourcecode.c.objc; path = CJSort.m; sourceTree = "<group>"; };
		F0D29A021BE3224400EB4A67 /* CJMetaTool.h */ = {isa = PBXFileReference; fileEncoding = 4; lastKnownFileType = sourcecode.c.h; path = CJMetaTool.h; sourceTree = "<group>"; };
		F0D29A031BE3224400EB4A67 /* CJMetaTool.m */ = {isa = PBXFileReference; fileEncoding = 4; lastKnownFileType = sourcecode.c.objc; path = CJMetaTool.m; sourceTree = "<group>"; };
		F0D29A051BE3224400EB4A67 /* CJHomeDropDown.h */ = {isa = PBXFileReference; fileEncoding = 4; lastKnownFileType = sourcecode.c.h; path = CJHomeDropDown.h; sourceTree = "<group>"; };
		F0D29A061BE3224400EB4A67 /* CJHomeDropDown.m */ = {isa = PBXFileReference; fileEncoding = 4; lastKnownFileType = sourcecode.c.objc; path = CJHomeDropDown.m; sourceTree = "<group>"; };
		F0D29A071BE3224400EB4A67 /* CJHomeDropDown.xib */ = {isa = PBXFileReference; fileEncoding = 4; lastKnownFileType = file.xib; path = CJHomeDropDown.xib; sourceTree = "<group>"; };
		F0D29A081BE3224400EB4A67 /* CJHomeDropDownMainCell.h */ = {isa = PBXFileReference; fileEncoding = 4; lastKnownFileType = sourcecode.c.h; path = CJHomeDropDownMainCell.h; sourceTree = "<group>"; };
		F0D29A091BE3224400EB4A67 /* CJHomeDropDownMainCell.m */ = {isa = PBXFileReference; fileEncoding = 4; lastKnownFileType = sourcecode.c.objc; path = CJHomeDropDownMainCell.m; sourceTree = "<group>"; };
		F0D29A0A1BE3224400EB4A67 /* CJHomeDropDownSubCell.h */ = {isa = PBXFileReference; fileEncoding = 4; lastKnownFileType = sourcecode.c.h; path = CJHomeDropDownSubCell.h; sourceTree = "<group>"; };
		F0D29A0B1BE3224400EB4A67 /* CJHomeDropDownSubCell.m */ = {isa = PBXFileReference; fileEncoding = 4; lastKnownFileType = sourcecode.c.objc; path = CJHomeDropDownSubCell.m; sourceTree = "<group>"; };
		F0D29A0C1BE3224400EB4A67 /* CJHomeNavItem.h */ = {isa = PBXFileReference; fileEncoding = 4; lastKnownFileType = sourcecode.c.h; path = CJHomeNavItem.h; sourceTree = "<group>"; };
		F0D29A0D1BE3224400EB4A67 /* CJHomeNavItem.m */ = {isa = PBXFileReference; fileEncoding = 4; lastKnownFileType = sourcecode.c.objc; path = CJHomeNavItem.m; sourceTree = "<group>"; };
		F0D29A0E1BE3224400EB4A67 /* CJHomeNavItem.xib */ = {isa = PBXFileReference; fileEncoding = 4; lastKnownFileType = file.xib; path = CJHomeNavItem.xib; sourceTree = "<group>"; };
		F0D29A111BE3224400EB4A67 /* UIBarButtonItem+Extension.h */ = {isa = PBXFileReference; fileEncoding = 4; lastKnownFileType = sourcecode.c.h; path = "UIBarButtonItem+Extension.h"; sourceTree = "<group>"; };
		F0D29A121BE3224400EB4A67 /* UIBarButtonItem+Extension.m */ = {isa = PBXFileReference; fileEncoding = 4; lastKnownFileType = sourcecode.c.objc; path = "UIBarButtonItem+Extension.m"; sourceTree = "<group>"; };
		F0D29A131BE3224400EB4A67 /* UIView+AutoLayout.h */ = {isa = PBXFileReference; fileEncoding = 4; lastKnownFileType = sourcecode.c.h; path = "UIView+AutoLayout.h"; sourceTree = "<group>"; };
		F0D29A141BE3224400EB4A67 /* UIView+AutoLayout.m */ = {isa = PBXFileReference; fileEncoding = 4; lastKnownFileType = sourcecode.c.objc; path = "UIView+AutoLayout.m"; sourceTree = "<group>"; };
		F0D29A151BE3224400EB4A67 /* UIView+Extension.h */ = {isa = PBXFileReference; fileEncoding = 4; lastKnownFileType = sourcecode.c.h; path = "UIView+Extension.h"; sourceTree = "<group>"; };
		F0D29A161BE3224400EB4A67 /* UIView+Extension.m */ = {isa = PBXFileReference; fileEncoding = 4; lastKnownFileType = sourcecode.c.objc; path = "UIView+Extension.m"; sourceTree = "<group>"; };
		F0D29A171BE3224400EB4A67 /* CJConst.h */ = {isa = PBXFileReference; fileEncoding = 4; lastKnownFileType = sourcecode.c.h; name = CJConst.h; path = ../CJConst.h; sourceTree = "<group>"; };
		F0D29A181BE3224400EB4A67 /* CJConst.m */ = {isa = PBXFileReference; fileEncoding = 4; lastKnownFileType = sourcecode.c.objc; name = CJConst.m; path = ../CJConst.m; sourceTree = "<group>"; };
		F0D29A1A1BE3224400EB4A67 /* CJNavigtionController.h */ = {isa = PBXFileReference; fileEncoding = 4; lastKnownFileType = sourcecode.c.h; path = CJNavigtionController.h; sourceTree = "<group>"; };
		F0D29A1B1BE3224400EB4A67 /* CJNavigtionController.m */ = {isa = PBXFileReference; fileEncoding = 4; lastKnownFileType = sourcecode.c.objc; path = CJNavigtionController.m; sourceTree = "<group>"; };
		F0D29A1D1BE3224400EB4A67 /* AppDelegate.h */ = {isa = PBXFileReference; fileEncoding = 4; lastKnownFileType = sourcecode.c.h; path = AppDelegate.h; sourceTree = "<group>"; };
		F0D29A1E1BE3224400EB4A67 /* AppDelegate.m */ = {isa = PBXFileReference; fileEncoding = 4; lastKnownFileType = sourcecode.c.objc; path = AppDelegate.m; sourceTree = "<group>"; };
		F0D29A211BE3224400EB4A67 /* DPAPI.h */ = {isa = PBXFileReference; fileEncoding = 4; lastKnownFileType = sourcecode.c.h; path = DPAPI.h; sourceTree = "<group>"; };
		F0D29A221BE3224400EB4A67 /* DPAPI.m */ = {isa = PBXFileReference; fileEncoding = 4; lastKnownFileType = sourcecode.c.objc; path = DPAPI.m; sourceTree = "<group>"; };
		F0D29A231BE3224400EB4A67 /* DPConstants.h */ = {isa = PBXFileReference; fileEncoding = 4; lastKnownFileType = sourcecode.c.h; path = DPConstants.h; sourceTree = "<group>"; };
		F0D29A241BE3224400EB4A67 /* DPRequest.h */ = {isa = PBXFileReference; fileEncoding = 4; lastKnownFileType = sourcecode.c.h; path = DPRequest.h; sourceTree = "<group>"; };
		F0D29A251BE3224400EB4A67 /* DPRequest.m */ = {isa = PBXFileReference; fileEncoding = 4; lastKnownFileType = sourcecode.c.objc; path = DPRequest.m; sourceTree = "<group>"; };
		F0D29A271BE3224400EB4A67 /* MJDictionaryCache.h */ = {isa = PBXFileReference; fileEncoding = 4; lastKnownFileType = sourcecode.c.h; path = MJDictionaryCache.h; sourceTree = "<group>"; };
		F0D29A281BE3224400EB4A67 /* MJDictionaryCache.m */ = {isa = PBXFileReference; fileEncoding = 4; lastKnownFileType = sourcecode.c.objc; path = MJDictionaryCache.m; sourceTree = "<group>"; };
		F0D29A291BE3224400EB4A67 /* MJExtension.h */ = {isa = PBXFileReference; fileEncoding = 4; lastKnownFileType = sourcecode.c.h; path = MJExtension.h; sourceTree = "<group>"; };
		F0D29A2A1BE3224400EB4A67 /* MJExtensionConst.h */ = {isa = PBXFileReference; fileEncoding = 4; lastKnownFileType = sourcecode.c.h; path = MJExtensionConst.h; sourceTree = "<group>"; };
		F0D29A2B1BE3224400EB4A67 /* MJExtensionConst.m */ = {isa = PBXFileReference; fileEncoding = 4; lastKnownFileType = sourcecode.c.objc; path = MJExtensionConst.m; sourceTree = "<group>"; };
		F0D29A2C1BE3224400EB4A67 /* MJFoundation.h */ = {isa = PBXFileReference; fileEncoding = 4; lastKnownFileType = sourcecode.c.h; path = MJFoundation.h; sourceTree = "<group>"; };
		F0D29A2D1BE3224400EB4A67 /* MJFoundation.m */ = {isa = PBXFileReference; fileEncoding = 4; lastKnownFileType = sourcecode.c.objc; path = MJFoundation.m; sourceTree = "<group>"; };
		F0D29A2E1BE3224400EB4A67 /* MJProperty.h */ = {isa = PBXFileReference; fileEncoding = 4; lastKnownFileType = sourcecode.c.h; path = MJProperty.h; sourceTree = "<group>"; };
		F0D29A2F1BE3224400EB4A67 /* MJProperty.m */ = {isa = PBXFileReference; fileEncoding = 4; lastKnownFileType = sourcecode.c.objc; path = MJProperty.m; sourceTree = "<group>"; };
		F0D29A301BE3224400EB4A67 /* MJPropertyKey.h */ = {isa = PBXFileReference; fileEncoding = 4; lastKnownFileType = sourcecode.c.h; path = MJPropertyKey.h; sourceTree = "<group>"; };
		F0D29A311BE3224400EB4A67 /* MJPropertyKey.m */ = {isa = PBXFileReference; fileEncoding = 4; lastKnownFileType = sourcecode.c.objc; path = MJPropertyKey.m; sourceTree = "<group>"; };
		F0D29A321BE3224400EB4A67 /* MJPropertyType.h */ = {isa = PBXFileReference; fileEncoding = 4; lastKnownFileType = sourcecode.c.h; path = MJPropertyType.h; sourceTree = "<group>"; };
		F0D29A331BE3224400EB4A67 /* MJPropertyType.m */ = {isa = PBXFileReference; fileEncoding = 4; lastKnownFileType = sourcecode.c.objc; path = MJPropertyType.m; sourceTree = "<group>"; };
		F0D29A341BE3224400EB4A67 /* NSObject+MJClass.h */ = {isa = PBXFileReference; fileEncoding = 4; lastKnownFileType = sourcecode.c.h; path = "NSObject+MJClass.h"; sourceTree = "<group>"; };
		F0D29A351BE3224400EB4A67 /* NSObject+MJClass.m */ = {isa = PBXFileReference; fileEncoding = 4; lastKnownFileType = sourcecode.c.objc; path = "NSObject+MJClass.m"; sourceTree = "<group>"; };
		F0D29A361BE3224400EB4A67 /* NSObject+MJCoding.h */ = {isa = PBXFileReference; fileEncoding = 4; lastKnownFileType = sourcecode.c.h; path = "NSObject+MJCoding.h"; sourceTree = "<group>"; };
		F0D29A371BE3224400EB4A67 /* NSObject+MJCoding.m */ = {isa = PBXFileReference; fileEncoding = 4; lastKnownFileType = sourcecode.c.objc; path = "NSObject+MJCoding.m"; sourceTree = "<group>"; };
		F0D29A381BE3224400EB4A67 /* NSObject+MJKeyValue.h */ = {isa = PBXFileReference; fileEncoding = 4; lastKnownFileType = sourcecode.c.h; path = "NSObject+MJKeyValue.h"; sourceTree = "<group>"; };
		F0D29A391BE3224400EB4A67 /* NSObject+MJKeyValue.m */ = {isa = PBXFileReference; fileEncoding = 4; lastKnownFileType = sourcecode.c.objc; path = "NSObject+MJKeyValue.m"; sourceTree = "<group>"; };
		F0D29A3A1BE3224400EB4A67 /* NSObject+MJProperty.h */ = {isa = PBXFileReference; fileEncoding = 4; lastKnownFileType = sourcecode.c.h; path = "NSObject+MJProperty.h"; sourceTree = "<group>"; };
		F0D29A3B1BE3224400EB4A67 /* NSObject+MJProperty.m */ = {isa = PBXFileReference; fileEncoding = 4; lastKnownFileType = sourcecode.c.objc; path = "NSObject+MJProperty.m"; sourceTree = "<group>"; };
		F0D29A3C1BE3224400EB4A67 /* NSString+MJExtension.h */ = {isa = PBXFileReference; fileEncoding = 4; lastKnownFileType = sourcecode.c.h; path = "NSString+MJExtension.h"; sourceTree = "<group>"; };
		F0D29A3D1BE3224400EB4A67 /* NSString+MJExtension.m */ = {isa = PBXFileReference; fileEncoding = 4; lastKnownFileType = sourcecode.c.objc; path = "NSString+MJExtension.m"; sourceTree = "<group>"; };
		F0D29A3E1BE3224400EB4A67 /* main.m */ = {isa = PBXFileReference; fileEncoding = 4; lastKnownFileType = sourcecode.c.objc; path = main.m; sourceTree = "<group>"; };
		F0D29A671BE3313700EB4A67 /* Foundation+Log.m */ = {isa = PBXFileReference; fileEncoding = 4; lastKnownFileType = sourcecode.c.objc; path = "Foundation+Log.m"; sourceTree = "<group>"; };
		F0D29A691BE3889600EB4A67 /* CJDealCell.h */ = {isa = PBXFileReference; fileEncoding = 4; lastKnownFileType = sourcecode.c.h; path = CJDealCell.h; sourceTree = "<group>"; };
		F0D29A6A1BE3889600EB4A67 /* CJDealCell.m */ = {isa = PBXFileReference; fileEncoding = 4; lastKnownFileType = sourcecode.c.objc; path = CJDealCell.m; sourceTree = "<group>"; };
		F0D29A6B1BE3889600EB4A67 /* CJDealCell.xib */ = {isa = PBXFileReference; fileEncoding = 4; lastKnownFileType = file.xib; path = CJDealCell.xib; sourceTree = "<group>"; };
		F0D29A6E1BE3892700EB4A67 /* CJDeal.h */ = {isa = PBXFileReference; fileEncoding = 4; lastKnownFileType = sourcecode.c.h; path = CJDeal.h; sourceTree = "<group>"; };
		F0D29A6F1BE3892700EB4A67 /* CJDeal.m */ = {isa = PBXFileReference; fileEncoding = 4; lastKnownFileType = sourcecode.c.objc; path = CJDeal.m; sourceTree = "<group>"; };
		F0D29A721BE389F100EB4A67 /* MKAnnotationView+WebCache.h */ = {isa = PBXFileReference; fileEncoding = 4; lastKnownFileType = sourcecode.c.h; path = "MKAnnotationView+WebCache.h"; sourceTree = "<group>"; };
		F0D29A731BE389F100EB4A67 /* MKAnnotationView+WebCache.m */ = {isa = PBXFileReference; fileEncoding = 4; lastKnownFileType = sourcecode.c.objc; path = "MKAnnotationView+WebCache.m"; sourceTree = "<group>"; };
		F0D29A741BE389F100EB4A67 /* NSData+ImageContentType.h */ = {isa = PBXFileReference; fileEncoding = 4; lastKnownFileType = sourcecode.c.h; path = "NSData+ImageContentType.h"; sourceTree = "<group>"; };
		F0D29A751BE389F100EB4A67 /* NSData+ImageContentType.m */ = {isa = PBXFileReference; fileEncoding = 4; lastKnownFileType = sourcecode.c.objc; path = "NSData+ImageContentType.m"; sourceTree = "<group>"; };
		F0D29A761BE389F100EB4A67 /* SDImageCache.h */ = {isa = PBXFileReference; fileEncoding = 4; lastKnownFileType = sourcecode.c.h; path = SDImageCache.h; sourceTree = "<group>"; };
		F0D29A771BE389F100EB4A67 /* SDImageCache.m */ = {isa = PBXFileReference; fileEncoding = 4; lastKnownFileType = sourcecode.c.objc; path = SDImageCache.m; sourceTree = "<group>"; };
		F0D29A781BE389F100EB4A67 /* SDWebImageCompat.h */ = {isa = PBXFileReference; fileEncoding = 4; lastKnownFileType = sourcecode.c.h; path = SDWebImageCompat.h; sourceTree = "<group>"; };
		F0D29A791BE389F100EB4A67 /* SDWebImageCompat.m */ = {isa = PBXFileReference; fileEncoding = 4; lastKnownFileType = sourcecode.c.objc; path = SDWebImageCompat.m; sourceTree = "<group>"; };
		F0D29A7A1BE389F100EB4A67 /* SDWebImageDecoder.h */ = {isa = PBXFileReference; fileEncoding = 4; lastKnownFileType = sourcecode.c.h; path = SDWebImageDecoder.h; sourceTree = "<group>"; };
		F0D29A7B1BE389F100EB4A67 /* SDWebImageDecoder.m */ = {isa = PBXFileReference; fileEncoding = 4; lastKnownFileType = sourcecode.c.objc; path = SDWebImageDecoder.m; sourceTree = "<group>"; };
		F0D29A7C1BE389F100EB4A67 /* SDWebImageDownloader.h */ = {isa = PBXFileReference; fileEncoding = 4; lastKnownFileType = sourcecode.c.h; path = SDWebImageDownloader.h; sourceTree = "<group>"; };
		F0D29A7D1BE389F100EB4A67 /* SDWebImageDownloader.m */ = {isa = PBXFileReference; fileEncoding = 4; lastKnownFileType = sourcecode.c.objc; path = SDWebImageDownloader.m; sourceTree = "<group>"; };
		F0D29A7E1BE389F100EB4A67 /* SDWebImageDownloaderOperation.h */ = {isa = PBXFileReference; fileEncoding = 4; lastKnownFileType = sourcecode.c.h; path = SDWebImageDownloaderOperation.h; sourceTree = "<group>"; };
		F0D29A7F1BE389F100EB4A67 /* SDWebImageDownloaderOperation.m */ = {isa = PBXFileReference; fileEncoding = 4; lastKnownFileType = sourcecode.c.objc; path = SDWebImageDownloaderOperation.m; sourceTree = "<group>"; };
		F0D29A801BE389F100EB4A67 /* SDWebImageManager.h */ = {isa = PBXFileReference; fileEncoding = 4; lastKnownFileType = sourcecode.c.h; path = SDWebImageManager.h; sourceTree = "<group>"; };
		F0D29A811BE389F100EB4A67 /* SDWebImageManager.m */ = {isa = PBXFileReference; fileEncoding = 4; lastKnownFileType = sourcecode.c.objc; path = SDWebImageManager.m; sourceTree = "<group>"; };
		F0D29A821BE389F100EB4A67 /* SDWebImageOperation.h */ = {isa = PBXFileReference; fileEncoding = 4; lastKnownFileType = sourcecode.c.h; path = SDWebImageOperation.h; sourceTree = "<group>"; };
		F0D29A831BE389F100EB4A67 /* SDWebImagePrefetcher.h */ = {isa = PBXFileReference; fileEncoding = 4; lastKnownFileType = sourcecode.c.h; path = SDWebImagePrefetcher.h; sourceTree = "<group>"; };
		F0D29A841BE389F100EB4A67 /* SDWebImagePrefetcher.m */ = {isa = PBXFileReference; fileEncoding = 4; lastKnownFileType = sourcecode.c.objc; path = SDWebImagePrefetcher.m; sourceTree = "<group>"; };
		F0D29A851BE389F100EB4A67 /* UIButton+WebCache.h */ = {isa = PBXFileReference; fileEncoding = 4; lastKnownFileType = sourcecode.c.h; path = "UIButton+WebCache.h"; sourceTree = "<group>"; };
		F0D29A861BE389F100EB4A67 /* UIButton+WebCache.m */ = {isa = PBXFileReference; fileEncoding = 4; lastKnownFileType = sourcecode.c.objc; path = "UIButton+WebCache.m"; sourceTree = "<group>"; };
		F0D29A871BE389F100EB4A67 /* UIImage+GIF.h */ = {isa = PBXFileReference; fileEncoding = 4; lastKnownFileType = sourcecode.c.h; path = "UIImage+GIF.h"; sourceTree = "<group>"; };
		F0D29A881BE389F100EB4A67 /* UIImage+GIF.m */ = {isa = PBXFileReference; fileEncoding = 4; lastKnownFileType = sourcecode.c.objc; path = "UIImage+GIF.m"; sourceTree = "<group>"; };
		F0D29A891BE389F100EB4A67 /* UIImage+MultiFormat.h */ = {isa = PBXFileReference; fileEncoding = 4; lastKnownFileType = sourcecode.c.h; path = "UIImage+MultiFormat.h"; sourceTree = "<group>"; };
		F0D29A8A1BE389F100EB4A67 /* UIImage+MultiFormat.m */ = {isa = PBXFileReference; fileEncoding = 4; lastKnownFileType = sourcecode.c.objc; path = "UIImage+MultiFormat.m"; sourceTree = "<group>"; };
		F0D29A8B1BE389F100EB4A67 /* UIImage+WebP.h */ = {isa = PBXFileReference; fileEncoding = 4; lastKnownFileType = sourcecode.c.h; path = "UIImage+WebP.h"; sourceTree = "<group>"; };
		F0D29A8C1BE389F100EB4A67 /* UIImage+WebP.m */ = {isa = PBXFileReference; fileEncoding = 4; lastKnownFileType = sourcecode.c.objc; path = "UIImage+WebP.m"; sourceTree = "<group>"; };
		F0D29A8D1BE389F100EB4A67 /* UIImageView+HighlightedWebCache.h */ = {isa = PBXFileReference; fileEncoding = 4; lastKnownFileType = sourcecode.c.h; path = "UIImageView+HighlightedWebCache.h"; sourceTree = "<group>"; };
		F0D29A8E1BE389F100EB4A67 /* UIImageView+HighlightedWebCache.m */ = {isa = PBXFileReference; fileEncoding = 4; lastKnownFileType = sourcecode.c.objc; path = "UIImageView+HighlightedWebCache.m"; sourceTree = "<group>"; };
		F0D29A8F1BE389F100EB4A67 /* UIImageView+WebCache.h */ = {isa = PBXFileReference; fileEncoding = 4; lastKnownFileType = sourcecode.c.h; path = "UIImageView+WebCache.h"; sourceTree = "<group>"; };
		F0D29A901BE389F100EB4A67 /* UIImageView+WebCache.m */ = {isa = PBXFileReference; fileEncoding = 4; lastKnownFileType = sourcecode.c.objc; path = "UIImageView+WebCache.m"; sourceTree = "<group>"; };
		F0D29A911BE389F100EB4A67 /* UIView+WebCacheOperation.h */ = {isa = PBXFileReference; fileEncoding = 4; lastKnownFileType = sourcecode.c.h; path = "UIView+WebCacheOperation.h"; sourceTree = "<group>"; };
		F0D29A921BE389F100EB4A67 /* UIView+WebCacheOperation.m */ = {isa = PBXFileReference; fileEncoding = 4; lastKnownFileType = sourcecode.c.objc; path = "UIView+WebCacheOperation.m"; sourceTree = "<group>"; };
		F0D29AA31BE3940200EB4A67 /* CJCenterLineLabel.h */ = {isa = PBXFileReference; fileEncoding = 4; lastKnownFileType = sourcecode.c.h; path = CJCenterLineLabel.h; sourceTree = "<group>"; };
		F0D29AA41BE3940200EB4A67 /* CJCenterLineLabel.m */ = {isa = PBXFileReference; fileEncoding = 4; lastKnownFileType = sourcecode.c.objc; path = CJCenterLineLabel.m; sourceTree = "<group>"; };
		F0D29AD01BE39ECD00EB4A67 /* MJRefreshAutoFooter.h */ = {isa = PBXFileReference; fileEncoding = 4; lastKnownFileType = sourcecode.c.h; path = MJRefreshAutoFooter.h; sourceTree = "<group>"; };
		F0D29AD11BE39ECD00EB4A67 /* MJRefreshAutoFooter.m */ = {isa = PBXFileReference; fileEncoding = 4; lastKnownFileType = sourcecode.c.objc; path = MJRefreshAutoFooter.m; sourceTree = "<group>"; };
		F0D29AD21BE39ECD00EB4A67 /* MJRefreshBackFooter.h */ = {isa = PBXFileReference; fileEncoding = 4; lastKnownFileType = sourcecode.c.h; path = MJRefreshBackFooter.h; sourceTree = "<group>"; };
		F0D29AD31BE39ECD00EB4A67 /* MJRefreshBackFooter.m */ = {isa = PBXFileReference; fileEncoding = 4; lastKnownFileType = sourcecode.c.objc; path = MJRefreshBackFooter.m; sourceTree = "<group>"; };
		F0D29AD41BE39ECD00EB4A67 /* MJRefreshComponent.h */ = {isa = PBXFileReference; fileEncoding = 4; lastKnownFileType = sourcecode.c.h; path = MJRefreshComponent.h; sourceTree = "<group>"; };
		F0D29AD51BE39ECD00EB4A67 /* MJRefreshComponent.m */ = {isa = PBXFileReference; fileEncoding = 4; lastKnownFileType = sourcecode.c.objc; path = MJRefreshComponent.m; sourceTree = "<group>"; };
		F0D29AD61BE39ECD00EB4A67 /* MJRefreshFooter.h */ = {isa = PBXFileReference; fileEncoding = 4; lastKnownFileType = sourcecode.c.h; path = MJRefreshFooter.h; sourceTree = "<group>"; };
		F0D29AD71BE39ECD00EB4A67 /* MJRefreshFooter.m */ = {isa = PBXFileReference; fileEncoding = 4; lastKnownFileType = sourcecode.c.objc; path = MJRefreshFooter.m; sourceTree = "<group>"; };
		F0D29AD81BE39ECD00EB4A67 /* MJRefreshHeader.h */ = {isa = PBXFileReference; fileEncoding = 4; lastKnownFileType = sourcecode.c.h; path = MJRefreshHeader.h; sourceTree = "<group>"; };
		F0D29AD91BE39ECD00EB4A67 /* MJRefreshHeader.m */ = {isa = PBXFileReference; fileEncoding = 4; lastKnownFileType = sourcecode.c.objc; path = MJRefreshHeader.m; sourceTree = "<group>"; };
		F0D29ADD1BE39ECD00EB4A67 /* MJRefreshAutoGifFooter.h */ = {isa = PBXFileReference; fileEncoding = 4; lastKnownFileType = sourcecode.c.h; path = MJRefreshAutoGifFooter.h; sourceTree = "<group>"; };
		F0D29ADE1BE39ECD00EB4A67 /* MJRefreshAutoGifFooter.m */ = {isa = PBXFileReference; fileEncoding = 4; lastKnownFileType = sourcecode.c.objc; path = MJRefreshAutoGifFooter.m; sourceTree = "<group>"; };
		F0D29ADF1BE39ECD00EB4A67 /* MJRefreshAutoNormalFooter.h */ = {isa = PBXFileReference; fileEncoding = 4; lastKnownFileType = sourcecode.c.h; path = MJRefreshAutoNormalFooter.h; sourceTree = "<group>"; };
		F0D29AE01BE39ECD00EB4A67 /* MJRefreshAutoNormalFooter.m */ = {isa = PBXFileReference; fileEncoding = 4; lastKnownFileType = sourcecode.c.objc; path = MJRefreshAutoNormalFooter.m; sourceTree = "<group>"; };
		F0D29AE11BE39ECD00EB4A67 /* MJRefreshAutoStateFooter.h */ = {isa = PBXFileReference; fileEncoding = 4; lastKnownFileType = sourcecode.c.h; path = MJRefreshAutoStateFooter.h; sourceTree = "<group>"; };
		F0D29AE21BE39ECD00EB4A67 /* MJRefreshAutoStateFooter.m */ = {isa = PBXFileReference; fileEncoding = 4; lastKnownFileType = sourcecode.c.objc; path = MJRefreshAutoStateFooter.m; sourceTree = "<group>"; };
		F0D29AE41BE39ECD00EB4A67 /* MJRefreshBackGifFooter.h */ = {isa = PBXFileReference; fileEncoding = 4; lastKnownFileType = sourcecode.c.h; path = MJRefreshBackGifFooter.h; sourceTree = "<group>"; };
		F0D29AE51BE39ECD00EB4A67 /* MJRefreshBackGifFooter.m */ = {isa = PBXFileReference; fileEncoding = 4; lastKnownFileType = sourcecode.c.objc; path = MJRefreshBackGifFooter.m; sourceTree = "<group>"; };
		F0D29AE61BE39ECD00EB4A67 /* MJRefreshBackNormalFooter.h */ = {isa = PBXFileReference; fileEncoding = 4; lastKnownFileType = sourcecode.c.h; path = MJRefreshBackNormalFooter.h; sourceTree = "<group>"; };
		F0D29AE71BE39ECD00EB4A67 /* MJRefreshBackNormalFooter.m */ = {isa = PBXFileReference; fileEncoding = 4; lastKnownFileType = sourcecode.c.objc; path = MJRefreshBackNormalFooter.m; sourceTree = "<group>"; };
		F0D29AE81BE39ECD00EB4A67 /* MJRefreshBackStateFooter.h */ = {isa = PBXFileReference; fileEncoding = 4; lastKnownFileType = sourcecode.c.h; path = MJRefreshBackStateFooter.h; sourceTree = "<group>"; };
		F0D29AE91BE39ECD00EB4A67 /* MJRefreshBackStateFooter.m */ = {isa = PBXFileReference; fileEncoding = 4; lastKnownFileType = sourcecode.c.objc; path = MJRefreshBackStateFooter.m; sourceTree = "<group>"; };
		F0D29AEB1BE39ECD00EB4A67 /* MJRefreshGifHeader.h */ = {isa = PBXFileReference; fileEncoding = 4; lastKnownFileType = sourcecode.c.h; path = MJRefreshGifHeader.h; sourceTree = "<group>"; };
		F0D29AEC1BE39ECD00EB4A67 /* MJRefreshGifHeader.m */ = {isa = PBXFileReference; fileEncoding = 4; lastKnownFileType = sourcecode.c.objc; path = MJRefreshGifHeader.m; sourceTree = "<group>"; };
		F0D29AED1BE39ECD00EB4A67 /* MJRefreshNormalHeader.h */ = {isa = PBXFileReference; fileEncoding = 4; lastKnownFileType = sourcecode.c.h; path = MJRefreshNormalHeader.h; sourceTree = "<group>"; };
		F0D29AEE1BE39ECD00EB4A67 /* MJRefreshNormalHeader.m */ = {isa = PBXFileReference; fileEncoding = 4; lastKnownFileType = sourcecode.c.objc; path = MJRefreshNormalHeader.m; sourceTree = "<group>"; };
		F0D29AEF1BE39ECD00EB4A67 /* MJRefreshStateHeader.h */ = {isa = PBXFileReference; fileEncoding = 4; lastKnownFileType = sourcecode.c.h; path = MJRefreshStateHeader.h; sourceTree = "<group>"; };
		F0D29AF01BE39ECD00EB4A67 /* MJRefreshStateHeader.m */ = {isa = PBXFileReference; fileEncoding = 4; lastKnownFileType = sourcecode.c.objc; path = MJRefreshStateHeader.m; sourceTree = "<group>"; };
		F0D29AF11BE39ECD00EB4A67 /* MJRefresh.bundle */ = {isa = PBXFileReference; lastKnownFileType = "wrapper.plug-in"; path = MJRefresh.bundle; sourceTree = "<group>"; };
		F0D29AF21BE39ECD00EB4A67 /* MJRefresh.h */ = {isa = PBXFileReference; fileEncoding = 4; lastKnownFileType = sourcecode.c.h; path = MJRefresh.h; sourceTree = "<group>"; };
		F0D29AF31BE39ECD00EB4A67 /* MJRefreshConst.h */ = {isa = PBXFileReference; fileEncoding = 4; lastKnownFileType = sourcecode.c.h; path = MJRefreshConst.h; sourceTree = "<group>"; };
		F0D29AF41BE39ECD00EB4A67 /* MJRefreshConst.m */ = {isa = PBXFileReference; fileEncoding = 4; lastKnownFileType = sourcecode.c.objc; path = MJRefreshConst.m; sourceTree = "<group>"; };
		F0D29AF51BE39ECD00EB4A67 /* UIScrollView+MJExtension.h */ = {isa = PBXFileReference; fileEncoding = 4; lastKnownFileType = sourcecode.c.h; path = "UIScrollView+MJExtension.h"; sourceTree = "<group>"; };
		F0D29AF61BE39ECD00EB4A67 /* UIScrollView+MJExtension.m */ = {isa = PBXFileReference; fileEncoding = 4; lastKnownFileType = sourcecode.c.objc; path = "UIScrollView+MJExtension.m"; sourceTree = "<group>"; };
		F0D29AF71BE39ECD00EB4A67 /* UIScrollView+MJRefresh.h */ = {isa = PBXFileReference; fileEncoding = 4; lastKnownFileType = sourcecode.c.h; path = "UIScrollView+MJRefresh.h"; sourceTree = "<group>"; };
		F0D29AF81BE39ECD00EB4A67 /* UIScrollView+MJRefresh.m */ = {isa = PBXFileReference; fileEncoding = 4; lastKnownFileType = sourcecode.c.objc; path = "UIScrollView+MJRefresh.m"; sourceTree = "<group>"; };
		F0D29AF91BE39ECD00EB4A67 /* UIView+MJExtension.h */ = {isa = PBXFileReference; fileEncoding = 4; lastKnownFileType = sourcecode.c.h; path = "UIView+MJExtension.h"; sourceTree = "<group>"; };
		F0D29AFA1BE39ECD00EB4A67 /* UIView+MJExtension.m */ = {isa = PBXFileReference; fileEncoding = 4; lastKnownFileType = sourcecode.c.objc; path = "UIView+MJExtension.m"; sourceTree = "<group>"; };
		F0D29B101BE3AA1300EB4A67 /* CJSearchViewController.h */ = {isa = PBXFileReference; fileEncoding = 4; lastKnownFileType = sourcecode.c.h; path = CJSearchViewController.h; sourceTree = "<group>"; };
		F0D29B111BE3AA1300EB4A67 /* CJSearchViewController.m */ = {isa = PBXFileReference; fileEncoding = 4; lastKnownFileType = sourcecode.c.objc; path = CJSearchViewController.m; sourceTree = "<group>"; };
		F0D29B131BE3ADD000EB4A67 /* CJDealsViewController.h */ = {isa = PBXFileReference; fileEncoding = 4; lastKnownFileType = sourcecode.c.h; path = CJDealsViewController.h; sourceTree = "<group>"; };
		F0D29B141BE3ADD000EB4A67 /* CJDealsViewController.m */ = {isa = PBXFileReference; fileEncoding = 4; lastKnownFileType = sourcecode.c.objc; path = CJDealsViewController.m; sourceTree = "<group>"; };
		F0EF86611BE4ADF50022FA7A /* CJDetailViewController.h */ = {isa = PBXFileReference; fileEncoding = 4; lastKnownFileType = sourcecode.c.h; path = CJDetailViewController.h; sourceTree = "<group>"; };
		F0EF86621BE4ADF50022FA7A /* CJDetailViewController.m */ = {isa = PBXFileReference; fileEncoding = 4; lastKnownFileType = sourcecode.c.objc; path = CJDetailViewController.m; sourceTree = "<group>"; };
		F0EF86631BE4ADF50022FA7A /* CJDetailViewController.xib */ = {isa = PBXFileReference; fileEncoding = 4; lastKnownFileType = file.xib; path = CJDetailViewController.xib; sourceTree = "<group>"; };
		F0EF86671BE4D8E40022FA7A /* MBProgressHUD+MJ.h */ = {isa = PBXFileReference; fileEncoding = 4; lastKnownFileType = sourcecode.c.h; path = "MBProgressHUD+MJ.h"; sourceTree = "<group>"; };
		F0EF86681BE4D8E40022FA7A /* MBProgressHUD+MJ.m */ = {isa = PBXFileReference; fileEncoding = 4; lastKnownFileType = sourcecode.c.objc; path = "MBProgressHUD+MJ.m"; sourceTree = "<group>"; };
		F0EF86691BE4D8E40022FA7A /* MBProgressHUD.bundle */ = {isa = PBXFileReference; lastKnownFileType = "wrapper.plug-in"; path = MBProgressHUD.bundle; sourceTree = "<group>"; };
		F0EF866A1BE4D8E40022FA7A /* MBProgressHUD.h */ = {isa = PBXFileReference; fileEncoding = 4; lastKnownFileType = sourcecode.c.h; path = MBProgressHUD.h; sourceTree = "<group>"; };
		F0EF866B1BE4D8E40022FA7A /* MBProgressHUD.m */ = {isa = PBXFileReference; fileEncoding = 4; lastKnownFileType = sourcecode.c.objc; path = MBProgressHUD.m; sourceTree = "<group>"; };
		F0EF866F1BE4D96F0022FA7A /* CJRestrictions.h */ = {isa = PBXFileReference; fileEncoding = 4; lastKnownFileType = sourcecode.c.h; path = CJRestrictions.h; sourceTree = "<group>"; };
		F0EF86701BE4D96F0022FA7A /* CJRestrictions.m */ = {isa = PBXFileReference; fileEncoding = 4; lastKnownFileType = sourcecode.c.objc; path = CJRestrictions.m; sourceTree = "<group>"; };
		F0EF86731BE4DDA50022FA7A /* FMDatabase.h */ = {isa = PBXFileReference; fileEncoding = 4; lastKnownFileType = sourcecode.c.h; path = FMDatabase.h; sourceTree = "<group>"; };
		F0EF86741BE4DDA50022FA7A /* FMDatabase.m */ = {isa = PBXFileReference; fileEncoding = 4; lastKnownFileType = sourcecode.c.objc; path = FMDatabase.m; sourceTree = "<group>"; };
		F0EF86751BE4DDA50022FA7A /* FMDatabaseAdditions.h */ = {isa = PBXFileReference; fileEncoding = 4; lastKnownFileType = sourcecode.c.h; path = FMDatabaseAdditions.h; sourceTree = "<group>"; };
		F0EF86761BE4DDA50022FA7A /* FMDatabaseAdditions.m */ = {isa = PBXFileReference; fileEncoding = 4; lastKnownFileType = sourcecode.c.objc; path = FMDatabaseAdditions.m; sourceTree = "<group>"; };
		F0EF86771BE4DDA50022FA7A /* FMDatabasePool.h */ = {isa = PBXFileReference; fileEncoding = 4; lastKnownFileType = sourcecode.c.h; path = FMDatabasePool.h; sourceTree = "<group>"; };
		F0EF86781BE4DDA50022FA7A /* FMDatabasePool.m */ = {isa = PBXFileReference; fileEncoding = 4; lastKnownFileType = sourcecode.c.objc; path = FMDatabasePool.m; sourceTree = "<group>"; };
		F0EF86791BE4DDA50022FA7A /* FMDatabaseQueue.h */ = {isa = PBXFileReference; fileEncoding = 4; lastKnownFileType = sourcecode.c.h; path = FMDatabaseQueue.h; sourceTree = "<group>"; };
		F0EF867A1BE4DDA50022FA7A /* FMDatabaseQueue.m */ = {isa = PBXFileReference; fileEncoding = 4; lastKnownFileType = sourcecode.c.objc; path = FMDatabaseQueue.m; sourceTree = "<group>"; };
		F0EF867B1BE4DDA50022FA7A /* FMDB.h */ = {isa = PBXFileReference; fileEncoding = 4; lastKnownFileType = sourcecode.c.h; path = FMDB.h; sourceTree = "<group>"; };
		F0EF867C1BE4DDA50022FA7A /* FMResultSet.h */ = {isa = PBXFileReference; fileEncoding = 4; lastKnownFileType = sourcecode.c.h; path = FMResultSet.h; sourceTree = "<group>"; };
		F0EF867D1BE4DDA50022FA7A /* FMResultSet.m */ = {isa = PBXFileReference; fileEncoding = 4; lastKnownFileType = sourcecode.c.objc; path = FMResultSet.m; sourceTree = "<group>"; };
		F0EF86841BE4DF190022FA7A /* CJDealTool.h */ = {isa = PBXFileReference; fileEncoding = 4; lastKnownFileType = sourcecode.c.h; path = CJDealTool.h; sourceTree = "<group>"; };
		F0EF86851BE4DF190022FA7A /* CJDealTool.m */ = {isa = PBXFileReference; fileEncoding = 4; lastKnownFileType = sourcecode.c.objc; path = CJDealTool.m; sourceTree = "<group>"; };
		F0EF86871BE4EC640022FA7A /* libsqlite3.dylib */ = {isa = PBXFileReference; lastKnownFileType = "compiled.mach-o.dylib"; name = libsqlite3.dylib; path = usr/lib/libsqlite3.dylib; sourceTree = SDKROOT; };
/* End PBXFileReference section */

/* Begin PBXFrameworksBuildPhase section */
		F04455831BDFBA7900BFDA6E /* Frameworks */ = {
			isa = PBXFrameworksBuildPhase;
			buildActionMask = 2147483647;
			files = (
				F0EF86881BE4EC640022FA7A /* libsqlite3.dylib in Frameworks */,
			);
			runOnlyForDeploymentPostprocessing = 0;
		};
		F044559C1BDFBA7A00BFDA6E /* Frameworks */ = {
			isa = PBXFrameworksBuildPhase;
			buildActionMask = 2147483647;
			files = (
			);
			runOnlyForDeploymentPostprocessing = 0;
		};
/* End PBXFrameworksBuildPhase section */

/* Begin PBXGroup section */
		F044557D1BDFBA7900BFDA6E = {
			isa = PBXGroup;
			children = (
				F0EF86871BE4EC640022FA7A /* libsqlite3.dylib */,
				F04455881BDFBA7900BFDA6E /* 美团HD */,
				F04455A21BDFBA7A00BFDA6E /* 美团HDTests */,
				F04455871BDFBA7900BFDA6E /* Products */,
			);
			sourceTree = "<group>";
		};
		F04455871BDFBA7900BFDA6E /* Products */ = {
			isa = PBXGroup;
			children = (
				F04455861BDFBA7900BFDA6E /* 美团HD.app */,
				F044559F1BDFBA7A00BFDA6E /* 美团HDTests.xctest */,
			);
			name = Products;
			sourceTree = "<group>";
		};
		F04455881BDFBA7900BFDA6E /* 美团HD */ = {
			isa = PBXGroup;
			children = (
				F0D299E51BE3224400EB4A67 /* Classes */,
				F04455891BDFBA7900BFDA6E /* Supporting Files */,
			);
			path = "美团HD";
			sourceTree = "<group>";
		};
		F04455891BDFBA7900BFDA6E /* Supporting Files */ = {
			isa = PBXGroup;
			children = (
				F05240BC1BE0B0A80002CC18 /* Plist */,
				F04455961BDFBA7A00BFDA6E /* Images.xcassets */,
				F044558A1BDFBA7900BFDA6E /* Info.plist */,
			);
			name = "Supporting Files";
			sourceTree = "<group>";
		};
		F04455A21BDFBA7A00BFDA6E /* 美团HDTests */ = {
			isa = PBXGroup;
			children = (
				F04455A51BDFBA7A00BFDA6E /* __HDTests.m */,
				F04455A31BDFBA7A00BFDA6E /* Supporting Files */,
			);
			path = "美团HDTests";
			sourceTree = "<group>";
		};
		F04455A31BDFBA7A00BFDA6E /* Supporting Files */ = {
			isa = PBXGroup;
			children = (
				F04455A41BDFBA7A00BFDA6E /* Info.plist */,
			);
			name = "Supporting Files";
			sourceTree = "<group>";
		};
		F05240BC1BE0B0A80002CC18 /* Plist */ = {
			isa = PBXGroup;
			children = (
				F05240BD1BE0B0A80002CC18 /* categories.plist */,
				F05240BE1BE0B0A80002CC18 /* cities.plist */,
				F05240BF1BE0B0A80002CC18 /* cityGroups.plist */,
				F05240C01BE0B0A80002CC18 /* sorts.plist */,
			);
			path = Plist;
			sourceTree = "<group>";
		};
		F0D299E51BE3224400EB4A67 /* Classes */ = {
			isa = PBXGroup;
			children = (
				F0EF865F1BE4ADAB0022FA7A /* Detail */,
				F0D29B0E1BE3A9C300EB4A67 /* Search */,
				F0D299E61BE3224400EB4A67 /* Home */,
				F0D29A0F1BE3224400EB4A67 /* Main */,
			);
			path = Classes;
			sourceTree = "<group>";
		};
		F0D299E61BE3224400EB4A67 /* Home */ = {
			isa = PBXGroup;
			children = (
				F0D299E71BE3224400EB4A67 /* Controller */,
				F0D299F61BE3224400EB4A67 /* Model */,
				F0D29A011BE3224400EB4A67 /* Tool */,
				F0D29A041BE3224400EB4A67 /* View */,
			);
			path = Home;
			sourceTree = "<group>";
		};
		F0D299E71BE3224400EB4A67 /* Controller */ = {
			isa = PBXGroup;
			children = (
				F0D299EF1BE3224400EB4A67 /* CJHomeViewController.h */,
				F0D299F01BE3224400EB4A67 /* CJHomeViewController.m */,
				F0D299E81BE3224400EB4A67 /* CJCategoryViewController.h */,
				F0D299E91BE3224400EB4A67 /* CJCategoryViewController.m */,
				F0D299EA1BE3224400EB4A67 /* CJCitySearchResultViewController.h */,
				F0D299EB1BE3224400EB4A67 /* CJCitySearchResultViewController.m */,
				F0D299EC1BE3224400EB4A67 /* CJCityViewController.h */,
				F0D299ED1BE3224400EB4A67 /* CJCityViewController.m */,
				F0D299EE1BE3224400EB4A67 /* CJCityViewController.xib */,
				F0D299F11BE3224400EB4A67 /* CJRegionController.h */,
				F0D299F21BE3224400EB4A67 /* CJRegionController.m */,
				F0D299F31BE3224400EB4A67 /* CJRegionController.xib */,
				F0D299F41BE3224400EB4A67 /* CJSortViewController.h */,
				F0D299F51BE3224400EB4A67 /* CJSortViewController.m */,
			);
			path = Controller;
			sourceTree = "<group>";
		};
		F0D299F61BE3224400EB4A67 /* Model */ = {
			isa = PBXGroup;
			children = (
				F0D299F71BE3224400EB4A67 /* CJCategory.h */,
				F0D299F81BE3224400EB4A67 /* CJCategory.m */,
				F0D299F91BE3224400EB4A67 /* CJCity.h */,
				F0D299FA1BE3224400EB4A67 /* CJCity.m */,
				F0D299FB1BE3224400EB4A67 /* CJCityGroup.h */,
				F0D299FC1BE3224400EB4A67 /* CJCityGroup.m */,
				F0D299FD1BE3224400EB4A67 /* CJRegion.h */,
				F0D299FE1BE3224400EB4A67 /* CJRegion.m */,
				F0D299FF1BE3224400EB4A67 /* CJSort.h */,
				F0D29A001BE3224400EB4A67 /* CJSort.m */,
				F0D29A6E1BE3892700EB4A67 /* CJDeal.h */,
				F0D29A6F1BE3892700EB4A67 /* CJDeal.m */,
				F0EF866F1BE4D96F0022FA7A /* CJRestrictions.h */,
				F0EF86701BE4D96F0022FA7A /* CJRestrictions.m */,
			);
			path = Model;
			sourceTree = "<group>";
		};
		F0D29A011BE3224400EB4A67 /* Tool */ = {
			isa = PBXGroup;
			children = (
				F0D29A021BE3224400EB4A67 /* CJMetaTool.h */,
				F0D29A031BE3224400EB4A67 /* CJMetaTool.m */,
			);
			path = Tool;
			sourceTree = "<group>";
		};
		F0D29A041BE3224400EB4A67 /* View */ = {
			isa = PBXGroup;
			children = (
				F0D29A691BE3889600EB4A67 /* CJDealCell.h */,
				F0D29A6A1BE3889600EB4A67 /* CJDealCell.m */,
				F0D29A6B1BE3889600EB4A67 /* CJDealCell.xib */,
				F0D29A051BE3224400EB4A67 /* CJHomeDropDown.h */,
				F0D29A061BE3224400EB4A67 /* CJHomeDropDown.m */,
				F0D29A071BE3224400EB4A67 /* CJHomeDropDown.xib */,
				F0D29A081BE3224400EB4A67 /* CJHomeDropDownMainCell.h */,
				F0D29A091BE3224400EB4A67 /* CJHomeDropDownMainCell.m */,
				F0D29A0A1BE3224400EB4A67 /* CJHomeDropDownSubCell.h */,
				F0D29A0B1BE3224400EB4A67 /* CJHomeDropDownSubCell.m */,
				F0D29A0C1BE3224400EB4A67 /* CJHomeNavItem.h */,
				F0D29A0D1BE3224400EB4A67 /* CJHomeNavItem.m */,
				F0D29A0E1BE3224400EB4A67 /* CJHomeNavItem.xib */,
				F0D29AA31BE3940200EB4A67 /* CJCenterLineLabel.h */,
				F0D29AA41BE3940200EB4A67 /* CJCenterLineLabel.m */,
			);
			path = View;
			sourceTree = "<group>";
		};
		F0D29A0F1BE3224400EB4A67 /* Main */ = {
			isa = PBXGroup;
			children = (
				F0EF86831BE4DDD20022FA7A /* Tool */,
				F0D29A101BE3224400EB4A67 /* Category */,
				F0D29A191BE3224400EB4A67 /* Controller */,
				F0D29A1C1BE3224400EB4A67 /* Other */,
			);
			path = Main;
			sourceTree = "<group>";
		};
		F0D29A101BE3224400EB4A67 /* Category */ = {
			isa = PBXGroup;
			children = (
				F0D29A671BE3313700EB4A67 /* Foundation+Log.m */,
				F0D29A111BE3224400EB4A67 /* UIBarButtonItem+Extension.h */,
				F0D29A121BE3224400EB4A67 /* UIBarButtonItem+Extension.m */,
				F0D29A131BE3224400EB4A67 /* UIView+AutoLayout.h */,
				F0D29A141BE3224400EB4A67 /* UIView+AutoLayout.m */,
				F0D29A151BE3224400EB4A67 /* UIView+Extension.h */,
				F0D29A161BE3224400EB4A67 /* UIView+Extension.m */,
			);
			path = Category;
			sourceTree = "<group>";
		};
		F0D29A191BE3224400EB4A67 /* Controller */ = {
			isa = PBXGroup;
			children = (
				F0D29A1A1BE3224400EB4A67 /* CJNavigtionController.h */,
				F0D29A1B1BE3224400EB4A67 /* CJNavigtionController.m */,
				F0D29B131BE3ADD000EB4A67 /* CJDealsViewController.h */,
				F0D29B141BE3ADD000EB4A67 /* CJDealsViewController.m */,
			);
			path = Controller;
			sourceTree = "<group>";
		};
		F0D29A1C1BE3224400EB4A67 /* Other */ = {
			isa = PBXGroup;
			children = (
				F0D29A1F1BE3224400EB4A67 /* Lib */,
				F0D29A3E1BE3224400EB4A67 /* main.m */,
				F0D29A1D1BE3224400EB4A67 /* AppDelegate.h */,
				F0D29A1E1BE3224400EB4A67 /* AppDelegate.m */,
				F0D29A171BE3224400EB4A67 /* CJConst.h */,
				F0D29A181BE3224400EB4A67 /* CJConst.m */,
			);
			path = Other;
			sourceTree = "<group>";
		};
		F0D29A1F1BE3224400EB4A67 /* Lib */ = {
			isa = PBXGroup;
			children = (
				F0EF86721BE4DDA50022FA7A /* fmdb */,
				F0EF86661BE4D8E40022FA7A /* MBProgressHUD */,
				F0D29ACE1BE39ECD00EB4A67 /* MJRefresh */,
				F0D29A711BE389F100EB4A67 /* SDWebImage */,
				F0D29A201BE3224400EB4A67 /* dianpingapi */,
				F0D29A261BE3224400EB4A67 /* MJExtension */,
			);
			path = Lib;
			sourceTree = "<group>";
		};
		F0D29A201BE3224400EB4A67 /* dianpingapi */ = {
			isa = PBXGroup;
			children = (
				F0D29A211BE3224400EB4A67 /* DPAPI.h */,
				F0D29A221BE3224400EB4A67 /* DPAPI.m */,
				F0D29A231BE3224400EB4A67 /* DPConstants.h */,
				F0D29A241BE3224400EB4A67 /* DPRequest.h */,
				F0D29A251BE3224400EB4A67 /* DPRequest.m */,
			);
			path = dianpingapi;
			sourceTree = "<group>";
		};
		F0D29A261BE3224400EB4A67 /* MJExtension */ = {
			isa = PBXGroup;
			children = (
				F0D29A271BE3224400EB4A67 /* MJDictionaryCache.h */,
				F0D29A281BE3224400EB4A67 /* MJDictionaryCache.m */,
				F0D29A291BE3224400EB4A67 /* MJExtension.h */,
				F0D29A2A1BE3224400EB4A67 /* MJExtensionConst.h */,
				F0D29A2B1BE3224400EB4A67 /* MJExtensionConst.m */,
				F0D29A2C1BE3224400EB4A67 /* MJFoundation.h */,
				F0D29A2D1BE3224400EB4A67 /* MJFoundation.m */,
				F0D29A2E1BE3224400EB4A67 /* MJProperty.h */,
				F0D29A2F1BE3224400EB4A67 /* MJProperty.m */,
				F0D29A301BE3224400EB4A67 /* MJPropertyKey.h */,
				F0D29A311BE3224400EB4A67 /* MJPropertyKey.m */,
				F0D29A321BE3224400EB4A67 /* MJPropertyType.h */,
				F0D29A331BE3224400EB4A67 /* MJPropertyType.m */,
				F0D29A341BE3224400EB4A67 /* NSObject+MJClass.h */,
				F0D29A351BE3224400EB4A67 /* NSObject+MJClass.m */,
				F0D29A361BE3224400EB4A67 /* NSObject+MJCoding.h */,
				F0D29A371BE3224400EB4A67 /* NSObject+MJCoding.m */,
				F0D29A381BE3224400EB4A67 /* NSObject+MJKeyValue.h */,
				F0D29A391BE3224400EB4A67 /* NSObject+MJKeyValue.m */,
				F0D29A3A1BE3224400EB4A67 /* NSObject+MJProperty.h */,
				F0D29A3B1BE3224400EB4A67 /* NSObject+MJProperty.m */,
				F0D29A3C1BE3224400EB4A67 /* NSString+MJExtension.h */,
				F0D29A3D1BE3224400EB4A67 /* NSString+MJExtension.m */,
			);
			path = MJExtension;
			sourceTree = "<group>";
		};
		F0D29A711BE389F100EB4A67 /* SDWebImage */ = {
			isa = PBXGroup;
			children = (
				F0D29A721BE389F100EB4A67 /* MKAnnotationView+WebCache.h */,
				F0D29A731BE389F100EB4A67 /* MKAnnotationView+WebCache.m */,
				F0D29A741BE389F100EB4A67 /* NSData+ImageContentType.h */,
				F0D29A751BE389F100EB4A67 /* NSData+ImageContentType.m */,
				F0D29A761BE389F100EB4A67 /* SDImageCache.h */,
				F0D29A771BE389F100EB4A67 /* SDImageCache.m */,
				F0D29A781BE389F100EB4A67 /* SDWebImageCompat.h */,
				F0D29A791BE389F100EB4A67 /* SDWebImageCompat.m */,
				F0D29A7A1BE389F100EB4A67 /* SDWebImageDecoder.h */,
				F0D29A7B1BE389F100EB4A67 /* SDWebImageDecoder.m */,
				F0D29A7C1BE389F100EB4A67 /* SDWebImageDownloader.h */,
				F0D29A7D1BE389F100EB4A67 /* SDWebImageDownloader.m */,
				F0D29A7E1BE389F100EB4A67 /* SDWebImageDownloaderOperation.h */,
				F0D29A7F1BE389F100EB4A67 /* SDWebImageDownloaderOperation.m */,
				F0D29A801BE389F100EB4A67 /* SDWebImageManager.h */,
				F0D29A811BE389F100EB4A67 /* SDWebImageManager.m */,
				F0D29A821BE389F100EB4A67 /* SDWebImageOperation.h */,
				F0D29A831BE389F100EB4A67 /* SDWebImagePrefetcher.h */,
				F0D29A841BE389F100EB4A67 /* SDWebImagePrefetcher.m */,
				F0D29A851BE389F100EB4A67 /* UIButton+WebCache.h */,
				F0D29A861BE389F100EB4A67 /* UIButton+WebCache.m */,
				F0D29A871BE389F100EB4A67 /* UIImage+GIF.h */,
				F0D29A881BE389F100EB4A67 /* UIImage+GIF.m */,
				F0D29A891BE389F100EB4A67 /* UIImage+MultiFormat.h */,
				F0D29A8A1BE389F100EB4A67 /* UIImage+MultiFormat.m */,
				F0D29A8B1BE389F100EB4A67 /* UIImage+WebP.h */,
				F0D29A8C1BE389F100EB4A67 /* UIImage+WebP.m */,
				F0D29A8D1BE389F100EB4A67 /* UIImageView+HighlightedWebCache.h */,
				F0D29A8E1BE389F100EB4A67 /* UIImageView+HighlightedWebCache.m */,
				F0D29A8F1BE389F100EB4A67 /* UIImageView+WebCache.h */,
				F0D29A901BE389F100EB4A67 /* UIImageView+WebCache.m */,
				F0D29A911BE389F100EB4A67 /* UIView+WebCacheOperation.h */,
				F0D29A921BE389F100EB4A67 /* UIView+WebCacheOperation.m */,
			);
			path = SDWebImage;
			sourceTree = "<group>";
		};
		F0D29ACE1BE39ECD00EB4A67 /* MJRefresh */ = {
			isa = PBXGroup;
			children = (
				F0D29ACF1BE39ECD00EB4A67 /* Base */,
				F0D29ADA1BE39ECD00EB4A67 /* Custom */,
				F0D29AF11BE39ECD00EB4A67 /* MJRefresh.bundle */,
				F0D29AF21BE39ECD00EB4A67 /* MJRefresh.h */,
				F0D29AF31BE39ECD00EB4A67 /* MJRefreshConst.h */,
				F0D29AF41BE39ECD00EB4A67 /* MJRefreshConst.m */,
				F0D29AF51BE39ECD00EB4A67 /* UIScrollView+MJExtension.h */,
				F0D29AF61BE39ECD00EB4A67 /* UIScrollView+MJExtension.m */,
				F0D29AF71BE39ECD00EB4A67 /* UIScrollView+MJRefresh.h */,
				F0D29AF81BE39ECD00EB4A67 /* UIScrollView+MJRefresh.m */,
				F0D29AF91BE39ECD00EB4A67 /* UIView+MJExtension.h */,
				F0D29AFA1BE39ECD00EB4A67 /* UIView+MJExtension.m */,
			);
			path = MJRefresh;
			sourceTree = "<group>";
		};
		F0D29ACF1BE39ECD00EB4A67 /* Base */ = {
			isa = PBXGroup;
			children = (
				F0D29AD01BE39ECD00EB4A67 /* MJRefreshAutoFooter.h */,
				F0D29AD11BE39ECD00EB4A67 /* MJRefreshAutoFooter.m */,
				F0D29AD21BE39ECD00EB4A67 /* MJRefreshBackFooter.h */,
				F0D29AD31BE39ECD00EB4A67 /* MJRefreshBackFooter.m */,
				F0D29AD41BE39ECD00EB4A67 /* MJRefreshComponent.h */,
				F0D29AD51BE39ECD00EB4A67 /* MJRefreshComponent.m */,
				F0D29AD61BE39ECD00EB4A67 /* MJRefreshFooter.h */,
				F0D29AD71BE39ECD00EB4A67 /* MJRefreshFooter.m */,
				F0D29AD81BE39ECD00EB4A67 /* MJRefreshHeader.h */,
				F0D29AD91BE39ECD00EB4A67 /* MJRefreshHeader.m */,
			);
			path = Base;
			sourceTree = "<group>";
		};
		F0D29ADA1BE39ECD00EB4A67 /* Custom */ = {
			isa = PBXGroup;
			children = (
				F0D29ADB1BE39ECD00EB4A67 /* Footer */,
				F0D29AEA1BE39ECD00EB4A67 /* Header */,
			);
			path = Custom;
			sourceTree = "<group>";
		};
		F0D29ADB1BE39ECD00EB4A67 /* Footer */ = {
			isa = PBXGroup;
			children = (
				F0D29ADC1BE39ECD00EB4A67 /* Auto */,
				F0D29AE31BE39ECD00EB4A67 /* Back */,
			);
			path = Footer;
			sourceTree = "<group>";
		};
		F0D29ADC1BE39ECD00EB4A67 /* Auto */ = {
			isa = PBXGroup;
			children = (
				F0D29ADD1BE39ECD00EB4A67 /* MJRefreshAutoGifFooter.h */,
				F0D29ADE1BE39ECD00EB4A67 /* MJRefreshAutoGifFooter.m */,
				F0D29ADF1BE39ECD00EB4A67 /* MJRefreshAutoNormalFooter.h */,
				F0D29AE01BE39ECD00EB4A67 /* MJRefreshAutoNormalFooter.m */,
				F0D29AE11BE39ECD00EB4A67 /* MJRefreshAutoStateFooter.h */,
				F0D29AE21BE39ECD00EB4A67 /* MJRefreshAutoStateFooter.m */,
			);
			path = Auto;
			sourceTree = "<group>";
		};
		F0D29AE31BE39ECD00EB4A67 /* Back */ = {
			isa = PBXGroup;
			children = (
				F0D29AE41BE39ECD00EB4A67 /* MJRefreshBackGifFooter.h */,
				F0D29AE51BE39ECD00EB4A67 /* MJRefreshBackGifFooter.m */,
				F0D29AE61BE39ECD00EB4A67 /* MJRefreshBackNormalFooter.h */,
				F0D29AE71BE39ECD00EB4A67 /* MJRefreshBackNormalFooter.m */,
				F0D29AE81BE39ECD00EB4A67 /* MJRefreshBackStateFooter.h */,
				F0D29AE91BE39ECD00EB4A67 /* MJRefreshBackStateFooter.m */,
			);
			path = Back;
			sourceTree = "<group>";
		};
		F0D29AEA1BE39ECD00EB4A67 /* Header */ = {
			isa = PBXGroup;
			children = (
				F0D29AEB1BE39ECD00EB4A67 /* MJRefreshGifHeader.h */,
				F0D29AEC1BE39ECD00EB4A67 /* MJRefreshGifHeader.m */,
				F0D29AED1BE39ECD00EB4A67 /* MJRefreshNormalHeader.h */,
				F0D29AEE1BE39ECD00EB4A67 /* MJRefreshNormalHeader.m */,
				F0D29AEF1BE39ECD00EB4A67 /* MJRefreshStateHeader.h */,
				F0D29AF01BE39ECD00EB4A67 /* MJRefreshStateHeader.m */,
			);
			path = Header;
			sourceTree = "<group>";
		};
		F0D29B0E1BE3A9C300EB4A67 /* Search */ = {
			isa = PBXGroup;
			children = (
				F0D29B0F1BE3A9C300EB4A67 /* Controller */,
			);
			path = Search;
			sourceTree = "<group>";
		};
		F0D29B0F1BE3A9C300EB4A67 /* Controller */ = {
			isa = PBXGroup;
			children = (
				F0D29B101BE3AA1300EB4A67 /* CJSearchViewController.h */,
				F0D29B111BE3AA1300EB4A67 /* CJSearchViewController.m */,
			);
			path = Controller;
			sourceTree = "<group>";
		};
		F0EF865F1BE4ADAB0022FA7A /* Detail */ = {
			isa = PBXGroup;
			children = (
				F0EF86601BE4ADAB0022FA7A /* Controller */,
			);
			path = Detail;
			sourceTree = "<group>";
		};
		F0EF86601BE4ADAB0022FA7A /* Controller */ = {
			isa = PBXGroup;
			children = (
				F0EF86611BE4ADF50022FA7A /* CJDetailViewController.h */,
				F0EF86621BE4ADF50022FA7A /* CJDetailViewController.m */,
				F0EF86631BE4ADF50022FA7A /* CJDetailViewController.xib */,
			);
			path = Controller;
			sourceTree = "<group>";
		};
		F0EF86661BE4D8E40022FA7A /* MBProgressHUD */ = {
			isa = PBXGroup;
			children = (
				F0EF86671BE4D8E40022FA7A /* MBProgressHUD+MJ.h */,
				F0EF86681BE4D8E40022FA7A /* MBProgressHUD+MJ.m */,
				F0EF86691BE4D8E40022FA7A /* MBProgressHUD.bundle */,
				F0EF866A1BE4D8E40022FA7A /* MBProgressHUD.h */,
				F0EF866B1BE4D8E40022FA7A /* MBProgressHUD.m */,
			);
			path = MBProgressHUD;
			sourceTree = "<group>";
		};
		F0EF86721BE4DDA50022FA7A /* fmdb */ = {
			isa = PBXGroup;
			children = (
				F0EF86731BE4DDA50022FA7A /* FMDatabase.h */,
				F0EF86741BE4DDA50022FA7A /* FMDatabase.m */,
				F0EF86751BE4DDA50022FA7A /* FMDatabaseAdditions.h */,
				F0EF86761BE4DDA50022FA7A /* FMDatabaseAdditions.m */,
				F0EF86771BE4DDA50022FA7A /* FMDatabasePool.h */,
				F0EF86781BE4DDA50022FA7A /* FMDatabasePool.m */,
				F0EF86791BE4DDA50022FA7A /* FMDatabaseQueue.h */,
				F0EF867A1BE4DDA50022FA7A /* FMDatabaseQueue.m */,
				F0EF867B1BE4DDA50022FA7A /* FMDB.h */,
				F0EF867C1BE4DDA50022FA7A /* FMResultSet.h */,
				F0EF867D1BE4DDA50022FA7A /* FMResultSet.m */,
			);
			path = fmdb;
			sourceTree = "<group>";
		};
		F0EF86831BE4DDD20022FA7A /* Tool */ = {
			isa = PBXGroup;
			children = (
				F0EF86841BE4DF190022FA7A /* CJDealTool.h */,
				F0EF86851BE4DF190022FA7A /* CJDealTool.m */,
			);
			path = Tool;
			sourceTree = "<group>";
		};
/* End PBXGroup section */

/* Begin PBXNativeTarget section */
		F04455851BDFBA7900BFDA6E /* 美团HD */ = {
			isa = PBXNativeTarget;
			buildConfigurationList = F04455A91BDFBA7A00BFDA6E /* Build configuration list for PBXNativeTarget "美团HD" */;
			buildPhases = (
				F04455821BDFBA7900BFDA6E /* Sources */,
				F04455831BDFBA7900BFDA6E /* Frameworks */,
				F04455841BDFBA7900BFDA6E /* Resources */,
			);
			buildRules = (
			);
			dependencies = (
			);
			name = "美团HD";
			productName = "美团HD";
			productReference = F04455861BDFBA7900BFDA6E /* 美团HD.app */;
			productType = "com.apple.product-type.application";
		};
		F044559E1BDFBA7A00BFDA6E /* 美团HDTests */ = {
			isa = PBXNativeTarget;
			buildConfigurationList = F04455AC1BDFBA7A00BFDA6E /* Build configuration list for PBXNativeTarget "美团HDTests" */;
			buildPhases = (
				F044559B1BDFBA7A00BFDA6E /* Sources */,
				F044559C1BDFBA7A00BFDA6E /* Frameworks */,
				F044559D1BDFBA7A00BFDA6E /* Resources */,
			);
			buildRules = (
			);
			dependencies = (
				F04455A11BDFBA7A00BFDA6E /* PBXTargetDependency */,
			);
			name = "美团HDTests";
			productName = "美团HDTests";
			productReference = F044559F1BDFBA7A00BFDA6E /* 美团HDTests.xctest */;
			productType = "com.apple.product-type.bundle.unit-test";
		};
/* End PBXNativeTarget section */

/* Begin PBXProject section */
		F044557E1BDFBA7900BFDA6E /* Project object */ = {
			isa = PBXProject;
			attributes = {
				CLASSPREFIX = CJ;
				LastUpgradeCheck = 0640;
				ORGANIZATIONNAME = mac527;
				TargetAttributes = {
					F04455851BDFBA7900BFDA6E = {
						CreatedOnToolsVersion = 6.4;
					};
					F044559E1BDFBA7A00BFDA6E = {
						CreatedOnToolsVersion = 6.4;
						TestTargetID = F04455851BDFBA7900BFDA6E;
					};
				};
			};
			buildConfigurationList = F04455811BDFBA7900BFDA6E /* Build configuration list for PBXProject "美团HD" */;
			compatibilityVersion = "Xcode 3.2";
			developmentRegion = English;
			hasScannedForEncodings = 0;
			knownRegions = (
				en,
				Base,
			);
			mainGroup = F044557D1BDFBA7900BFDA6E;
			productRefGroup = F04455871BDFBA7900BFDA6E /* Products */;
			projectDirPath = "";
			projectRoot = "";
			targets = (
				F04455851BDFBA7900BFDA6E /* 美团HD */,
				F044559E1BDFBA7A00BFDA6E /* 美团HDTests */,
			);
		};
/* End PBXProject section */

/* Begin PBXResourcesBuildPhase section */
		F04455841BDFBA7900BFDA6E /* Resources */ = {
			isa = PBXResourcesBuildPhase;
			buildActionMask = 2147483647;
			files = (
				F0EF866D1BE4D8E40022FA7A /* MBProgressHUD.bundle in Resources */,
				F05240C11BE0B0A80002CC18 /* categories.plist in Resources */,
				F0D29A521BE3224400EB4A67 /* CJHomeNavItem.xib in Resources */,
				F05240C41BE0B0A80002CC18 /* sorts.plist in Resources */,
				F0D29A421BE3224400EB4A67 /* CJCityViewController.xib in Resources */,
				F05240C21BE0B0A80002CC18 /* cities.plist in Resources */,
				F0D29A451BE3224400EB4A67 /* CJRegionController.xib in Resources */,
				F0EF86651BE4ADF50022FA7A /* CJDetailViewController.xib in Resources */,
				F04455971BDFBA7A00BFDA6E /* Images.xcassets in Resources */,
				F0D29B091BE39ECD00EB4A67 /* MJRefresh.bundle in Resources */,
				F0D29A4E1BE3224400EB4A67 /* CJHomeDropDown.xib in Resources */,
				F0D29A6D1BE3889600EB4A67 /* CJDealCell.xib in Resources */,
				F05240C31BE0B0A80002CC18 /* cityGroups.plist in Resources */,
			);
			runOnlyForDeploymentPostprocessing = 0;
		};
		F044559D1BDFBA7A00BFDA6E /* Resources */ = {
			isa = PBXResourcesBuildPhase;
			buildActionMask = 2147483647;
			files = (
			);
			runOnlyForDeploymentPostprocessing = 0;
		};
/* End PBXResourcesBuildPhase section */

/* Begin PBXSourcesBuildPhase section */
		F04455821BDFBA7900BFDA6E /* Sources */ = {
			isa = PBXSourcesBuildPhase;
			buildActionMask = 2147483647;
			files = (
				F0D29B061BE39ECD00EB4A67 /* MJRefreshGifHeader.m in Sources */,
				F0D29A9C1BE389F100EB4A67 /* UIButton+WebCache.m in Sources */,
				F0D29AFF1BE39ECD00EB4A67 /* MJRefreshHeader.m in Sources */,
				F0D29A581BE3224400EB4A67 /* AppDelegate.m in Sources */,
				F0D29B041BE39ECD00EB4A67 /* MJRefreshBackNormalFooter.m in Sources */,
				F0D29A4A1BE3224400EB4A67 /* CJRegion.m in Sources */,
				F0D29B121BE3AA1300EB4A67 /* CJSearchViewController.m in Sources */,
				F0D29A501BE3224400EB4A67 /* CJHomeDropDownSubCell.m in Sources */,
				F0EF866E1BE4D8E40022FA7A /* MBProgressHUD.m in Sources */,
				F0EF867F1BE4DDA50022FA7A /* FMDatabaseAdditions.m in Sources */,
				F0D29B011BE39ECD00EB4A67 /* MJRefreshAutoNormalFooter.m in Sources */,
				F0EF86641BE4ADF50022FA7A /* CJDetailViewController.m in Sources */,
				F0D29A651BE3224400EB4A67 /* NSString+MJExtension.m in Sources */,
				F0D29AA01BE389F100EB4A67 /* UIImageView+HighlightedWebCache.m in Sources */,
				F0D29A611BE3224400EB4A67 /* NSObject+MJClass.m in Sources */,
				F0D29A941BE389F100EB4A67 /* NSData+ImageContentType.m in Sources */,
				F0D29A631BE3224400EB4A67 /* NSObject+MJKeyValue.m in Sources */,
				F0EF86811BE4DDA50022FA7A /* FMDatabaseQueue.m in Sources */,
				F0D29A5D1BE3224400EB4A67 /* MJFoundation.m in Sources */,
				F0D29A4F1BE3224400EB4A67 /* CJHomeDropDownMainCell.m in Sources */,
				F0D29B051BE39ECD00EB4A67 /* MJRefreshBackStateFooter.m in Sources */,
				F0EF866C1BE4D8E40022FA7A /* MBProgressHUD+MJ.m in Sources */,
				F0D29A4B1BE3224400EB4A67 /* CJSort.m in Sources */,
				F0D29A511BE3224400EB4A67 /* CJHomeNavItem.m in Sources */,
				F0D29A571BE3224400EB4A67 /* CJNavigtionController.m in Sources */,
				F0D29A961BE389F100EB4A67 /* SDWebImageCompat.m in Sources */,
				F0D29A9A1BE389F100EB4A67 /* SDWebImageManager.m in Sources */,
				F0D29A491BE3224400EB4A67 /* CJCityGroup.m in Sources */,
				F0D29A951BE389F100EB4A67 /* SDImageCache.m in Sources */,
				F0D29A551BE3224400EB4A67 /* UIView+Extension.m in Sources */,
				F0D29A971BE389F100EB4A67 /* SDWebImageDecoder.m in Sources */,
				F0D29A591BE3224400EB4A67 /* DPAPI.m in Sources */,
				F0D29A6C1BE3889600EB4A67 /* CJDealCell.m in Sources */,
				F0D29A981BE389F100EB4A67 /* SDWebImageDownloader.m in Sources */,
				F0D29A641BE3224400EB4A67 /* NSObject+MJProperty.m in Sources */,
				F0D29A4D1BE3224400EB4A67 /* CJHomeDropDown.m in Sources */,
				F0D29B071BE39ECD00EB4A67 /* MJRefreshNormalHeader.m in Sources */,
				F0D29A3F1BE3224400EB4A67 /* CJCategoryViewController.m in Sources */,
				F0D29A9E1BE389F100EB4A67 /* UIImage+MultiFormat.m in Sources */,
				F0D29B0C1BE39ECD00EB4A67 /* UIScrollView+MJRefresh.m in Sources */,
				F0D29A5F1BE3224400EB4A67 /* MJPropertyKey.m in Sources */,
				F0EF86801BE4DDA50022FA7A /* FMDatabasePool.m in Sources */,
				F0D29B001BE39ECD00EB4A67 /* MJRefreshAutoGifFooter.m in Sources */,
				F0D29AFC1BE39ECD00EB4A67 /* MJRefreshBackFooter.m in Sources */,
				F0D29B0B1BE39ECD00EB4A67 /* UIScrollView+MJExtension.m in Sources */,
				F0D29AFE1BE39ECD00EB4A67 /* MJRefreshFooter.m in Sources */,
				F0D29AA51BE3940200EB4A67 /* CJCenterLineLabel.m in Sources */,
				F0D29A9F1BE389F100EB4A67 /* UIImage+WebP.m in Sources */,
				F0EF86861BE4DF190022FA7A /* CJDealTool.m in Sources */,
				F0D29B0A1BE39ECD00EB4A67 /* MJRefreshConst.m in Sources */,
				F0D29A481BE3224400EB4A67 /* CJCity.m in Sources */,
				F0D29B021BE39ECD00EB4A67 /* MJRefreshAutoStateFooter.m in Sources */,
				F0D29A601BE3224400EB4A67 /* MJPropertyType.m in Sources */,
				F0D29A4C1BE3224400EB4A67 /* CJMetaTool.m in Sources */,
				F0D29A5C1BE3224400EB4A67 /* MJExtensionConst.m in Sources */,
				F0D29A461BE3224400EB4A67 /* CJSortViewController.m in Sources */,
				F0D29AFD1BE39ECD00EB4A67 /* MJRefreshComponent.m in Sources */,
				F0D29A701BE3892700EB4A67 /* CJDeal.m in Sources */,
				F0D29A531BE3224400EB4A67 /* UIBarButtonItem+Extension.m in Sources */,
				F0D29A441BE3224400EB4A67 /* CJRegionController.m in Sources */,
				F0D29AA21BE389F100EB4A67 /* UIView+WebCacheOperation.m in Sources */,
				F0D29B0D1BE39ECD00EB4A67 /* UIView+MJExtension.m in Sources */,
				F0D29A9B1BE389F100EB4A67 /* SDWebImagePrefetcher.m in Sources */,
				F0D29A541BE3224400EB4A67 /* UIView+AutoLayout.m in Sources */,
				F0D29A5B1BE3224400EB4A67 /* MJDictionaryCache.m in Sources */,
				F0EF86821BE4DDA50022FA7A /* FMResultSet.m in Sources */,
				F0D29A471BE3224400EB4A67 /* CJCategory.m in Sources */,
				F0D29B151BE3ADD000EB4A67 /* CJDealsViewController.m in Sources */,
				F0D29A9D1BE389F100EB4A67 /* UIImage+GIF.m in Sources */,
				F0D29A5A1BE3224400EB4A67 /* DPRequest.m in Sources */,
				F0EF86711BE4D96F0022FA7A /* CJRestrictions.m in Sources */,
				F0EF867E1BE4DDA50022FA7A /* FMDatabase.m in Sources */,
				F0D29A5E1BE3224400EB4A67 /* MJProperty.m in Sources */,
				F0D29AFB1BE39ECD00EB4A67 /* MJRefreshAutoFooter.m in Sources */,
				F0D29A561BE3224400EB4A67 /* CJConst.m in Sources */,
				F0D29A931BE389F100EB4A67 /* MKAnnotationView+WebCache.m in Sources */,
				F0D29A681BE3313700EB4A67 /* Foundation+Log.m in Sources */,
				F0D29A991BE389F100EB4A67 /* SDWebImageDownloaderOperation.m in Sources */,
				F0D29B031BE39ECD00EB4A67 /* MJRefreshBackGifFooter.m in Sources */,
				F0D29A621BE3224400EB4A67 /* NSObject+MJCoding.m in Sources */,
				F0D29A411BE3224400EB4A67 /* CJCityViewController.m in Sources */,
				F0D29B081BE39ECD00EB4A67 /* MJRefreshStateHeader.m in Sources */,
				F0D29AA11BE389F100EB4A67 /* UIImageView+WebCache.m in Sources */,
				F0D29A431BE3224400EB4A67 /* CJHomeViewController.m in Sources */,
				F0D29A661BE3224400EB4A67 /* main.m in Sources */,
				F0D29A401BE3224400EB4A67 /* CJCitySearchResultViewController.m in Sources */,
			);
			runOnlyForDeploymentPostprocessing = 0;
		};
		F044559B1BDFBA7A00BFDA6E /* Sources */ = {
			isa = PBXSourcesBuildPhase;
			buildActionMask = 2147483647;
			files = (
				F04455A61BDFBA7A00BFDA6E /* __HDTests.m in Sources */,
			);
			runOnlyForDeploymentPostprocessing = 0;
		};
/* End PBXSourcesBuildPhase section */

/* Begin PBXTargetDependency section */
		F04455A11BDFBA7A00BFDA6E /* PBXTargetDependency */ = {
			isa = PBXTargetDependency;
			target = F04455851BDFBA7900BFDA6E /* 美团HD */;
			targetProxy = F04455A01BDFBA7A00BFDA6E /* PBXContainerItemProxy */;
		};
/* End PBXTargetDependency section */

/* Begin XCBuildConfiguration section */
		F04455A71BDFBA7A00BFDA6E /* Debug */ = {
			isa = XCBuildConfiguration;
			buildSettings = {
				ALWAYS_SEARCH_USER_PATHS = NO;
				CLANG_CXX_LANGUAGE_STANDARD = "gnu++0x";
				CLANG_CXX_LIBRARY = "libc++";
				CLANG_ENABLE_MODULES = YES;
				CLANG_ENABLE_OBJC_ARC = YES;
				CLANG_WARN_BOOL_CONVERSION = YES;
				CLANG_WARN_CONSTANT_CONVERSION = YES;
				CLANG_WARN_DIRECT_OBJC_ISA_USAGE = YES_ERROR;
				CLANG_WARN_EMPTY_BODY = YES;
				CLANG_WARN_ENUM_CONVERSION = YES;
				CLANG_WARN_INT_CONVERSION = YES;
				CLANG_WARN_OBJC_ROOT_CLASS = YES_ERROR;
				CLANG_WARN_UNREACHABLE_CODE = YES;
				CLANG_WARN__DUPLICATE_METHOD_MATCH = YES;
				"CODE_SIGN_IDENTITY[sdk=iphoneos*]" = "iPhone Developer";
				COPY_PHASE_STRIP = NO;
				DEBUG_INFORMATION_FORMAT = "dwarf-with-dsym";
				ENABLE_STRICT_OBJC_MSGSEND = YES;
				GCC_C_LANGUAGE_STANDARD = gnu99;
				GCC_DYNAMIC_NO_PIC = NO;
				GCC_NO_COMMON_BLOCKS = YES;
				GCC_OPTIMIZATION_LEVEL = 0;
				GCC_PREPROCESSOR_DEFINITIONS = (
					"DEBUG=1",
					"$(inherited)",
				);
				GCC_SYMBOLS_PRIVATE_EXTERN = NO;
				GCC_WARN_64_TO_32_BIT_CONVERSION = YES;
				GCC_WARN_ABOUT_RETURN_TYPE = YES_ERROR;
				GCC_WARN_UNDECLARED_SELECTOR = YES;
				GCC_WARN_UNINITIALIZED_AUTOS = YES_AGGRESSIVE;
				GCC_WARN_UNUSED_FUNCTION = YES;
				GCC_WARN_UNUSED_VARIABLE = YES;
				IPHONEOS_DEPLOYMENT_TARGET = 8.4;
				MTL_ENABLE_DEBUG_INFO = YES;
				ONLY_ACTIVE_ARCH = YES;
				SDKROOT = iphoneos;
			};
			name = Debug;
		};
		F04455A81BDFBA7A00BFDA6E /* Release */ = {
			isa = XCBuildConfiguration;
			buildSettings = {
				ALWAYS_SEARCH_USER_PATHS = NO;
				CLANG_CXX_LANGUAGE_STANDARD = "gnu++0x";
				CLANG_CXX_LIBRARY = "libc++";
				CLANG_ENABLE_MODULES = YES;
				CLANG_ENABLE_OBJC_ARC = YES;
				CLANG_WARN_BOOL_CONVERSION = YES;
				CLANG_WARN_CONSTANT_CONVERSION = YES;
				CLANG_WARN_DIRECT_OBJC_ISA_USAGE = YES_ERROR;
				CLANG_WARN_EMPTY_BODY = YES;
				CLANG_WARN_ENUM_CONVERSION = YES;
				CLANG_WARN_INT_CONVERSION = YES;
				CLANG_WARN_OBJC_ROOT_CLASS = YES_ERROR;
				CLANG_WARN_UNREACHABLE_CODE = YES;
				CLANG_WARN__DUPLICATE_METHOD_MATCH = YES;
				"CODE_SIGN_IDENTITY[sdk=iphoneos*]" = "iPhone Developer";
				COPY_PHASE_STRIP = NO;
				DEBUG_INFORMATION_FORMAT = "dwarf-with-dsym";
				ENABLE_NS_ASSERTIONS = NO;
				ENABLE_STRICT_OBJC_MSGSEND = YES;
				GCC_C_LANGUAGE_STANDARD = gnu99;
				GCC_NO_COMMON_BLOCKS = YES;
				GCC_WARN_64_TO_32_BIT_CONVERSION = YES;
				GCC_WARN_ABOUT_RETURN_TYPE = YES_ERROR;
				GCC_WARN_UNDECLARED_SELECTOR = YES;
				GCC_WARN_UNINITIALIZED_AUTOS = YES_AGGRESSIVE;
				GCC_WARN_UNUSED_FUNCTION = YES;
				GCC_WARN_UNUSED_VARIABLE = YES;
				IPHONEOS_DEPLOYMENT_TARGET = 8.4;
				MTL_ENABLE_DEBUG_INFO = NO;
				SDKROOT = iphoneos;
				VALIDATE_PRODUCT = YES;
			};
			name = Release;
		};
		F04455AA1BDFBA7A00BFDA6E /* Debug */ = {
			isa = XCBuildConfiguration;
			buildSettings = {
				ASSETCATALOG_COMPILER_APPICON_NAME = AppIcon;
				ASSETCATALOG_COMPILER_LAUNCHIMAGE_NAME = LaunchImage;
				GCC_VERSION = "";
				INFOPLIST_FILE = "美团HD/Info.plist";
				IPHONEOS_DEPLOYMENT_TARGET = 8.4;
				LD_RUNPATH_SEARCH_PATHS = "$(inherited) @executable_path/Frameworks";
				PRODUCT_NAME = "$(TARGET_NAME)";
				TARGETED_DEVICE_FAMILY = 2;
			};
			name = Debug;
		};
		F04455AB1BDFBA7A00BFDA6E /* Release */ = {
			isa = XCBuildConfiguration;
			buildSettings = {
				ASSETCATALOG_COMPILER_APPICON_NAME = AppIcon;
				ASSETCATALOG_COMPILER_LAUNCHIMAGE_NAME = LaunchImage;
				GCC_VERSION = "";
				INFOPLIST_FILE = "美团HD/Info.plist";
				IPHONEOS_DEPLOYMENT_TARGET = 8.4;
				LD_RUNPATH_SEARCH_PATHS = "$(inherited) @executable_path/Frameworks";
				PRODUCT_NAME = "$(TARGET_NAME)";
				TARGETED_DEVICE_FAMILY = 2;
			};
			name = Release;
		};
		F04455AD1BDFBA7A00BFDA6E /* Debug */ = {
			isa = XCBuildConfiguration;
			buildSettings = {
				BUNDLE_LOADER = "$(TEST_HOST)";
				FRAMEWORK_SEARCH_PATHS = (
					"$(SDKROOT)/Developer/Library/Frameworks",
					"$(inherited)",
				);
				GCC_PREPROCESSOR_DEFINITIONS = (
					"DEBUG=1",
					"$(inherited)",
				);
				INFOPLIST_FILE = "美团HDTests/Info.plist";
				LD_RUNPATH_SEARCH_PATHS = "$(inherited) @executable_path/Frameworks @loader_path/Frameworks";
				PRODUCT_NAME = "$(TARGET_NAME)";
				TEST_HOST = "$(BUILT_PRODUCTS_DIR)/美团HD.app/美团HD";
			};
			name = Debug;
		};
		F04455AE1BDFBA7A00BFDA6E /* Release */ = {
			isa = XCBuildConfiguration;
			buildSettings = {
				BUNDLE_LOADER = "$(TEST_HOST)";
				FRAMEWORK_SEARCH_PATHS = (
					"$(SDKROOT)/Developer/Library/Frameworks",
					"$(inherited)",
				);
				INFOPLIST_FILE = "美团HDTests/Info.plist";
				LD_RUNPATH_SEARCH_PATHS = "$(inherited) @executable_path/Frameworks @loader_path/Frameworks";
				PRODUCT_NAME = "$(TARGET_NAME)";
				TEST_HOST = "$(BUILT_PRODUCTS_DIR)/美团HD.app/美团HD";
			};
			name = Release;
		};
/* End XCBuildConfiguration section */

/* Begin XCConfigurationList section */
		F04455811BDFBA7900BFDA6E /* Build configuration list for PBXProject "美团HD" */ = {
			isa = XCConfigurationList;
			buildConfigurations = (
				F04455A71BDFBA7A00BFDA6E /* Debug */,
				F04455A81BDFBA7A00BFDA6E /* Release */,
			);
			defaultConfigurationIsVisible = 0;
			defaultConfigurationName = Release;
		};
		F04455A91BDFBA7A00BFDA6E /* Build configuration list for PBXNativeTarget "美团HD" */ = {
			isa = XCConfigurationList;
			buildConfigurations = (
				F04455AA1BDFBA7A00BFDA6E /* Debug */,
				F04455AB1BDFBA7A00BFDA6E /* Release */,
			);
			defaultConfigurationIsVisible = 0;
			defaultConfigurationName = Release;
		};
		F04455AC1BDFBA7A00BFDA6E /* Build configuration list for PBXNativeTarget "美团HDTests" */ = {
			isa = XCConfigurationList;
			buildConfigurations = (
				F04455AD1BDFBA7A00BFDA6E /* Debug */,
				F04455AE1BDFBA7A00BFDA6E /* Release */,
			);
			defaultConfigurationIsVisible = 0;
			defaultConfigurationName = Release;
		};
/* End XCConfigurationList section */
	};
	rootObject = F044557E1BDFBA7900BFDA6E /* Project object */;
}
