// !$*UTF8*$!
{
	archiveVersion = 1;
	classes = {
	};
	objectVersion = 46;
	objects = {

/* Begin PBXBuildFile section */
		F04455971BDFBA7A00BFDA6E /* Images.xcassets in Resources */ = {isa = PBXBuildFile; fileRef = F04455961BDFBA7A00BFDA6E /* Images.xcassets */; };
		F04455A61BDFBA7A00BFDA6E /* __HDTests.m in Sources */ = {isa = PBXBuildFile; fileRef = F04455A51BDFBA7A00BFDA6E /* __HDTests.m */; };
		F05240861BE0A9650002CC18 /* CJHomeViewController.m in Sources */ = {isa = PBXBuildFile; fileRef = F05240811BE0A9650002CC18 /* CJHomeViewController.m */; };
		F05240941BE0AB9C0002CC18 /* CJCategory.m in Sources */ = {isa = PBXBuildFile; fileRef = F05240931BE0AB9C0002CC18 /* CJCategory.m */; };
		F05240971BE0ABE40002CC18 /* CJCategoryViewController.m in Sources */ = {isa = PBXBuildFile; fileRef = F05240961BE0ABE40002CC18 /* CJCategoryViewController.m */; };
		F05240C11BE0B0A80002CC18 /* categories.plist in Resources */ = {isa = PBXBuildFile; fileRef = F05240BD1BE0B0A80002CC18 /* categories.plist */; };
		F05240C21BE0B0A80002CC18 /* cities.plist in Resources */ = {isa = PBXBuildFile; fileRef = F05240BE1BE0B0A80002CC18 /* cities.plist */; };
		F05240C31BE0B0A80002CC18 /* cityGroups.plist in Resources */ = {isa = PBXBuildFile; fileRef = F05240BF1BE0B0A80002CC18 /* cityGroups.plist */; };
		F05240C41BE0B0A80002CC18 /* sorts.plist in Resources */ = {isa = PBXBuildFile; fileRef = F05240C01BE0B0A80002CC18 /* sorts.plist */; };
		F05240FC1BE0C0040002CC18 /* CJHomeDropDown.m in Sources */ = {isa = PBXBuildFile; fileRef = F05240F31BE0C0040002CC18 /* CJHomeDropDown.m */; };
		F05240FD1BE0C0040002CC18 /* CJHomeDropDown.xib in Resources */ = {isa = PBXBuildFile; fileRef = F05240F41BE0C0040002CC18 /* CJHomeDropDown.xib */; };
		F05240FE1BE0C0040002CC18 /* CJHomeDropDownMainCell.m in Sources */ = {isa = PBXBuildFile; fileRef = F05240F61BE0C0040002CC18 /* CJHomeDropDownMainCell.m */; };
		F05240FF1BE0C0040002CC18 /* CJHomeDropDownSubCell.m in Sources */ = {isa = PBXBuildFile; fileRef = F05240F81BE0C0040002CC18 /* CJHomeDropDownSubCell.m */; };
		F05241001BE0C0040002CC18 /* CJHomeNavItem.m in Sources */ = {isa = PBXBuildFile; fileRef = F05240FA1BE0C0040002CC18 /* CJHomeNavItem.m */; };
		F05241011BE0C0040002CC18 /* CJHomeNavItem.xib in Resources */ = {isa = PBXBuildFile; fileRef = F05240FB1BE0C0040002CC18 /* CJHomeNavItem.xib */; };
		F08955151BE1B793008BCD91 /* CJRegionController.m in Sources */ = {isa = PBXBuildFile; fileRef = F08955131BE1B793008BCD91 /* CJRegionController.m */; };
		F08955161BE1B793008BCD91 /* CJRegionController.xib in Resources */ = {isa = PBXBuildFile; fileRef = F08955141BE1B793008BCD91 /* CJRegionController.xib */; };
		F08955191BE1BB47008BCD91 /* CJCity.m in Sources */ = {isa = PBXBuildFile; fileRef = F08955181BE1BB47008BCD91 /* CJCity.m */; };
		F089551D1BE1BEBA008BCD91 /* CJCityViewController.m in Sources */ = {isa = PBXBuildFile; fileRef = F089551B1BE1BEBA008BCD91 /* CJCityViewController.m */; };
		F089551E1BE1BEBA008BCD91 /* CJCityViewController.xib in Resources */ = {isa = PBXBuildFile; fileRef = F089551C1BE1BEBA008BCD91 /* CJCityViewController.xib */; };
		F08955211BE1C0DD008BCD91 /* CJRegion.m in Sources */ = {isa = PBXBuildFile; fileRef = F08955201BE1C0DD008BCD91 /* CJRegion.m */; };
		F08955241BE1C139008BCD91 /* CJCityGroup.m in Sources */ = {isa = PBXBuildFile; fileRef = F08955231BE1C139008BCD91 /* CJCityGroup.m */; };
		F0B127CE1BE20209001E08A1 /* CJCitySearchResultViewController.m in Sources */ = {isa = PBXBuildFile; fileRef = F0B127CD1BE20209001E08A1 /* CJCitySearchResultViewController.m */; };
		F0B128171BE236BB001E08A1 /* UIBarButtonItem+Extension.m in Sources */ = {isa = PBXBuildFile; fileRef = F0B127D51BE236BB001E08A1 /* UIBarButtonItem+Extension.m */; };
		F0B128181BE236BB001E08A1 /* UIView+AutoLayout.m in Sources */ = {isa = PBXBuildFile; fileRef = F0B127D71BE236BB001E08A1 /* UIView+AutoLayout.m */; };
		F0B128191BE236BB001E08A1 /* UIView+Extension.m in Sources */ = {isa = PBXBuildFile; fileRef = F0B127D91BE236BB001E08A1 /* UIView+Extension.m */; };
		F0B1281A1BE236BB001E08A1 /* CJConst.m in Sources */ = {isa = PBXBuildFile; fileRef = F0B127DB1BE236BB001E08A1 /* CJConst.m */; };
		F0B1281B1BE236BB001E08A1 /* CJNavigtionController.m in Sources */ = {isa = PBXBuildFile; fileRef = F0B127DE1BE236BB001E08A1 /* CJNavigtionController.m */; };
		F0B1281C1BE236BB001E08A1 /* AppDelegate.m in Sources */ = {isa = PBXBuildFile; fileRef = F0B127E11BE236BB001E08A1 /* AppDelegate.m */; };
		F0B1281D1BE236BB001E08A1 /* Info.plist in Resources */ = {isa = PBXBuildFile; fileRef = F0B127E41BE236BB001E08A1 /* Info.plist */; };
		F0B1281E1BE236BB001E08A1 /* MASCompositeConstraint.m in Sources */ = {isa = PBXBuildFile; fileRef = F0B127E61BE236BB001E08A1 /* MASCompositeConstraint.m */; };
		F0B1281F1BE236BB001E08A1 /* MASConstraint.m in Sources */ = {isa = PBXBuildFile; fileRef = F0B127E91BE236BB001E08A1 /* MASConstraint.m */; };
		F0B128201BE236BB001E08A1 /* MASConstraintMaker.m in Sources */ = {isa = PBXBuildFile; fileRef = F0B127EB1BE236BB001E08A1 /* MASConstraintMaker.m */; };
		F0B128211BE236BB001E08A1 /* MASLayoutConstraint.m in Sources */ = {isa = PBXBuildFile; fileRef = F0B127ED1BE236BB001E08A1 /* MASLayoutConstraint.m */; };
		F0B128221BE236BB001E08A1 /* MASViewAttribute.m in Sources */ = {isa = PBXBuildFile; fileRef = F0B127F11BE236BB001E08A1 /* MASViewAttribute.m */; };
		F0B128231BE236BB001E08A1 /* MASViewConstraint.m in Sources */ = {isa = PBXBuildFile; fileRef = F0B127F31BE236BB001E08A1 /* MASViewConstraint.m */; };
		F0B128241BE236BB001E08A1 /* NSArray+MASAdditions.m in Sources */ = {isa = PBXBuildFile; fileRef = F0B127F51BE236BB001E08A1 /* NSArray+MASAdditions.m */; };
		F0B128251BE236BB001E08A1 /* NSLayoutConstraint+MASDebugAdditions.m in Sources */ = {isa = PBXBuildFile; fileRef = F0B127F81BE236BB001E08A1 /* NSLayoutConstraint+MASDebugAdditions.m */; };
		F0B128261BE236BB001E08A1 /* View+MASAdditions.m in Sources */ = {isa = PBXBuildFile; fileRef = F0B127FA1BE236BB001E08A1 /* View+MASAdditions.m */; };
		F0B128271BE236BB001E08A1 /* ViewController+MASAdditions.m in Sources */ = {isa = PBXBuildFile; fileRef = F0B127FD1BE236BB001E08A1 /* ViewController+MASAdditions.m */; };
		F0B128281BE236BB001E08A1 /* MJDictionaryCache.m in Sources */ = {isa = PBXBuildFile; fileRef = F0B128001BE236BB001E08A1 /* MJDictionaryCache.m */; };
		F0B128291BE236BB001E08A1 /* MJExtensionConst.m in Sources */ = {isa = PBXBuildFile; fileRef = F0B128031BE236BB001E08A1 /* MJExtensionConst.m */; };
		F0B1282A1BE236BB001E08A1 /* MJFoundation.m in Sources */ = {isa = PBXBuildFile; fileRef = F0B128051BE236BB001E08A1 /* MJFoundation.m */; };
		F0B1282B1BE236BB001E08A1 /* MJProperty.m in Sources */ = {isa = PBXBuildFile; fileRef = F0B128071BE236BB001E08A1 /* MJProperty.m */; };
		F0B1282C1BE236BB001E08A1 /* MJPropertyKey.m in Sources */ = {isa = PBXBuildFile; fileRef = F0B128091BE236BB001E08A1 /* MJPropertyKey.m */; };
		F0B1282D1BE236BB001E08A1 /* MJPropertyType.m in Sources */ = {isa = PBXBuildFile; fileRef = F0B1280B1BE236BB001E08A1 /* MJPropertyType.m */; };
		F0B1282E1BE236BB001E08A1 /* NSObject+MJClass.m in Sources */ = {isa = PBXBuildFile; fileRef = F0B1280D1BE236BB001E08A1 /* NSObject+MJClass.m */; };
		F0B1282F1BE236BB001E08A1 /* NSObject+MJCoding.m in Sources */ = {isa = PBXBuildFile; fileRef = F0B1280F1BE236BB001E08A1 /* NSObject+MJCoding.m */; };
		F0B128301BE236BB001E08A1 /* NSObject+MJKeyValue.m in Sources */ = {isa = PBXBuildFile; fileRef = F0B128111BE236BB001E08A1 /* NSObject+MJKeyValue.m */; };
		F0B128311BE236BB001E08A1 /* NSObject+MJProperty.m in Sources */ = {isa = PBXBuildFile; fileRef = F0B128131BE236BB001E08A1 /* NSObject+MJProperty.m */; };
		F0B128321BE236BB001E08A1 /* NSString+MJExtension.m in Sources */ = {isa = PBXBuildFile; fileRef = F0B128151BE236BB001E08A1 /* NSString+MJExtension.m */; };
		F0B128331BE236BB001E08A1 /* main.m in Sources */ = {isa = PBXBuildFile; fileRef = F0B128161BE236BB001E08A1 /* main.m */; };
		F0B128361BE2371B001E08A1 /* CJMetaTool.m in Sources */ = {isa = PBXBuildFile; fileRef = F0B128351BE2371B001E08A1 /* CJMetaTool.m */; };
/* End PBXBuildFile section */

/* Begin PBXContainerItemProxy section */
		F04455A01BDFBA7A00BFDA6E /* PBXContainerItemProxy */ = {
			isa = PBXContainerItemProxy;
			containerPortal = F044557E1BDFBA7900BFDA6E /* Project object */;
			proxyType = 1;
			remoteGlobalIDString = F04455851BDFBA7900BFDA6E;
			remoteInfo = "美团HD";
		};
/* End PBXContainerItemProxy section */

/* Begin PBXFileReference section */
		F04455861BDFBA7900BFDA6E /* 美团HD.app */ = {isa = PBXFileReference; explicitFileType = wrapper.application; includeInIndex = 0; path = "美团HD.app"; sourceTree = BUILT_PRODUCTS_DIR; };
		F044558A1BDFBA7900BFDA6E /* Info.plist */ = {isa = PBXFileReference; lastKnownFileType = text.plist.xml; path = Info.plist; sourceTree = "<group>"; };
		F04455961BDFBA7A00BFDA6E /* Images.xcassets */ = {isa = PBXFileReference; lastKnownFileType = folder.assetcatalog; path = Images.xcassets; sourceTree = "<group>"; };
		F044559F1BDFBA7A00BFDA6E /* 美团HDTests.xctest */ = {isa = PBXFileReference; explicitFileType = wrapper.cfbundle; includeInIndex = 0; path = "美团HDTests.xctest"; sourceTree = BUILT_PRODUCTS_DIR; };
		F04455A41BDFBA7A00BFDA6E /* Info.plist */ = {isa = PBXFileReference; lastKnownFileType = text.plist.xml; path = Info.plist; sourceTree = "<group>"; };
		F04455A51BDFBA7A00BFDA6E /* __HDTests.m */ = {isa = PBXFileReference; lastKnownFileType = sourcecode.c.objc; path = __HDTests.m; sourceTree = "<group>"; };
		F05240801BE0A9650002CC18 /* CJHomeViewController.h */ = {isa = PBXFileReference; fileEncoding = 4; lastKnownFileType = sourcecode.c.h; path = CJHomeViewController.h; sourceTree = "<group>"; };
		F05240811BE0A9650002CC18 /* CJHomeViewController.m */ = {isa = PBXFileReference; fileEncoding = 4; lastKnownFileType = sourcecode.c.objc; path = CJHomeViewController.m; sourceTree = "<group>"; };
		F05240921BE0AB9C0002CC18 /* CJCategory.h */ = {isa = PBXFileReference; fileEncoding = 4; lastKnownFileType = sourcecode.c.h; path = CJCategory.h; sourceTree = "<group>"; };
		F05240931BE0AB9C0002CC18 /* CJCategory.m */ = {isa = PBXFileReference; fileEncoding = 4; lastKnownFileType = sourcecode.c.objc; path = CJCategory.m; sourceTree = "<group>"; };
		F05240951BE0ABE40002CC18 /* CJCategoryViewController.h */ = {isa = PBXFileReference; fileEncoding = 4; lastKnownFileType = sourcecode.c.h; path = CJCategoryViewController.h; sourceTree = "<group>"; };
		F05240961BE0ABE40002CC18 /* CJCategoryViewController.m */ = {isa = PBXFileReference; fileEncoding = 4; lastKnownFileType = sourcecode.c.objc; path = CJCategoryViewController.m; sourceTree = "<group>"; };
		F05240BD1BE0B0A80002CC18 /* categories.plist */ = {isa = PBXFileReference; fileEncoding = 4; lastKnownFileType = text.plist.xml; path = categories.plist; sourceTree = "<group>"; };
		F05240BE1BE0B0A80002CC18 /* cities.plist */ = {isa = PBXFileReference; fileEncoding = 4; lastKnownFileType = text.plist.xml; path = cities.plist; sourceTree = "<group>"; };
		F05240BF1BE0B0A80002CC18 /* cityGroups.plist */ = {isa = PBXFileReference; fileEncoding = 4; lastKnownFileType = text.plist.xml; path = cityGroups.plist; sourceTree = "<group>"; };
		F05240C01BE0B0A80002CC18 /* sorts.plist */ = {isa = PBXFileReference; fileEncoding = 4; lastKnownFileType = text.plist.xml; path = sorts.plist; sourceTree = "<group>"; };
		F05240F21BE0C0040002CC18 /* CJHomeDropDown.h */ = {isa = PBXFileReference; fileEncoding = 4; lastKnownFileType = sourcecode.c.h; path = CJHomeDropDown.h; sourceTree = "<group>"; };
		F05240F31BE0C0040002CC18 /* CJHomeDropDown.m */ = {isa = PBXFileReference; fileEncoding = 4; lastKnownFileType = sourcecode.c.objc; path = CJHomeDropDown.m; sourceTree = "<group>"; };
		F05240F41BE0C0040002CC18 /* CJHomeDropDown.xib */ = {isa = PBXFileReference; fileEncoding = 4; lastKnownFileType = file.xib; path = CJHomeDropDown.xib; sourceTree = "<group>"; };
		F05240F51BE0C0040002CC18 /* CJHomeDropDownMainCell.h */ = {isa = PBXFileReference; fileEncoding = 4; lastKnownFileType = sourcecode.c.h; path = CJHomeDropDownMainCell.h; sourceTree = "<group>"; };
		F05240F61BE0C0040002CC18 /* CJHomeDropDownMainCell.m */ = {isa = PBXFileReference; fileEncoding = 4; lastKnownFileType = sourcecode.c.objc; path = CJHomeDropDownMainCell.m; sourceTree = "<group>"; };
		F05240F71BE0C0040002CC18 /* CJHomeDropDownSubCell.h */ = {isa = PBXFileReference; fileEncoding = 4; lastKnownFileType = sourcecode.c.h; path = CJHomeDropDownSubCell.h; sourceTree = "<group>"; };
		F05240F81BE0C0040002CC18 /* CJHomeDropDownSubCell.m */ = {isa = PBXFileReference; fileEncoding = 4; lastKnownFileType = sourcecode.c.objc; path = CJHomeDropDownSubCell.m; sourceTree = "<group>"; };
		F05240F91BE0C0040002CC18 /* CJHomeNavItem.h */ = {isa = PBXFileReference; fileEncoding = 4; lastKnownFileType = sourcecode.c.h; path = CJHomeNavItem.h; sourceTree = "<group>"; };
		F05240FA1BE0C0040002CC18 /* CJHomeNavItem.m */ = {isa = PBXFileReference; fileEncoding = 4; lastKnownFileType = sourcecode.c.objc; path = CJHomeNavItem.m; sourceTree = "<group>"; };
		F05240FB1BE0C0040002CC18 /* CJHomeNavItem.xib */ = {isa = PBXFileReference; fileEncoding = 4; lastKnownFileType = file.xib; path = CJHomeNavItem.xib; sourceTree = "<group>"; };
		F08955121BE1B793008BCD91 /* CJRegionController.h */ = {isa = PBXFileReference; fileEncoding = 4; lastKnownFileType = sourcecode.c.h; path = CJRegionController.h; sourceTree = "<group>"; };
		F08955131BE1B793008BCD91 /* CJRegionController.m */ = {isa = PBXFileReference; fileEncoding = 4; lastKnownFileType = sourcecode.c.objc; path = CJRegionController.m; sourceTree = "<group>"; };
		F08955141BE1B793008BCD91 /* CJRegionController.xib */ = {isa = PBXFileReference; fileEncoding = 4; lastKnownFileType = file.xib; path = CJRegionController.xib; sourceTree = "<group>"; };
		F08955171BE1BB47008BCD91 /* CJCity.h */ = {isa = PBXFileReference; fileEncoding = 4; lastKnownFileType = sourcecode.c.h; path = CJCity.h; sourceTree = "<group>"; };
		F08955181BE1BB47008BCD91 /* CJCity.m */ = {isa = PBXFileReference; fileEncoding = 4; lastKnownFileType = sourcecode.c.objc; path = CJCity.m; sourceTree = "<group>"; };
		F089551A1BE1BEBA008BCD91 /* CJCityViewController.h */ = {isa = PBXFileReference; fileEncoding = 4; lastKnownFileType = sourcecode.c.h; path = CJCityViewController.h; sourceTree = "<group>"; };
		F089551B1BE1BEBA008BCD91 /* CJCityViewController.m */ = {isa = PBXFileReference; fileEncoding = 4; lastKnownFileType = sourcecode.c.objc; path = CJCityViewController.m; sourceTree = "<group>"; };
		F089551C1BE1BEBA008BCD91 /* CJCityViewController.xib */ = {isa = PBXFileReference; fileEncoding = 4; lastKnownFileType = file.xib; path = CJCityViewController.xib; sourceTree = "<group>"; };
		F089551F1BE1C0DD008BCD91 /* CJRegion.h */ = {isa = PBXFileReference; fileEncoding = 4; lastKnownFileType = sourcecode.c.h; path = CJRegion.h; sourceTree = "<group>"; };
		F08955201BE1C0DD008BCD91 /* CJRegion.m */ = {isa = PBXFileReference; fileEncoding = 4; lastKnownFileType = sourcecode.c.objc; path = CJRegion.m; sourceTree = "<group>"; };
		F08955221BE1C139008BCD91 /* CJCityGroup.h */ = {isa = PBXFileReference; fileEncoding = 4; lastKnownFileType = sourcecode.c.h; path = CJCityGroup.h; sourceTree = "<group>"; };
		F08955231BE1C139008BCD91 /* CJCityGroup.m */ = {isa = PBXFileReference; fileEncoding = 4; lastKnownFileType = sourcecode.c.objc; path = CJCityGroup.m; sourceTree = "<group>"; };
		F0B127CC1BE20209001E08A1 /* CJCitySearchResultViewController.h */ = {isa = PBXFileReference; fileEncoding = 4; lastKnownFileType = sourcecode.c.h; path = CJCitySearchResultViewController.h; sourceTree = "<group>"; };
		F0B127CD1BE20209001E08A1 /* CJCitySearchResultViewController.m */ = {isa = PBXFileReference; fileEncoding = 4; lastKnownFileType = sourcecode.c.objc; path = CJCitySearchResultViewController.m; sourceTree = "<group>"; };
		F0B127D41BE236BB001E08A1 /* UIBarButtonItem+Extension.h */ = {isa = PBXFileReference; fileEncoding = 4; lastKnownFileType = sourcecode.c.h; path = "UIBarButtonItem+Extension.h"; sourceTree = "<group>"; };
		F0B127D51BE236BB001E08A1 /* UIBarButtonItem+Extension.m */ = {isa = PBXFileReference; fileEncoding = 4; lastKnownFileType = sourcecode.c.objc; path = "UIBarButtonItem+Extension.m"; sourceTree = "<group>"; };
		F0B127D61BE236BB001E08A1 /* UIView+AutoLayout.h */ = {isa = PBXFileReference; fileEncoding = 4; lastKnownFileType = sourcecode.c.h; path = "UIView+AutoLayout.h"; sourceTree = "<group>"; };
		F0B127D71BE236BB001E08A1 /* UIView+AutoLayout.m */ = {isa = PBXFileReference; fileEncoding = 4; lastKnownFileType = sourcecode.c.objc; path = "UIView+AutoLayout.m"; sourceTree = "<group>"; };
		F0B127D81BE236BB001E08A1 /* UIView+Extension.h */ = {isa = PBXFileReference; fileEncoding = 4; lastKnownFileType = sourcecode.c.h; path = "UIView+Extension.h"; sourceTree = "<group>"; };
		F0B127D91BE236BB001E08A1 /* UIView+Extension.m */ = {isa = PBXFileReference; fileEncoding = 4; lastKnownFileType = sourcecode.c.objc; path = "UIView+Extension.m"; sourceTree = "<group>"; };
		F0B127DA1BE236BB001E08A1 /* CJConst.h */ = {isa = PBXFileReference; fileEncoding = 4; lastKnownFileType = sourcecode.c.h; path = CJConst.h; sourceTree = "<group>"; };
		F0B127DB1BE236BB001E08A1 /* CJConst.m */ = {isa = PBXFileReference; fileEncoding = 4; lastKnownFileType = sourcecode.c.objc; path = CJConst.m; sourceTree = "<group>"; };
		F0B127DD1BE236BB001E08A1 /* CJNavigtionController.h */ = {isa = PBXFileReference; fileEncoding = 4; lastKnownFileType = sourcecode.c.h; path = CJNavigtionController.h; sourceTree = "<group>"; };
		F0B127DE1BE236BB001E08A1 /* CJNavigtionController.m */ = {isa = PBXFileReference; fileEncoding = 4; lastKnownFileType = sourcecode.c.objc; path = CJNavigtionController.m; sourceTree = "<group>"; };
		F0B127E01BE236BB001E08A1 /* AppDelegate.h */ = {isa = PBXFileReference; fileEncoding = 4; lastKnownFileType = sourcecode.c.h; path = AppDelegate.h; sourceTree = "<group>"; };
		F0B127E11BE236BB001E08A1 /* AppDelegate.m */ = {isa = PBXFileReference; fileEncoding = 4; lastKnownFileType = sourcecode.c.objc; path = AppDelegate.m; sourceTree = "<group>"; };
		F0B127E41BE236BB001E08A1 /* Info.plist */ = {isa = PBXFileReference; fileEncoding = 4; lastKnownFileType = text.plist.xml; path = Info.plist; sourceTree = "<group>"; };
		F0B127E51BE236BB001E08A1 /* MASCompositeConstraint.h */ = {isa = PBXFileReference; fileEncoding = 4; lastKnownFileType = sourcecode.c.h; path = MASCompositeConstraint.h; sourceTree = "<group>"; };
		F0B127E61BE236BB001E08A1 /* MASCompositeConstraint.m */ = {isa = PBXFileReference; fileEncoding = 4; lastKnownFileType = sourcecode.c.objc; path = MASCompositeConstraint.m; sourceTree = "<group>"; };
		F0B127E71BE236BB001E08A1 /* MASConstraint+Private.h */ = {isa = PBXFileReference; fileEncoding = 4; lastKnownFileType = sourcecode.c.h; path = "MASConstraint+Private.h"; sourceTree = "<group>"; };
		F0B127E81BE236BB001E08A1 /* MASConstraint.h */ = {isa = PBXFileReference; fileEncoding = 4; lastKnownFileType = sourcecode.c.h; path = MASConstraint.h; sourceTree = "<group>"; };
		F0B127E91BE236BB001E08A1 /* MASConstraint.m */ = {isa = PBXFileReference; fileEncoding = 4; lastKnownFileType = sourcecode.c.objc; path = MASConstraint.m; sourceTree = "<group>"; };
		F0B127EA1BE236BB001E08A1 /* MASConstraintMaker.h */ = {isa = PBXFileReference; fileEncoding = 4; lastKnownFileType = sourcecode.c.h; path = MASConstraintMaker.h; sourceTree = "<group>"; };
		F0B127EB1BE236BB001E08A1 /* MASConstraintMaker.m */ = {isa = PBXFileReference; fileEncoding = 4; lastKnownFileType = sourcecode.c.objc; path = MASConstraintMaker.m; sourceTree = "<group>"; };
		F0B127EC1BE236BB001E08A1 /* MASLayoutConstraint.h */ = {isa = PBXFileReference; fileEncoding = 4; lastKnownFileType = sourcecode.c.h; path = MASLayoutConstraint.h; sourceTree = "<group>"; };
		F0B127ED1BE236BB001E08A1 /* MASLayoutConstraint.m */ = {isa = PBXFileReference; fileEncoding = 4; lastKnownFileType = sourcecode.c.objc; path = MASLayoutConstraint.m; sourceTree = "<group>"; };
		F0B127EE1BE236BB001E08A1 /* Masonry.h */ = {isa = PBXFileReference; fileEncoding = 4; lastKnownFileType = sourcecode.c.h; path = Masonry.h; sourceTree = "<group>"; };
		F0B127EF1BE236BB001E08A1 /* MASUtilities.h */ = {isa = PBXFileReference; fileEncoding = 4; lastKnownFileType = sourcecode.c.h; path = MASUtilities.h; sourceTree = "<group>"; };
		F0B127F01BE236BB001E08A1 /* MASViewAttribute.h */ = {isa = PBXFileReference; fileEncoding = 4; lastKnownFileType = sourcecode.c.h; path = MASViewAttribute.h; sourceTree = "<group>"; };
		F0B127F11BE236BB001E08A1 /* MASViewAttribute.m */ = {isa = PBXFileReference; fileEncoding = 4; lastKnownFileType = sourcecode.c.objc; path = MASViewAttribute.m; sourceTree = "<group>"; };
		F0B127F21BE236BB001E08A1 /* MASViewConstraint.h */ = {isa = PBXFileReference; fileEncoding = 4; lastKnownFileType = sourcecode.c.h; path = MASViewConstraint.h; sourceTree = "<group>"; };
		F0B127F31BE236BB001E08A1 /* MASViewConstraint.m */ = {isa = PBXFileReference; fileEncoding = 4; lastKnownFileType = sourcecode.c.objc; path = MASViewConstraint.m; sourceTree = "<group>"; };
		F0B127F41BE236BB001E08A1 /* NSArray+MASAdditions.h */ = {isa = PBXFileReference; fileEncoding = 4; lastKnownFileType = sourcecode.c.h; path = "NSArray+MASAdditions.h"; sourceTree = "<group>"; };
		F0B127F51BE236BB001E08A1 /* NSArray+MASAdditions.m */ = {isa = PBXFileReference; fileEncoding = 4; lastKnownFileType = sourcecode.c.objc; path = "NSArray+MASAdditions.m"; sourceTree = "<group>"; };
		F0B127F61BE236BB001E08A1 /* NSArray+MASShorthandAdditions.h */ = {isa = PBXFileReference; fileEncoding = 4; lastKnownFileType = sourcecode.c.h; path = "NSArray+MASShorthandAdditions.h"; sourceTree = "<group>"; };
		F0B127F71BE236BB001E08A1 /* NSLayoutConstraint+MASDebugAdditions.h */ = {isa = PBXFileReference; fileEncoding = 4; lastKnownFileType = sourcecode.c.h; path = "NSLayoutConstraint+MASDebugAdditions.h"; sourceTree = "<group>"; };
		F0B127F81BE236BB001E08A1 /* NSLayoutConstraint+MASDebugAdditions.m */ = {isa = PBXFileReference; fileEncoding = 4; lastKnownFileType = sourcecode.c.objc; path = "NSLayoutConstraint+MASDebugAdditions.m"; sourceTree = "<group>"; };
		F0B127F91BE236BB001E08A1 /* View+MASAdditions.h */ = {isa = PBXFileReference; fileEncoding = 4; lastKnownFileType = sourcecode.c.h; path = "View+MASAdditions.h"; sourceTree = "<group>"; };
		F0B127FA1BE236BB001E08A1 /* View+MASAdditions.m */ = {isa = PBXFileReference; fileEncoding = 4; lastKnownFileType = sourcecode.c.objc; path = "View+MASAdditions.m"; sourceTree = "<group>"; };
		F0B127FB1BE236BB001E08A1 /* View+MASShorthandAdditions.h */ = {isa = PBXFileReference; fileEncoding = 4; lastKnownFileType = sourcecode.c.h; path = "View+MASShorthandAdditions.h"; sourceTree = "<group>"; };
		F0B127FC1BE236BB001E08A1 /* ViewController+MASAdditions.h */ = {isa = PBXFileReference; fileEncoding = 4; lastKnownFileType = sourcecode.c.h; path = "ViewController+MASAdditions.h"; sourceTree = "<group>"; };
		F0B127FD1BE236BB001E08A1 /* ViewController+MASAdditions.m */ = {isa = PBXFileReference; fileEncoding = 4; lastKnownFileType = sourcecode.c.objc; path = "ViewController+MASAdditions.m"; sourceTree = "<group>"; };
		F0B127FF1BE236BB001E08A1 /* MJDictionaryCache.h */ = {isa = PBXFileReference; fileEncoding = 4; lastKnownFileType = sourcecode.c.h; path = MJDictionaryCache.h; sourceTree = "<group>"; };
		F0B128001BE236BB001E08A1 /* MJDictionaryCache.m */ = {isa = PBXFileReference; fileEncoding = 4; lastKnownFileType = sourcecode.c.objc; path = MJDictionaryCache.m; sourceTree = "<group>"; };
		F0B128011BE236BB001E08A1 /* MJExtension.h */ = {isa = PBXFileReference; fileEncoding = 4; lastKnownFileType = sourcecode.c.h; path = MJExtension.h; sourceTree = "<group>"; };
		F0B128021BE236BB001E08A1 /* MJExtensionConst.h */ = {isa = PBXFileReference; fileEncoding = 4; lastKnownFileType = sourcecode.c.h; path = MJExtensionConst.h; sourceTree = "<group>"; };
		F0B128031BE236BB001E08A1 /* MJExtensionConst.m */ = {isa = PBXFileReference; fileEncoding = 4; lastKnownFileType = sourcecode.c.objc; path = MJExtensionConst.m; sourceTree = "<group>"; };
		F0B128041BE236BB001E08A1 /* MJFoundation.h */ = {isa = PBXFileReference; fileEncoding = 4; lastKnownFileType = sourcecode.c.h; path = MJFoundation.h; sourceTree = "<group>"; };
		F0B128051BE236BB001E08A1 /* MJFoundation.m */ = {isa = PBXFileReference; fileEncoding = 4; lastKnownFileType = sourcecode.c.objc; path = MJFoundation.m; sourceTree = "<group>"; };
		F0B128061BE236BB001E08A1 /* MJProperty.h */ = {isa = PBXFileReference; fileEncoding = 4; lastKnownFileType = sourcecode.c.h; path = MJProperty.h; sourceTree = "<group>"; };
		F0B128071BE236BB001E08A1 /* MJProperty.m */ = {isa = PBXFileReference; fileEncoding = 4; lastKnownFileType = sourcecode.c.objc; path = MJProperty.m; sourceTree = "<group>"; };
		F0B128081BE236BB001E08A1 /* MJPropertyKey.h */ = {isa = PBXFileReference; fileEncoding = 4; lastKnownFileType = sourcecode.c.h; path = MJPropertyKey.h; sourceTree = "<group>"; };
		F0B128091BE236BB001E08A1 /* MJPropertyKey.m */ = {isa = PBXFileReference; fileEncoding = 4; lastKnownFileType = sourcecode.c.objc; path = MJPropertyKey.m; sourceTree = "<group>"; };
		F0B1280A1BE236BB001E08A1 /* MJPropertyType.h */ = {isa = PBXFileReference; fileEncoding = 4; lastKnownFileType = sourcecode.c.h; path = MJPropertyType.h; sourceTree = "<group>"; };
		F0B1280B1BE236BB001E08A1 /* MJPropertyType.m */ = {isa = PBXFileReference; fileEncoding = 4; lastKnownFileType = sourcecode.c.objc; path = MJPropertyType.m; sourceTree = "<group>"; };
		F0B1280C1BE236BB001E08A1 /* NSObject+MJClass.h */ = {isa = PBXFileReference; fileEncoding = 4; lastKnownFileType = sourcecode.c.h; path = "NSObject+MJClass.h"; sourceTree = "<group>"; };
		F0B1280D1BE236BB001E08A1 /* NSObject+MJClass.m */ = {isa = PBXFileReference; fileEncoding = 4; lastKnownFileType = sourcecode.c.objc; path = "NSObject+MJClass.m"; sourceTree = "<group>"; };
		F0B1280E1BE236BB001E08A1 /* NSObject+MJCoding.h */ = {isa = PBXFileReference; fileEncoding = 4; lastKnownFileType = sourcecode.c.h; path = "NSObject+MJCoding.h"; sourceTree = "<group>"; };
		F0B1280F1BE236BB001E08A1 /* NSObject+MJCoding.m */ = {isa = PBXFileReference; fileEncoding = 4; lastKnownFileType = sourcecode.c.objc; path = "NSObject+MJCoding.m"; sourceTree = "<group>"; };
		F0B128101BE236BB001E08A1 /* NSObject+MJKeyValue.h */ = {isa = PBXFileReference; fileEncoding = 4; lastKnownFileType = sourcecode.c.h; path = "NSObject+MJKeyValue.h"; sourceTree = "<group>"; };
		F0B128111BE236BB001E08A1 /* NSObject+MJKeyValue.m */ = {isa = PBXFileReference; fileEncoding = 4; lastKnownFileType = sourcecode.c.objc; path = "NSObject+MJKeyValue.m"; sourceTree = "<group>"; };
		F0B128121BE236BB001E08A1 /* NSObject+MJProperty.h */ = {isa = PBXFileReference; fileEncoding = 4; lastKnownFileType = sourcecode.c.h; path = "NSObject+MJProperty.h"; sourceTree = "<group>"; };
		F0B128131BE236BB001E08A1 /* NSObject+MJProperty.m */ = {isa = PBXFileReference; fileEncoding = 4; lastKnownFileType = sourcecode.c.objc; path = "NSObject+MJProperty.m"; sourceTree = "<group>"; };
		F0B128141BE236BB001E08A1 /* NSString+MJExtension.h */ = {isa = PBXFileReference; fileEncoding = 4; lastKnownFileType = sourcecode.c.h; path = "NSString+MJExtension.h"; sourceTree = "<group>"; };
		F0B128151BE236BB001E08A1 /* NSString+MJExtension.m */ = {isa = PBXFileReference; fileEncoding = 4; lastKnownFileType = sourcecode.c.objc; path = "NSString+MJExtension.m"; sourceTree = "<group>"; };
		F0B128161BE236BB001E08A1 /* main.m */ = {isa = PBXFileReference; fileEncoding = 4; lastKnownFileType = sourcecode.c.objc; path = main.m; sourceTree = "<group>"; };
		F0B128341BE2371B001E08A1 /* CJMetaTool.h */ = {isa = PBXFileReference; fileEncoding = 4; lastKnownFileType = sourcecode.c.h; path = CJMetaTool.h; sourceTree = "<group>"; };
		F0B128351BE2371B001E08A1 /* CJMetaTool.m */ = {isa = PBXFileReference; fileEncoding = 4; lastKnownFileType = sourcecode.c.objc; path = CJMetaTool.m; sourceTree = "<group>"; };
/* End PBXFileReference section */

/* Begin PBXFrameworksBuildPhase section */
		F04455831BDFBA7900BFDA6E /* Frameworks */ = {
			isa = PBXFrameworksBuildPhase;
			buildActionMask = 2147483647;
			files = (
			);
			runOnlyForDeploymentPostprocessing = 0;
		};
		F044559C1BDFBA7A00BFDA6E /* Frameworks */ = {
			isa = PBXFrameworksBuildPhase;
			buildActionMask = 2147483647;
			files = (
			);
			runOnlyForDeploymentPostprocessing = 0;
		};
/* End PBXFrameworksBuildPhase section */

/* Begin PBXGroup section */
		F00433961BE08FAF00E55711 /* Classes */ = {
			isa = PBXGroup;
			children = (
				F0B128341BE2371B001E08A1 /* CJMetaTool.h */,
				F0B128351BE2371B001E08A1 /* CJMetaTool.m */,
				F052407C1BE0A9650002CC18 /* Controller */,
				F05240821BE0A9650002CC18 /* Model */,
				F05240F11BE0C0040002CC18 /* View */,
				F0B127D21BE236BB001E08A1 /* Main */,
			);
			path = Classes;
			sourceTree = "<group>";
		};
		F044557D1BDFBA7900BFDA6E = {
			isa = PBXGroup;
			children = (
				F04455881BDFBA7900BFDA6E /* 美团HD */,
				F04455A21BDFBA7A00BFDA6E /* 美团HDTests */,
				F04455871BDFBA7900BFDA6E /* Products */,
			);
			sourceTree = "<group>";
		};
		F04455871BDFBA7900BFDA6E /* Products */ = {
			isa = PBXGroup;
			children = (
				F04455861BDFBA7900BFDA6E /* 美团HD.app */,
				F044559F1BDFBA7A00BFDA6E /* 美团HDTests.xctest */,
			);
			name = Products;
			sourceTree = "<group>";
		};
		F04455881BDFBA7900BFDA6E /* 美团HD */ = {
			isa = PBXGroup;
			children = (
				F00433961BE08FAF00E55711 /* Classes */,
				F04455891BDFBA7900BFDA6E /* Supporting Files */,
			);
			path = "美团HD";
			sourceTree = "<group>";
		};
		F04455891BDFBA7900BFDA6E /* Supporting Files */ = {
			isa = PBXGroup;
			children = (
				F05240BC1BE0B0A80002CC18 /* Plist */,
				F04455961BDFBA7A00BFDA6E /* Images.xcassets */,
				F044558A1BDFBA7900BFDA6E /* Info.plist */,
			);
			name = "Supporting Files";
			sourceTree = "<group>";
		};
		F04455A21BDFBA7A00BFDA6E /* 美团HDTests */ = {
			isa = PBXGroup;
			children = (
				F04455A51BDFBA7A00BFDA6E /* __HDTests.m */,
				F04455A31BDFBA7A00BFDA6E /* Supporting Files */,
			);
			path = "美团HDTests";
			sourceTree = "<group>";
		};
		F04455A31BDFBA7A00BFDA6E /* Supporting Files */ = {
			isa = PBXGroup;
			children = (
				F04455A41BDFBA7A00BFDA6E /* Info.plist */,
			);
			name = "Supporting Files";
			sourceTree = "<group>";
		};
		F052407C1BE0A9650002CC18 /* Controller */ = {
			isa = PBXGroup;
			children = (
				F05240801BE0A9650002CC18 /* CJHomeViewController.h */,
				F05240811BE0A9650002CC18 /* CJHomeViewController.m */,
				F05240951BE0ABE40002CC18 /* CJCategoryViewController.h */,
				F05240961BE0ABE40002CC18 /* CJCategoryViewController.m */,
				F08955121BE1B793008BCD91 /* CJRegionController.h */,
				F08955131BE1B793008BCD91 /* CJRegionController.m */,
				F08955141BE1B793008BCD91 /* CJRegionController.xib */,
				F089551A1BE1BEBA008BCD91 /* CJCityViewController.h */,
				F089551B1BE1BEBA008BCD91 /* CJCityViewController.m */,
				F089551C1BE1BEBA008BCD91 /* CJCityViewController.xib */,
				F0B127CC1BE20209001E08A1 /* CJCitySearchResultViewController.h */,
				F0B127CD1BE20209001E08A1 /* CJCitySearchResultViewController.m */,
			);
			path = Controller;
			sourceTree = "<group>";
		};
		F05240821BE0A9650002CC18 /* Model */ = {
			isa = PBXGroup;
			children = (
				F05240921BE0AB9C0002CC18 /* CJCategory.h */,
				F05240931BE0AB9C0002CC18 /* CJCategory.m */,
				F08955171BE1BB47008BCD91 /* CJCity.h */,
				F08955181BE1BB47008BCD91 /* CJCity.m */,
				F089551F1BE1C0DD008BCD91 /* CJRegion.h */,
				F08955201BE1C0DD008BCD91 /* CJRegion.m */,
				F08955221BE1C139008BCD91 /* CJCityGroup.h */,
				F08955231BE1C139008BCD91 /* CJCityGroup.m */,
			);
			path = Model;
			sourceTree = "<group>";
		};
		F05240BC1BE0B0A80002CC18 /* Plist */ = {
			isa = PBXGroup;
			children = (
				F05240BD1BE0B0A80002CC18 /* categories.plist */,
				F05240BE1BE0B0A80002CC18 /* cities.plist */,
				F05240BF1BE0B0A80002CC18 /* cityGroups.plist */,
				F05240C01BE0B0A80002CC18 /* sorts.plist */,
			);
			path = Plist;
			sourceTree = "<group>";
		};
		F05240F11BE0C0040002CC18 /* View */ = {
			isa = PBXGroup;
			children = (
				F05240F21BE0C0040002CC18 /* CJHomeDropDown.h */,
				F05240F31BE0C0040002CC18 /* CJHomeDropDown.m */,
				F05240F41BE0C0040002CC18 /* CJHomeDropDown.xib */,
				F05240F51BE0C0040002CC18 /* CJHomeDropDownMainCell.h */,
				F05240F61BE0C0040002CC18 /* CJHomeDropDownMainCell.m */,
				F05240F71BE0C0040002CC18 /* CJHomeDropDownSubCell.h */,
				F05240F81BE0C0040002CC18 /* CJHomeDropDownSubCell.m */,
				F05240F91BE0C0040002CC18 /* CJHomeNavItem.h */,
				F05240FA1BE0C0040002CC18 /* CJHomeNavItem.m */,
				F05240FB1BE0C0040002CC18 /* CJHomeNavItem.xib */,
			);
			path = View;
			sourceTree = "<group>";
		};
		F0B127D21BE236BB001E08A1 /* Main */ = {
			isa = PBXGroup;
			children = (
				F0B127D31BE236BB001E08A1 /* Category */,
				F0B127DA1BE236BB001E08A1 /* CJConst.h */,
				F0B127DB1BE236BB001E08A1 /* CJConst.m */,
				F0B127DC1BE236BB001E08A1 /* Controller */,
				F0B127DF1BE236BB001E08A1 /* Other */,
			);
			path = Main;
			sourceTree = "<group>";
		};
		F0B127D31BE236BB001E08A1 /* Category */ = {
			isa = PBXGroup;
			children = (
				F0B127D41BE236BB001E08A1 /* UIBarButtonItem+Extension.h */,
				F0B127D51BE236BB001E08A1 /* UIBarButtonItem+Extension.m */,
				F0B127D61BE236BB001E08A1 /* UIView+AutoLayout.h */,
				F0B127D71BE236BB001E08A1 /* UIView+AutoLayout.m */,
				F0B127D81BE236BB001E08A1 /* UIView+Extension.h */,
				F0B127D91BE236BB001E08A1 /* UIView+Extension.m */,
			);
			path = Category;
			sourceTree = "<group>";
		};
		F0B127DC1BE236BB001E08A1 /* Controller */ = {
			isa = PBXGroup;
			children = (
				F0B127DD1BE236BB001E08A1 /* CJNavigtionController.h */,
				F0B127DE1BE236BB001E08A1 /* CJNavigtionController.m */,
			);
			path = Controller;
			sourceTree = "<group>";
		};
		F0B127DF1BE236BB001E08A1 /* Other */ = {
			isa = PBXGroup;
			children = (
				F0B127E01BE236BB001E08A1 /* AppDelegate.h */,
				F0B127E11BE236BB001E08A1 /* AppDelegate.m */,
				F0B127E21BE236BB001E08A1 /* Lib */,
				F0B128161BE236BB001E08A1 /* main.m */,
			);
			path = Other;
			sourceTree = "<group>";
		};
		F0B127E21BE236BB001E08A1 /* Lib */ = {
			isa = PBXGroup;
			children = (
				F0B127E31BE236BB001E08A1 /* Masonry */,
				F0B127FE1BE236BB001E08A1 /* MJExtension */,
			);
			path = Lib;
			sourceTree = "<group>";
		};
		F0B127E31BE236BB001E08A1 /* Masonry */ = {
			isa = PBXGroup;
			children = (
				F0B127E41BE236BB001E08A1 /* Info.plist */,
				F0B127E51BE236BB001E08A1 /* MASCompositeConstraint.h */,
				F0B127E61BE236BB001E08A1 /* MASCompositeConstraint.m */,
				F0B127E71BE236BB001E08A1 /* MASConstraint+Private.h */,
				F0B127E81BE236BB001E08A1 /* MASConstraint.h */,
				F0B127E91BE236BB001E08A1 /* MASConstraint.m */,
				F0B127EA1BE236BB001E08A1 /* MASConstraintMaker.h */,
				F0B127EB1BE236BB001E08A1 /* MASConstraintMaker.m */,
				F0B127EC1BE236BB001E08A1 /* MASLayoutConstraint.h */,
				F0B127ED1BE236BB001E08A1 /* MASLayoutConstraint.m */,
				F0B127EE1BE236BB001E08A1 /* Masonry.h */,
				F0B127EF1BE236BB001E08A1 /* MASUtilities.h */,
				F0B127F01BE236BB001E08A1 /* MASViewAttribute.h */,
				F0B127F11BE236BB001E08A1 /* MASViewAttribute.m */,
				F0B127F21BE236BB001E08A1 /* MASViewConstraint.h */,
				F0B127F31BE236BB001E08A1 /* MASViewConstraint.m */,
				F0B127F41BE236BB001E08A1 /* NSArray+MASAdditions.h */,
				F0B127F51BE236BB001E08A1 /* NSArray+MASAdditions.m */,
				F0B127F61BE236BB001E08A1 /* NSArray+MASShorthandAdditions.h */,
				F0B127F71BE236BB001E08A1 /* NSLayoutConstraint+MASDebugAdditions.h */,
				F0B127F81BE236BB001E08A1 /* NSLayoutConstraint+MASDebugAdditions.m */,
				F0B127F91BE236BB001E08A1 /* View+MASAdditions.h */,
				F0B127FA1BE236BB001E08A1 /* View+MASAdditions.m */,
				F0B127FB1BE236BB001E08A1 /* View+MASShorthandAdditions.h */,
				F0B127FC1BE236BB001E08A1 /* ViewController+MASAdditions.h */,
				F0B127FD1BE236BB001E08A1 /* ViewController+MASAdditions.m */,
			);
			path = Masonry;
			sourceTree = "<group>";
		};
		F0B127FE1BE236BB001E08A1 /* MJExtension */ = {
			isa = PBXGroup;
			children = (
				F0B127FF1BE236BB001E08A1 /* MJDictionaryCache.h */,
				F0B128001BE236BB001E08A1 /* MJDictionaryCache.m */,
				F0B128011BE236BB001E08A1 /* MJExtension.h */,
				F0B128021BE236BB001E08A1 /* MJExtensionConst.h */,
				F0B128031BE236BB001E08A1 /* MJExtensionConst.m */,
				F0B128041BE236BB001E08A1 /* MJFoundation.h */,
				F0B128051BE236BB001E08A1 /* MJFoundation.m */,
				F0B128061BE236BB001E08A1 /* MJProperty.h */,
				F0B128071BE236BB001E08A1 /* MJProperty.m */,
				F0B128081BE236BB001E08A1 /* MJPropertyKey.h */,
				F0B128091BE236BB001E08A1 /* MJPropertyKey.m */,
				F0B1280A1BE236BB001E08A1 /* MJPropertyType.h */,
				F0B1280B1BE236BB001E08A1 /* MJPropertyType.m */,
				F0B1280C1BE236BB001E08A1 /* NSObject+MJClass.h */,
				F0B1280D1BE236BB001E08A1 /* NSObject+MJClass.m */,
				F0B1280E1BE236BB001E08A1 /* NSObject+MJCoding.h */,
				F0B1280F1BE236BB001E08A1 /* NSObject+MJCoding.m */,
				F0B128101BE236BB001E08A1 /* NSObject+MJKeyValue.h */,
				F0B128111BE236BB001E08A1 /* NSObject+MJKeyValue.m */,
				F0B128121BE236BB001E08A1 /* NSObject+MJProperty.h */,
				F0B128131BE236BB001E08A1 /* NSObject+MJProperty.m */,
				F0B128141BE236BB001E08A1 /* NSString+MJExtension.h */,
				F0B128151BE236BB001E08A1 /* NSString+MJExtension.m */,
			);
			path = MJExtension;
			sourceTree = "<group>";
		};
/* End PBXGroup section */

/* Begin PBXNativeTarget section */
		F04455851BDFBA7900BFDA6E /* 美团HD */ = {
			isa = PBXNativeTarget;
			buildConfigurationList = F04455A91BDFBA7A00BFDA6E /* Build configuration list for PBXNativeTarget "美团HD" */;
			buildPhases = (
				F04455821BDFBA7900BFDA6E /* Sources */,
				F04455831BDFBA7900BFDA6E /* Frameworks */,
				F04455841BDFBA7900BFDA6E /* Resources */,
			);
			buildRules = (
			);
			dependencies = (
			);
			name = "美团HD";
			productName = "美团HD";
			productReference = F04455861BDFBA7900BFDA6E /* 美团HD.app */;
			productType = "com.apple.product-type.application";
		};
		F044559E1BDFBA7A00BFDA6E /* 美团HDTests */ = {
			isa = PBXNativeTarget;
			buildConfigurationList = F04455AC1BDFBA7A00BFDA6E /* Build configuration list for PBXNativeTarget "美团HDTests" */;
			buildPhases = (
				F044559B1BDFBA7A00BFDA6E /* Sources */,
				F044559C1BDFBA7A00BFDA6E /* Frameworks */,
				F044559D1BDFBA7A00BFDA6E /* Resources */,
			);
			buildRules = (
			);
			dependencies = (
				F04455A11BDFBA7A00BFDA6E /* PBXTargetDependency */,
			);
			name = "美团HDTests";
			productName = "美团HDTests";
			productReference = F044559F1BDFBA7A00BFDA6E /* 美团HDTests.xctest */;
			productType = "com.apple.product-type.bundle.unit-test";
		};
/* End PBXNativeTarget section */

/* Begin PBXProject section */
		F044557E1BDFBA7900BFDA6E /* Project object */ = {
			isa = PBXProject;
			attributes = {
				CLASSPREFIX = CJ;
				LastUpgradeCheck = 0640;
				ORGANIZATIONNAME = mac527;
				TargetAttributes = {
					F04455851BDFBA7900BFDA6E = {
						CreatedOnToolsVersion = 6.4;
					};
					F044559E1BDFBA7A00BFDA6E = {
						CreatedOnToolsVersion = 6.4;
						TestTargetID = F04455851BDFBA7900BFDA6E;
					};
				};
			};
			buildConfigurationList = F04455811BDFBA7900BFDA6E /* Build configuration list for PBXProject "美团HD" */;
			compatibilityVersion = "Xcode 3.2";
			developmentRegion = English;
			hasScannedForEncodings = 0;
			knownRegions = (
				en,
				Base,
			);
			mainGroup = F044557D1BDFBA7900BFDA6E;
			productRefGroup = F04455871BDFBA7900BFDA6E /* Products */;
			projectDirPath = "";
			projectRoot = "";
			targets = (
				F04455851BDFBA7900BFDA6E /* 美团HD */,
				F044559E1BDFBA7A00BFDA6E /* 美团HDTests */,
			);
		};
/* End PBXProject section */

/* Begin PBXResourcesBuildPhase section */
		F04455841BDFBA7900BFDA6E /* Resources */ = {
			isa = PBXResourcesBuildPhase;
			buildActionMask = 2147483647;
			files = (
				F05240C11BE0B0A80002CC18 /* categories.plist in Resources */,
				F05240C41BE0B0A80002CC18 /* sorts.plist in Resources */,
				F05240FD1BE0C0040002CC18 /* CJHomeDropDown.xib in Resources */,
				F05241011BE0C0040002CC18 /* CJHomeNavItem.xib in Resources */,
				F05240C21BE0B0A80002CC18 /* cities.plist in Resources */,
				F089551E1BE1BEBA008BCD91 /* CJCityViewController.xib in Resources */,
				F08955161BE1B793008BCD91 /* CJRegionController.xib in Resources */,
				F04455971BDFBA7A00BFDA6E /* Images.xcassets in Resources */,
				F0B1281D1BE236BB001E08A1 /* Info.plist in Resources */,
				F05240C31BE0B0A80002CC18 /* cityGroups.plist in Resources */,
			);
			runOnlyForDeploymentPostprocessing = 0;
		};
		F044559D1BDFBA7A00BFDA6E /* Resources */ = {
			isa = PBXResourcesBuildPhase;
			buildActionMask = 2147483647;
			files = (
			);
			runOnlyForDeploymentPostprocessing = 0;
		};
/* End PBXResourcesBuildPhase section */

/* Begin PBXSourcesBuildPhase section */
		F04455821BDFBA7900BFDA6E /* Sources */ = {
			isa = PBXSourcesBuildPhase;
			buildActionMask = 2147483647;
			files = (
				F0B1281C1BE236BB001E08A1 /* AppDelegate.m in Sources */,
				F08955241BE1C139008BCD91 /* CJCityGroup.m in Sources */,
				F0B128241BE236BB001E08A1 /* NSArray+MASAdditions.m in Sources */,
				F05240941BE0AB9C0002CC18 /* CJCategory.m in Sources */,
				F0B128311BE236BB001E08A1 /* NSObject+MJProperty.m in Sources */,
				F0B1281A1BE236BB001E08A1 /* CJConst.m in Sources */,
				F0B1282D1BE236BB001E08A1 /* MJPropertyType.m in Sources */,
				F0B1281E1BE236BB001E08A1 /* MASCompositeConstraint.m in Sources */,
				F0B128321BE236BB001E08A1 /* NSString+MJExtension.m in Sources */,
				F0B128221BE236BB001E08A1 /* MASViewAttribute.m in Sources */,
				F0B1281F1BE236BB001E08A1 /* MASConstraint.m in Sources */,
				F0B1282E1BE236BB001E08A1 /* NSObject+MJClass.m in Sources */,
				F089551D1BE1BEBA008BCD91 /* CJCityViewController.m in Sources */,
				F0B127CE1BE20209001E08A1 /* CJCitySearchResultViewController.m in Sources */,
				F0B1282B1BE236BB001E08A1 /* MJProperty.m in Sources */,
				F0B128331BE236BB001E08A1 /* main.m in Sources */,
				F08955151BE1B793008BCD91 /* CJRegionController.m in Sources */,
				F0B128251BE236BB001E08A1 /* NSLayoutConstraint+MASDebugAdditions.m in Sources */,
				F0B128201BE236BB001E08A1 /* MASConstraintMaker.m in Sources */,
				F05241001BE0C0040002CC18 /* CJHomeNavItem.m in Sources */,
				F08955211BE1C0DD008BCD91 /* CJRegion.m in Sources */,
				F0B128211BE236BB001E08A1 /* MASLayoutConstraint.m in Sources */,
				F0B1281B1BE236BB001E08A1 /* CJNavigtionController.m in Sources */,
				F0B128361BE2371B001E08A1 /* CJMetaTool.m in Sources */,
				F0B128301BE236BB001E08A1 /* NSObject+MJKeyValue.m in Sources */,
				F0B128231BE236BB001E08A1 /* MASViewConstraint.m in Sources */,
				F0B1282F1BE236BB001E08A1 /* NSObject+MJCoding.m in Sources */,
				F05240971BE0ABE40002CC18 /* CJCategoryViewController.m in Sources */,
				F0B128171BE236BB001E08A1 /* UIBarButtonItem+Extension.m in Sources */,
				F0B128261BE236BB001E08A1 /* View+MASAdditions.m in Sources */,
				F05240861BE0A9650002CC18 /* CJHomeViewController.m in Sources */,
				F0B1282C1BE236BB001E08A1 /* MJPropertyKey.m in Sources */,
				F0B128181BE236BB001E08A1 /* UIView+AutoLayout.m in Sources */,
				F0B1282A1BE236BB001E08A1 /* MJFoundation.m in Sources */,
				F0B128281BE236BB001E08A1 /* MJDictionaryCache.m in Sources */,
				F05240FC1BE0C0040002CC18 /* CJHomeDropDown.m in Sources */,
				F05240FF1BE0C0040002CC18 /* CJHomeDropDownSubCell.m in Sources */,
				F0B128271BE236BB001E08A1 /* ViewController+MASAdditions.m in Sources */,
				F05240FE1BE0C0040002CC18 /* CJHomeDropDownMainCell.m in Sources */,
				F0B128191BE236BB001E08A1 /* UIView+Extension.m in Sources */,
				F0B128291BE236BB001E08A1 /* MJExtensionConst.m in Sources */,
				F08955191BE1BB47008BCD91 /* CJCity.m in Sources */,
			);
			runOnlyForDeploymentPostprocessing = 0;
		};
		F044559B1BDFBA7A00BFDA6E /* Sources */ = {
			isa = PBXSourcesBuildPhase;
			buildActionMask = 2147483647;
			files = (
				F04455A61BDFBA7A00BFDA6E /* __HDTests.m in Sources */,
			);
			runOnlyForDeploymentPostprocessing = 0;
		};
/* End PBXSourcesBuildPhase section */

/* Begin PBXTargetDependency section */
		F04455A11BDFBA7A00BFDA6E /* PBXTargetDependency */ = {
			isa = PBXTargetDependency;
			target = F04455851BDFBA7900BFDA6E /* 美团HD */;
			targetProxy = F04455A01BDFBA7A00BFDA6E /* PBXContainerItemProxy */;
		};
/* End PBXTargetDependency section */

/* Begin XCBuildConfiguration section */
		F04455A71BDFBA7A00BFDA6E /* Debug */ = {
			isa = XCBuildConfiguration;
			buildSettings = {
				ALWAYS_SEARCH_USER_PATHS = NO;
				CLANG_CXX_LANGUAGE_STANDARD = "gnu++0x";
				CLANG_CXX_LIBRARY = "libc++";
				CLANG_ENABLE_MODULES = YES;
				CLANG_ENABLE_OBJC_ARC = YES;
				CLANG_WARN_BOOL_CONVERSION = YES;
				CLANG_WARN_CONSTANT_CONVERSION = YES;
				CLANG_WARN_DIRECT_OBJC_ISA_USAGE = YES_ERROR;
				CLANG_WARN_EMPTY_BODY = YES;
				CLANG_WARN_ENUM_CONVERSION = YES;
				CLANG_WARN_INT_CONVERSION = YES;
				CLANG_WARN_OBJC_ROOT_CLASS = YES_ERROR;
				CLANG_WARN_UNREACHABLE_CODE = YES;
				CLANG_WARN__DUPLICATE_METHOD_MATCH = YES;
				"CODE_SIGN_IDENTITY[sdk=iphoneos*]" = "iPhone Developer";
				COPY_PHASE_STRIP = NO;
				DEBUG_INFORMATION_FORMAT = "dwarf-with-dsym";
				ENABLE_STRICT_OBJC_MSGSEND = YES;
				GCC_C_LANGUAGE_STANDARD = gnu99;
				GCC_DYNAMIC_NO_PIC = NO;
				GCC_NO_COMMON_BLOCKS = YES;
				GCC_OPTIMIZATION_LEVEL = 0;
				GCC_PREPROCESSOR_DEFINITIONS = (
					"DEBUG=1",
					"$(inherited)",
				);
				GCC_SYMBOLS_PRIVATE_EXTERN = NO;
				GCC_WARN_64_TO_32_BIT_CONVERSION = YES;
				GCC_WARN_ABOUT_RETURN_TYPE = YES_ERROR;
				GCC_WARN_UNDECLARED_SELECTOR = YES;
				GCC_WARN_UNINITIALIZED_AUTOS = YES_AGGRESSIVE;
				GCC_WARN_UNUSED_FUNCTION = YES;
				GCC_WARN_UNUSED_VARIABLE = YES;
				IPHONEOS_DEPLOYMENT_TARGET = 8.4;
				MTL_ENABLE_DEBUG_INFO = YES;
				ONLY_ACTIVE_ARCH = YES;
				SDKROOT = iphoneos;
			};
			name = Debug;
		};
		F04455A81BDFBA7A00BFDA6E /* Release */ = {
			isa = XCBuildConfiguration;
			buildSettings = {
				ALWAYS_SEARCH_USER_PATHS = NO;
				CLANG_CXX_LANGUAGE_STANDARD = "gnu++0x";
				CLANG_CXX_LIBRARY = "libc++";
				CLANG_ENABLE_MODULES = YES;
				CLANG_ENABLE_OBJC_ARC = YES;
				CLANG_WARN_BOOL_CONVERSION = YES;
				CLANG_WARN_CONSTANT_CONVERSION = YES;
				CLANG_WARN_DIRECT_OBJC_ISA_USAGE = YES_ERROR;
				CLANG_WARN_EMPTY_BODY = YES;
				CLANG_WARN_ENUM_CONVERSION = YES;
				CLANG_WARN_INT_CONVERSION = YES;
				CLANG_WARN_OBJC_ROOT_CLASS = YES_ERROR;
				CLANG_WARN_UNREACHABLE_CODE = YES;
				CLANG_WARN__DUPLICATE_METHOD_MATCH = YES;
				"CODE_SIGN_IDENTITY[sdk=iphoneos*]" = "iPhone Developer";
				COPY_PHASE_STRIP = NO;
				DEBUG_INFORMATION_FORMAT = "dwarf-with-dsym";
				ENABLE_NS_ASSERTIONS = NO;
				ENABLE_STRICT_OBJC_MSGSEND = YES;
				GCC_C_LANGUAGE_STANDARD = gnu99;
				GCC_NO_COMMON_BLOCKS = YES;
				GCC_WARN_64_TO_32_BIT_CONVERSION = YES;
				GCC_WARN_ABOUT_RETURN_TYPE = YES_ERROR;
				GCC_WARN_UNDECLARED_SELECTOR = YES;
				GCC_WARN_UNINITIALIZED_AUTOS = YES_AGGRESSIVE;
				GCC_WARN_UNUSED_FUNCTION = YES;
				GCC_WARN_UNUSED_VARIABLE = YES;
				IPHONEOS_DEPLOYMENT_TARGET = 8.4;
				MTL_ENABLE_DEBUG_INFO = NO;
				SDKROOT = iphoneos;
				VALIDATE_PRODUCT = YES;
			};
			name = Release;
		};
		F04455AA1BDFBA7A00BFDA6E /* Debug */ = {
			isa = XCBuildConfiguration;
			buildSettings = {
				ASSETCATALOG_COMPILER_APPICON_NAME = AppIcon;
				ASSETCATALOG_COMPILER_LAUNCHIMAGE_NAME = LaunchImage;
				GCC_VERSION = "";
				INFOPLIST_FILE = "美团HD/Info.plist";
				IPHONEOS_DEPLOYMENT_TARGET = 8.4;
				LD_RUNPATH_SEARCH_PATHS = "$(inherited) @executable_path/Frameworks";
				PRODUCT_NAME = "$(TARGET_NAME)";
				TARGETED_DEVICE_FAMILY = 2;
			};
			name = Debug;
		};
		F04455AB1BDFBA7A00BFDA6E /* Release */ = {
			isa = XCBuildConfiguration;
			buildSettings = {
				ASSETCATALOG_COMPILER_APPICON_NAME = AppIcon;
				ASSETCATALOG_COMPILER_LAUNCHIMAGE_NAME = LaunchImage;
				GCC_VERSION = "";
				INFOPLIST_FILE = "美团HD/Info.plist";
				IPHONEOS_DEPLOYMENT_TARGET = 8.4;
				LD_RUNPATH_SEARCH_PATHS = "$(inherited) @executable_path/Frameworks";
				PRODUCT_NAME = "$(TARGET_NAME)";
				TARGETED_DEVICE_FAMILY = 2;
			};
			name = Release;
		};
		F04455AD1BDFBA7A00BFDA6E /* Debug */ = {
			isa = XCBuildConfiguration;
			buildSettings = {
				BUNDLE_LOADER = "$(TEST_HOST)";
				FRAMEWORK_SEARCH_PATHS = (
					"$(SDKROOT)/Developer/Library/Frameworks",
					"$(inherited)",
				);
				GCC_PREPROCESSOR_DEFINITIONS = (
					"DEBUG=1",
					"$(inherited)",
				);
				INFOPLIST_FILE = "美团HDTests/Info.plist";
				LD_RUNPATH_SEARCH_PATHS = "$(inherited) @executable_path/Frameworks @loader_path/Frameworks";
				PRODUCT_NAME = "$(TARGET_NAME)";
				TEST_HOST = "$(BUILT_PRODUCTS_DIR)/美团HD.app/美团HD";
			};
			name = Debug;
		};
		F04455AE1BDFBA7A00BFDA6E /* Release */ = {
			isa = XCBuildConfiguration;
			buildSettings = {
				BUNDLE_LOADER = "$(TEST_HOST)";
				FRAMEWORK_SEARCH_PATHS = (
					"$(SDKROOT)/Developer/Library/Frameworks",
					"$(inherited)",
				);
				INFOPLIST_FILE = "美团HDTests/Info.plist";
				LD_RUNPATH_SEARCH_PATHS = "$(inherited) @executable_path/Frameworks @loader_path/Frameworks";
				PRODUCT_NAME = "$(TARGET_NAME)";
				TEST_HOST = "$(BUILT_PRODUCTS_DIR)/美团HD.app/美团HD";
			};
			name = Release;
		};
/* End XCBuildConfiguration section */

/* Begin XCConfigurationList section */
		F04455811BDFBA7900BFDA6E /* Build configuration list for PBXProject "美团HD" */ = {
			isa = XCConfigurationList;
			buildConfigurations = (
				F04455A71BDFBA7A00BFDA6E /* Debug */,
				F04455A81BDFBA7A00BFDA6E /* Release */,
			);
			defaultConfigurationIsVisible = 0;
			defaultConfigurationName = Release;
		};
		F04455A91BDFBA7A00BFDA6E /* Build configuration list for PBXNativeTarget "美团HD" */ = {
			isa = XCConfigurationList;
			buildConfigurations = (
				F04455AA1BDFBA7A00BFDA6E /* Debug */,
				F04455AB1BDFBA7A00BFDA6E /* Release */,
			);
			defaultConfigurationIsVisible = 0;
			defaultConfigurationName = Release;
		};
		F04455AC1BDFBA7A00BFDA6E /* Build configuration list for PBXNativeTarget "美团HDTests" */ = {
			isa = XCConfigurationList;
			buildConfigurations = (
				F04455AD1BDFBA7A00BFDA6E /* Debug */,
				F04455AE1BDFBA7A00BFDA6E /* Release */,
			);
			defaultConfigurationIsVisible = 0;
			defaultConfigurationName = Release;
		};
/* End XCConfigurationList section */
	};
	rootObject = F044557E1BDFBA7900BFDA6E /* Project object */;
}
